// !$*UTF8*$!
{
	archiveVersion = 1;
	classes = {
	};
	objectVersion = 77;
	objects = {

/* Begin PBXBuildFile section */
		A5LOG0012F0100000000001 /* PingLogger.framework in Frameworks */ = {isa = PBXBuildFile; fileRef = A5LOG0002F0100000000001 /* PingLogger.framework */; };
		A5LOG0022F0100000000001 /* PingLogger.framework in Embed Frameworks */ = {isa = PBXBuildFile; fileRef = A5LOG0002F0100000000001 /* PingLogger.framework */; settings = {ATTRIBUTES = (CodeSignOnCopy, RemoveHeadersOnCopy, ); }; };
		EC23D5872E2FD12100C43D42 /* PingDeviceId.framework in Frameworks */ = {isa = PBXBuildFile; fileRef = EC23D57D2E2FD12100C43D42 /* PingDeviceId.framework */; };
		EC92D44E2F1663900083CCF3 /* LegacyDeviceIdentifier.swift in Sources */ = {isa = PBXBuildFile; fileRef = EC92D44C2F1663900083CCF3 /* LegacyDeviceIdentifier.swift */; };
		EC92D4512F1668300083CCF3 /* LegacyDeviceIdentifierMigrationTests.swift in Sources */ = {isa = PBXBuildFile; fileRef = EC92D44F2F1667D70083CCF3 /* LegacyDeviceIdentifierMigrationTests.swift */; };
		ECCAB3182E393F2F00BA1C73 /* PingStorage.framework in Frameworks */ = {isa = PBXBuildFile; fileRef = ECCAB3172E393F2F00BA1C73 /* PingStorage.framework */; };
		ECCAB3192E393F2F00BA1C73 /* PingStorage.framework in Embed Frameworks */ = {isa = PBXBuildFile; fileRef = ECCAB3172E393F2F00BA1C73 /* PingStorage.framework */; settings = {ATTRIBUTES = (CodeSignOnCopy, RemoveHeadersOnCopy, ); }; };
		ECCAB39E2E3B5FBC00BA1C73 /* DeviceId.h in Headers */ = {isa = PBXBuildFile; fileRef = ECCAB39A2E3B5FBC00BA1C73 /* DeviceId.h */; };
		ECCAB39F2E3B5FBC00BA1C73 /* DeviceIdentifier.swift in Sources */ = {isa = PBXBuildFile; fileRef = ECCAB39B2E3B5FBC00BA1C73 /* DeviceIdentifier.swift */; };
		ECCAB3A02E3B5FBC00BA1C73 /* PrivacyInfo.xcprivacy in Resources */ = {isa = PBXBuildFile; fileRef = ECCAB39C2E3B5FBC00BA1C73 /* PrivacyInfo.xcprivacy */; };
		ECCAB3A32E3B5FEB00BA1C73 /* DeviceIdTests.swift in Sources */ = {isa = PBXBuildFile; fileRef = ECCAB3A12E3B5FEB00BA1C73 /* DeviceIdTests.swift */; };
		ECCAB3B02E3BA1B200BA1C73 /* DefaultDeviceIdentifier.swift in Sources */ = {isa = PBXBuildFile; fileRef = ECCAB3AF2E3BA1A000BA1C73 /* DefaultDeviceIdentifier.swift */; };
		ECCAB3B22E3BA21300BA1C73 /* UUIDDeviceIdentifier.swift in Sources */ = {isa = PBXBuildFile; fileRef = ECCAB3B12E3BA20000BA1C73 /* UUIDDeviceIdentifier.swift */; };
/* End PBXBuildFile section */

/* Begin PBXContainerItemProxy section */
		EC23D5882E2FD12100C43D42 /* PBXContainerItemProxy */ = {
			isa = PBXContainerItemProxy;
			containerPortal = EC23D5742E2FD12100C43D42 /* Project object */;
			proxyType = 1;
			remoteGlobalIDString = EC23D57C2E2FD12100C43D42;
			remoteInfo = Device;
		};
/* End PBXContainerItemProxy section */

/* Begin PBXCopyFilesBuildPhase section */
		ECCAB3122E393EDF00BA1C73 /* Embed Frameworks */ = {
			isa = PBXCopyFilesBuildPhase;
			buildActionMask = 2147483647;
			dstPath = "";
			dstSubfolderSpec = 10;
			files = (
			);
			name = "Embed Frameworks";
			runOnlyForDeploymentPostprocessing = 0;
		};
		ECCAB3162E393F2500BA1C73 /* Embed Frameworks */ = {
			isa = PBXCopyFilesBuildPhase;
			buildActionMask = 2147483647;
			dstPath = "";
			dstSubfolderSpec = 10;
			files = (
				A5LOG0022F0100000000001 /* PingLogger.framework in Embed Frameworks */,
				ECCAB3192E393F2F00BA1C73 /* PingStorage.framework in Embed Frameworks */,
			);
			name = "Embed Frameworks";
			runOnlyForDeploymentPostprocessing = 0;
		};
/* End PBXCopyFilesBuildPhase section */

/* Begin PBXFileReference section */
		A53A9B482F1983CA000E2F2C /* README.md */ = {isa = PBXFileReference; lastKnownFileType = net.daringfireball.markdown; path = README.md; sourceTree = "<group>"; };
		A5LOG0002F0100000000001 /* PingLogger.framework */ = {isa = PBXFileReference; explicitFileType = wrapper.framework; path = PingLogger.framework; sourceTree = BUILT_PRODUCTS_DIR; };
		EC23D57D2E2FD12100C43D42 /* PingDeviceId.framework */ = {isa = PBXFileReference; explicitFileType = wrapper.framework; includeInIndex = 0; path = PingDeviceId.framework; sourceTree = BUILT_PRODUCTS_DIR; };
		EC23D5862E2FD12100C43D42 /* DeviceIdTests.xctest */ = {isa = PBXFileReference; explicitFileType = wrapper.cfbundle; includeInIndex = 0; path = DeviceIdTests.xctest; sourceTree = BUILT_PRODUCTS_DIR; };
		EC92D44C2F1663900083CCF3 /* LegacyDeviceIdentifier.swift */ = {isa = PBXFileReference; lastKnownFileType = sourcecode.swift; path = LegacyDeviceIdentifier.swift; sourceTree = "<group>"; };
		EC92D44F2F1667D70083CCF3 /* LegacyDeviceIdentifierMigrationTests.swift */ = {isa = PBXFileReference; lastKnownFileType = sourcecode.swift; path = LegacyDeviceIdentifierMigrationTests.swift; sourceTree = "<group>"; };
		ECCAB3172E393F2F00BA1C73 /* PingStorage.framework */ = {isa = PBXFileReference; explicitFileType = wrapper.framework; path = PingStorage.framework; sourceTree = BUILT_PRODUCTS_DIR; };
		ECCAB39A2E3B5FBC00BA1C73 /* DeviceId.h */ = {isa = PBXFileReference; lastKnownFileType = sourcecode.c.h; path = DeviceId.h; sourceTree = "<group>"; };
		ECCAB39B2E3B5FBC00BA1C73 /* DeviceIdentifier.swift */ = {isa = PBXFileReference; lastKnownFileType = sourcecode.swift; path = DeviceIdentifier.swift; sourceTree = "<group>"; };
		ECCAB39C2E3B5FBC00BA1C73 /* PrivacyInfo.xcprivacy */ = {isa = PBXFileReference; lastKnownFileType = text.xml; path = PrivacyInfo.xcprivacy; sourceTree = "<group>"; };
		ECCAB3A12E3B5FEB00BA1C73 /* DeviceIdTests.swift */ = {isa = PBXFileReference; lastKnownFileType = sourcecode.swift; path = DeviceIdTests.swift; sourceTree = "<group>"; };
		ECCAB3AF2E3BA1A000BA1C73 /* DefaultDeviceIdentifier.swift */ = {isa = PBXFileReference; lastKnownFileType = sourcecode.swift; path = DefaultDeviceIdentifier.swift; sourceTree = "<group>"; };
		ECCAB3B12E3BA20000BA1C73 /* UUIDDeviceIdentifier.swift */ = {isa = PBXFileReference; lastKnownFileType = sourcecode.swift; path = UUIDDeviceIdentifier.swift; sourceTree = "<group>"; };
/* End PBXFileReference section */

/* Begin PBXFrameworksBuildPhase section */
		EC23D57A2E2FD12100C43D42 /* Frameworks */ = {
			isa = PBXFrameworksBuildPhase;
			buildActionMask = 2147483647;
			files = (
				A5LOG0012F0100000000001 /* PingLogger.framework in Frameworks */,
				ECCAB3182E393F2F00BA1C73 /* PingStorage.framework in Frameworks */,
			);
			runOnlyForDeploymentPostprocessing = 0;
		};
		EC23D5832E2FD12100C43D42 /* Frameworks */ = {
			isa = PBXFrameworksBuildPhase;
			buildActionMask = 2147483647;
			files = (
				EC23D5872E2FD12100C43D42 /* PingDeviceId.framework in Frameworks */,
			);
			runOnlyForDeploymentPostprocessing = 0;
		};
/* End PBXFrameworksBuildPhase section */

/* Begin PBXGroup section */
		EC23D5732E2FD12100C43D42 = {
			isa = PBXGroup;
			children = (
				A53A9B482F1983CA000E2F2C /* README.md */,
				ECCAB39D2E3B5FBC00BA1C73 /* DeviceId */,
				ECCAB3A22E3B5FEB00BA1C73 /* DeviceIdTests */,
				ECCAB30E2E393EDF00BA1C73 /* Frameworks */,
				EC23D57E2E2FD12100C43D42 /* Products */,
			);
			sourceTree = "<group>";
		};
		EC23D57E2E2FD12100C43D42 /* Products */ = {
			isa = PBXGroup;
			children = (
				EC23D57D2E2FD12100C43D42 /* PingDeviceId.framework */,
				EC23D5862E2FD12100C43D42 /* DeviceIdTests.xctest */,
			);
			name = Products;
			sourceTree = "<group>";
		};
		ECCAB30E2E393EDF00BA1C73 /* Frameworks */ = {
			isa = PBXGroup;
			children = (
				A5LOG0002F0100000000001 /* PingLogger.framework */,
				ECCAB3172E393F2F00BA1C73 /* PingStorage.framework */,
			);
			name = Frameworks;
			sourceTree = "<group>";
		};
		ECCAB39D2E3B5FBC00BA1C73 /* DeviceId */ = {
			isa = PBXGroup;
			children = (
				ECCAB39C2E3B5FBC00BA1C73 /* PrivacyInfo.xcprivacy */,
				EC92D44C2F1663900083CCF3 /* LegacyDeviceIdentifier.swift */,
				ECCAB39A2E3B5FBC00BA1C73 /* DeviceId.h */,
				ECCAB39B2E3B5FBC00BA1C73 /* DeviceIdentifier.swift */,
				ECCAB3AF2E3BA1A000BA1C73 /* DefaultDeviceIdentifier.swift */,
				ECCAB3B12E3BA20000BA1C73 /* UUIDDeviceIdentifier.swift */,
			);
			path = DeviceId;
			sourceTree = "<group>";
		};
		ECCAB3A22E3B5FEB00BA1C73 /* DeviceIdTests */ = {
			isa = PBXGroup;
			children = (
				EC92D44F2F1667D70083CCF3 /* LegacyDeviceIdentifierMigrationTests.swift */,
				ECCAB3A12E3B5FEB00BA1C73 /* DeviceIdTests.swift */,
			);
			path = DeviceIdTests;
			sourceTree = "<group>";
		};
/* End PBXGroup section */

/* Begin PBXHeadersBuildPhase section */
		EC23D5782E2FD12100C43D42 /* Headers */ = {
			isa = PBXHeadersBuildPhase;
			buildActionMask = 2147483647;
			files = (
				ECCAB39E2E3B5FBC00BA1C73 /* DeviceId.h in Headers */,
			);
			runOnlyForDeploymentPostprocessing = 0;
		};
/* End PBXHeadersBuildPhase section */

/* Begin PBXNativeTarget section */
		EC23D57C2E2FD12100C43D42 /* PingDeviceId */ = {
			isa = PBXNativeTarget;
			buildConfigurationList = EC23D58F2E2FD12100C43D42 /* Build configuration list for PBXNativeTarget "PingDeviceId" */;
			buildPhases = (
				EC23D5782E2FD12100C43D42 /* Headers */,
				EC23D5792E2FD12100C43D42 /* Sources */,
				EC23D57A2E2FD12100C43D42 /* Frameworks */,
				EC23D57B2E2FD12100C43D42 /* Resources */,
				ECCAB3162E393F2500BA1C73 /* Embed Frameworks */,
			);
			buildRules = (
			);
			dependencies = (
			);
			name = PingDeviceId;
			packageProductDependencies = (
			);
			productName = Device;
			productReference = EC23D57D2E2FD12100C43D42 /* PingDeviceId.framework */;
			productType = "com.apple.product-type.framework";
		};
		EC23D5852E2FD12100C43D42 /* DeviceIdTests */ = {
			isa = PBXNativeTarget;
			buildConfigurationList = EC23D5922E2FD12100C43D42 /* Build configuration list for PBXNativeTarget "DeviceIdTests" */;
			buildPhases = (
				EC23D5822E2FD12100C43D42 /* Sources */,
				EC23D5832E2FD12100C43D42 /* Frameworks */,
				EC23D5842E2FD12100C43D42 /* Resources */,
				ECCAB3122E393EDF00BA1C73 /* Embed Frameworks */,
			);
			buildRules = (
			);
			dependencies = (
				EC23D5892E2FD12100C43D42 /* PBXTargetDependency */,
			);
			name = DeviceIdTests;
			packageProductDependencies = (
			);
			productName = DeviceTests;
			productReference = EC23D5862E2FD12100C43D42 /* DeviceIdTests.xctest */;
			productType = "com.apple.product-type.bundle.unit-test";
		};
/* End PBXNativeTarget section */

/* Begin PBXProject section */
		EC23D5742E2FD12100C43D42 /* Project object */ = {
			isa = PBXProject;
			attributes = {
				BuildIndependentTargetsInParallel = 1;
				LastSwiftUpdateCheck = 1630;
				LastUpgradeCheck = 1630;
				TargetAttributes = {
					EC23D57C2E2FD12100C43D42 = {
						CreatedOnToolsVersion = 16.3;
					};
					EC23D5852E2FD12100C43D42 = {
						CreatedOnToolsVersion = 16.3;
					};
				};
			};
			buildConfigurationList = EC23D5772E2FD12100C43D42 /* Build configuration list for PBXProject "DeviceId" */;
			developmentRegion = en;
			hasScannedForEncodings = 0;
			knownRegions = (
				en,
				Base,
			);
			mainGroup = EC23D5732E2FD12100C43D42;
			minimizedProjectReferenceProxies = 1;
			preferredProjectObjectVersion = 77;
			productRefGroup = EC23D57E2E2FD12100C43D42 /* Products */;
			projectDirPath = "";
			projectRoot = "";
			targets = (
				EC23D57C2E2FD12100C43D42 /* PingDeviceId */,
				EC23D5852E2FD12100C43D42 /* DeviceIdTests */,
			);
		};
/* End PBXProject section */

/* Begin PBXResourcesBuildPhase section */
		EC23D57B2E2FD12100C43D42 /* Resources */ = {
			isa = PBXResourcesBuildPhase;
			buildActionMask = 2147483647;
			files = (
				ECCAB3A02E3B5FBC00BA1C73 /* PrivacyInfo.xcprivacy in Resources */,
			);
			runOnlyForDeploymentPostprocessing = 0;
		};
		EC23D5842E2FD12100C43D42 /* Resources */ = {
			isa = PBXResourcesBuildPhase;
			buildActionMask = 2147483647;
			files = (
			);
			runOnlyForDeploymentPostprocessing = 0;
		};
/* End PBXResourcesBuildPhase section */

/* Begin PBXSourcesBuildPhase section */
		EC23D5792E2FD12100C43D42 /* Sources */ = {
			isa = PBXSourcesBuildPhase;
			buildActionMask = 2147483647;
			files = (
				ECCAB3B02E3BA1B200BA1C73 /* DefaultDeviceIdentifier.swift in Sources */,
				EC92D44E2F1663900083CCF3 /* LegacyDeviceIdentifier.swift in Sources */,
				ECCAB3B22E3BA21300BA1C73 /* UUIDDeviceIdentifier.swift in Sources */,
				ECCAB39F2E3B5FBC00BA1C73 /* DeviceIdentifier.swift in Sources */,
			);
			runOnlyForDeploymentPostprocessing = 0;
		};
		EC23D5822E2FD12100C43D42 /* Sources */ = {
			isa = PBXSourcesBuildPhase;
			buildActionMask = 2147483647;
			files = (
				EC92D4512F1668300083CCF3 /* LegacyDeviceIdentifierMigrationTests.swift in Sources */,
				ECCAB3A32E3B5FEB00BA1C73 /* DeviceIdTests.swift in Sources */,
			);
			runOnlyForDeploymentPostprocessing = 0;
		};
/* End PBXSourcesBuildPhase section */

/* Begin PBXTargetDependency section */
		EC23D5892E2FD12100C43D42 /* PBXTargetDependency */ = {
			isa = PBXTargetDependency;
			target = EC23D57C2E2FD12100C43D42 /* PingDeviceId */;
			targetProxy = EC23D5882E2FD12100C43D42 /* PBXContainerItemProxy */;
		};
/* End PBXTargetDependency section */

/* Begin XCBuildConfiguration section */
		EC23D58D2E2FD12100C43D42 /* Debug */ = {
			isa = XCBuildConfiguration;
			buildSettings = {
				ALWAYS_SEARCH_USER_PATHS = NO;
				ASSETCATALOG_COMPILER_GENERATE_SWIFT_ASSET_SYMBOL_EXTENSIONS = YES;
				CLANG_ANALYZER_NONNULL = YES;
				CLANG_ANALYZER_NUMBER_OBJECT_CONVERSION = YES_AGGRESSIVE;
				CLANG_CXX_LANGUAGE_STANDARD = "gnu++20";
				CLANG_ENABLE_MODULES = YES;
				CLANG_ENABLE_OBJC_ARC = YES;
				CLANG_ENABLE_OBJC_WEAK = YES;
				CLANG_WARN_BLOCK_CAPTURE_AUTORELEASING = YES;
				CLANG_WARN_BOOL_CONVERSION = YES;
				CLANG_WARN_COMMA = YES;
				CLANG_WARN_CONSTANT_CONVERSION = YES;
				CLANG_WARN_DEPRECATED_OBJC_IMPLEMENTATIONS = YES;
				CLANG_WARN_DIRECT_OBJC_ISA_USAGE = YES_ERROR;
				CLANG_WARN_DOCUMENTATION_COMMENTS = YES;
				CLANG_WARN_EMPTY_BODY = YES;
				CLANG_WARN_ENUM_CONVERSION = YES;
				CLANG_WARN_INFINITE_RECURSION = YES;
				CLANG_WARN_INT_CONVERSION = YES;
				CLANG_WARN_NON_LITERAL_NULL_CONVERSION = YES;
				CLANG_WARN_OBJC_IMPLICIT_RETAIN_SELF = YES;
				CLANG_WARN_OBJC_LITERAL_CONVERSION = YES;
				CLANG_WARN_OBJC_ROOT_CLASS = YES_ERROR;
				CLANG_WARN_QUOTED_INCLUDE_IN_FRAMEWORK_HEADER = YES;
				CLANG_WARN_RANGE_LOOP_ANALYSIS = YES;
				CLANG_WARN_STRICT_PROTOTYPES = YES;
				CLANG_WARN_SUSPICIOUS_MOVE = YES;
				CLANG_WARN_UNGUARDED_AVAILABILITY = YES_AGGRESSIVE;
				CLANG_WARN_UNREACHABLE_CODE = YES;
				CLANG_WARN__DUPLICATE_METHOD_MATCH = YES;
				COPY_PHASE_STRIP = NO;
				CURRENT_PROJECT_VERSION = 1;
				DEBUG_INFORMATION_FORMAT = dwarf;
				DEVELOPMENT_TEAM = 24J8Y2KTAV;
				ENABLE_STRICT_OBJC_MSGSEND = YES;
				ENABLE_TESTABILITY = YES;
				ENABLE_USER_SCRIPT_SANDBOXING = YES;
				GCC_C_LANGUAGE_STANDARD = gnu17;
				GCC_DYNAMIC_NO_PIC = NO;
				GCC_NO_COMMON_BLOCKS = YES;
				GCC_OPTIMIZATION_LEVEL = 0;
				GCC_PREPROCESSOR_DEFINITIONS = (
					"DEBUG=1",
					"$(inherited)",
				);
				GCC_WARN_64_TO_32_BIT_CONVERSION = YES;
				GCC_WARN_ABOUT_RETURN_TYPE = YES_ERROR;
				GCC_WARN_UNDECLARED_SELECTOR = YES;
				GCC_WARN_UNINITIALIZED_AUTOS = YES_AGGRESSIVE;
				GCC_WARN_UNUSED_FUNCTION = YES;
				GCC_WARN_UNUSED_VARIABLE = YES;
				IPHONEOS_DEPLOYMENT_TARGET = 18.4;
				LOCALIZATION_PREFERS_STRING_CATALOGS = YES;
				MTL_ENABLE_DEBUG_INFO = INCLUDE_SOURCE;
				MTL_FAST_MATH = YES;
				ONLY_ACTIVE_ARCH = YES;
				SDKROOT = iphoneos;
				SWIFT_ACTIVE_COMPILATION_CONDITIONS = "DEBUG $(inherited)";
				SWIFT_OPTIMIZATION_LEVEL = "-Onone";
				VERSIONING_SYSTEM = "apple-generic";
				VERSION_INFO_PREFIX = "";
			};
			name = Debug;
		};
		EC23D58E2E2FD12100C43D42 /* Release */ = {
			isa = XCBuildConfiguration;
			buildSettings = {
				ALWAYS_SEARCH_USER_PATHS = NO;
				ASSETCATALOG_COMPILER_GENERATE_SWIFT_ASSET_SYMBOL_EXTENSIONS = YES;
				CLANG_ANALYZER_NONNULL = YES;
				CLANG_ANALYZER_NUMBER_OBJECT_CONVERSION = YES_AGGRESSIVE;
				CLANG_CXX_LANGUAGE_STANDARD = "gnu++20";
				CLANG_ENABLE_MODULES = YES;
				CLANG_ENABLE_OBJC_ARC = YES;
				CLANG_ENABLE_OBJC_WEAK = YES;
				CLANG_WARN_BLOCK_CAPTURE_AUTORELEASING = YES;
				CLANG_WARN_BOOL_CONVERSION = YES;
				CLANG_WARN_COMMA = YES;
				CLANG_WARN_CONSTANT_CONVERSION = YES;
				CLANG_WARN_DEPRECATED_OBJC_IMPLEMENTATIONS = YES;
				CLANG_WARN_DIRECT_OBJC_ISA_USAGE = YES_ERROR;
				CLANG_WARN_DOCUMENTATION_COMMENTS = YES;
				CLANG_WARN_EMPTY_BODY = YES;
				CLANG_WARN_ENUM_CONVERSION = YES;
				CLANG_WARN_INFINITE_RECURSION = YES;
				CLANG_WARN_INT_CONVERSION = YES;
				CLANG_WARN_NON_LITERAL_NULL_CONVERSION = YES;
				CLANG_WARN_OBJC_IMPLICIT_RETAIN_SELF = YES;
				CLANG_WARN_OBJC_LITERAL_CONVERSION = YES;
				CLANG_WARN_OBJC_ROOT_CLASS = YES_ERROR;
				CLANG_WARN_QUOTED_INCLUDE_IN_FRAMEWORK_HEADER = YES;
				CLANG_WARN_RANGE_LOOP_ANALYSIS = YES;
				CLANG_WARN_STRICT_PROTOTYPES = YES;
				CLANG_WARN_SUSPICIOUS_MOVE = YES;
				CLANG_WARN_UNGUARDED_AVAILABILITY = YES_AGGRESSIVE;
				CLANG_WARN_UNREACHABLE_CODE = YES;
				CLANG_WARN__DUPLICATE_METHOD_MATCH = YES;
				COPY_PHASE_STRIP = NO;
				CURRENT_PROJECT_VERSION = 1;
				DEBUG_INFORMATION_FORMAT = "dwarf-with-dsym";
				DEVELOPMENT_TEAM = 24J8Y2KTAV;
				ENABLE_NS_ASSERTIONS = NO;
				ENABLE_STRICT_OBJC_MSGSEND = YES;
				ENABLE_USER_SCRIPT_SANDBOXING = YES;
				GCC_C_LANGUAGE_STANDARD = gnu17;
				GCC_NO_COMMON_BLOCKS = YES;
				GCC_WARN_64_TO_32_BIT_CONVERSION = YES;
				GCC_WARN_ABOUT_RETURN_TYPE = YES_ERROR;
				GCC_WARN_UNDECLARED_SELECTOR = YES;
				GCC_WARN_UNINITIALIZED_AUTOS = YES_AGGRESSIVE;
				GCC_WARN_UNUSED_FUNCTION = YES;
				GCC_WARN_UNUSED_VARIABLE = YES;
				IPHONEOS_DEPLOYMENT_TARGET = 18.4;
				LOCALIZATION_PREFERS_STRING_CATALOGS = YES;
				MTL_ENABLE_DEBUG_INFO = NO;
				MTL_FAST_MATH = YES;
				SDKROOT = iphoneos;
				SWIFT_COMPILATION_MODE = wholemodule;
				VALIDATE_PRODUCT = YES;
				VERSIONING_SYSTEM = "apple-generic";
				VERSION_INFO_PREFIX = "";
			};
			name = Release;
		};
		EC23D5902E2FD12100C43D42 /* Debug */ = {
			isa = XCBuildConfiguration;
			buildSettings = {
				BUILD_LIBRARY_FOR_DISTRIBUTION = NO;
				CODE_SIGN_STYLE = Automatic;
				CURRENT_PROJECT_VERSION = 1;
				DEVELOPMENT_TEAM = 9QSE66762D;
				DYLIB_COMPATIBILITY_VERSION = 1;
				DYLIB_CURRENT_VERSION = 1;
				DYLIB_INSTALL_NAME_BASE = "@rpath";
				ENABLE_MODULE_VERIFIER = YES;
				GENERATE_INFOPLIST_FILE = YES;
				INFOPLIST_KEY_NSHumanReadableCopyright = "";
				INSTALL_PATH = "$(LOCAL_LIBRARY_DIR)/Frameworks";
				IPHONEOS_DEPLOYMENT_TARGET = 16.0;
				LD_RUNPATH_SEARCH_PATHS = (
					"$(inherited)",
					"@executable_path/Frameworks",
					"@loader_path/Frameworks",
				);
				MARKETING_VERSION = 2.1.0;
				MODULE_VERIFIER_SUPPORTED_LANGUAGES = "objective-c objective-c++";
				MODULE_VERIFIER_SUPPORTED_LANGUAGE_STANDARDS = "gnu17 gnu++20";
				PRODUCT_BUNDLE_IDENTIFIER = com.pingidentity.Device;
				PRODUCT_NAME = "$(TARGET_NAME:c99extidentifier)";
				SKIP_INSTALL = YES;
				SWIFT_EMIT_LOC_STRINGS = YES;
				SWIFT_INSTALL_MODULE = YES;
				SWIFT_INSTALL_OBJC_HEADER = NO;
				SWIFT_VERSION = 6.0;
				TARGETED_DEVICE_FAMILY = "1,2";
			};
			name = Debug;
		};
		EC23D5912E2FD12100C43D42 /* Release */ = {
			isa = XCBuildConfiguration;
			buildSettings = {
				BUILD_LIBRARY_FOR_DISTRIBUTION = NO;
				CODE_SIGN_STYLE = Automatic;
				CURRENT_PROJECT_VERSION = 1;
				DEVELOPMENT_TEAM = 9QSE66762D;
				DYLIB_COMPATIBILITY_VERSION = 1;
				DYLIB_CURRENT_VERSION = 1;
				DYLIB_INSTALL_NAME_BASE = "@rpath";
				ENABLE_MODULE_VERIFIER = YES;
				GENERATE_INFOPLIST_FILE = YES;
				INFOPLIST_KEY_NSHumanReadableCopyright = "";
				INSTALL_PATH = "$(LOCAL_LIBRARY_DIR)/Frameworks";
				IPHONEOS_DEPLOYMENT_TARGET = 16.0;
				LD_RUNPATH_SEARCH_PATHS = (
					"$(inherited)",
					"@executable_path/Frameworks",
					"@loader_path/Frameworks",
				);
				MARKETING_VERSION = 2.1.0;
				MODULE_VERIFIER_SUPPORTED_LANGUAGES = "objective-c objective-c++";
				MODULE_VERIFIER_SUPPORTED_LANGUAGE_STANDARDS = "gnu17 gnu++20";
				PRODUCT_BUNDLE_IDENTIFIER = com.pingidentity.Device;
				PRODUCT_NAME = "$(TARGET_NAME:c99extidentifier)";
				SKIP_INSTALL = YES;
				SWIFT_EMIT_LOC_STRINGS = YES;
				SWIFT_INSTALL_MODULE = YES;
				SWIFT_INSTALL_OBJC_HEADER = NO;
				SWIFT_VERSION = 6.0;
				TARGETED_DEVICE_FAMILY = "1,2";
			};
			name = Release;
		};
		EC23D5932E2FD12100C43D42 /* Debug */ = {
			isa = XCBuildConfiguration;
			buildSettings = {
				CODE_SIGN_STYLE = Automatic;
				CURRENT_PROJECT_VERSION = 1;
				DEVELOPMENT_TEAM = 9QSE66762D;
				GENERATE_INFOPLIST_FILE = YES;
				IPHONEOS_DEPLOYMENT_TARGET = 16.0;
				MARKETING_VERSION = 2.1.0;
				PRODUCT_BUNDLE_IDENTIFIER = com.pingidentity.DeviceTests;
				PRODUCT_NAME = "$(TARGET_NAME)";
				SWIFT_EMIT_LOC_STRINGS = NO;
				SWIFT_VERSION = 6.0;
				TARGETED_DEVICE_FAMILY = "1,2";
				TEST_HOST = "$(BUILT_PRODUCTS_DIR)/PingTestHost.app/PingTestHost";
			};
			name = Debug;
		};
		EC23D5942E2FD12100C43D42 /* Release */ = {
			isa = XCBuildConfiguration;
			buildSettings = {
				CODE_SIGN_STYLE = Automatic;
				CURRENT_PROJECT_VERSION = 1;
				DEVELOPMENT_TEAM = 9QSE66762D;
				GENERATE_INFOPLIST_FILE = YES;
				IPHONEOS_DEPLOYMENT_TARGET = 16.0;
				MARKETING_VERSION = 2.1.0;
				PRODUCT_BUNDLE_IDENTIFIER = com.pingidentity.DeviceTests;
				PRODUCT_NAME = "$(TARGET_NAME)";
				SWIFT_EMIT_LOC_STRINGS = NO;
				SWIFT_VERSION = 6.0;
				TARGETED_DEVICE_FAMILY = "1,2";
				TEST_HOST = "$(BUILT_PRODUCTS_DIR)/PingTestHost.app/PingTestHost";
			};
			name = Release;
		};
/* End XCBuildConfiguration section */

/* Begin XCConfigurationList section */
		EC23D5772E2FD12100C43D42 /* Build configuration list for PBXProject "DeviceId" */ = {
			isa = XCConfigurationList;
			buildConfigurations = (
				EC23D58D2E2FD12100C43D42 /* Debug */,
				EC23D58E2E2FD12100C43D42 /* Release */,
			);
			defaultConfigurationIsVisible = 0;
			defaultConfigurationName = Release;
		};
		EC23D58F2E2FD12100C43D42 /* Build configuration list for PBXNativeTarget "PingDeviceId" */ = {
			isa = XCConfigurationList;
			buildConfigurations = (
				EC23D5902E2FD12100C43D42 /* Debug */,
				EC23D5912E2FD12100C43D42 /* Release */,
			);
			defaultConfigurationIsVisible = 0;
			defaultConfigurationName = Release;
		};
		EC23D5922E2FD12100C43D42 /* Build configuration list for PBXNativeTarget "DeviceIdTests" */ = {
			isa = XCConfigurationList;
			buildConfigurations = (
				EC23D5932E2FD12100C43D42 /* Debug */,
				EC23D5942E2FD12100C43D42 /* Release */,
			);
			defaultConfigurationIsVisible = 0;
			defaultConfigurationName = Release;
		};
/* End XCConfigurationList section */
	};
	rootObject = EC23D5742E2FD12100C43D42 /* Project object */;
}
