// !$*UTF8*$!
{
	archiveVersion = 1;
	classes = {
	};
	objectVersion = 56;
	objects = {

/* Begin PBXBuildFile section */
		9512229E2EAFEB6400421313 /* PingJourney.framework in Frameworks */ = {isa = PBXBuildFile; fileRef = 9512229D2EAFEB6400421313 /* PingJourney.framework */; };
		9512229F2EAFEB6400421313 /* PingJourney.framework in Embed Frameworks */ = {isa = PBXBuildFile; fileRef = 9512229D2EAFEB6400421313 /* PingJourney.framework */; settings = {ATTRIBUTES = (CodeSignOnCopy, RemoveHeadersOnCopy, ); }; };
		951222A12EAFEE6E00421313 /* PingProtect.framework in Frameworks */ = {isa = PBXBuildFile; fileRef = 951222A02EAFEE6E00421313 /* PingProtect.framework */; };
		951222A22EAFEE6E00421313 /* PingProtect.framework in Embed Frameworks */ = {isa = PBXBuildFile; fileRef = 951222A02EAFEE6E00421313 /* PingProtect.framework */; settings = {ATTRIBUTES = (CodeSignOnCopy, RemoveHeadersOnCopy, ); }; };
		951222A72EAFF02B00421313 /* PingOath.framework in Frameworks */ = {isa = PBXBuildFile; fileRef = 951222A62EAFF02B00421313 /* PingOath.framework */; };
		951222A82EAFF02B00421313 /* PingOath.framework in Embed Frameworks */ = {isa = PBXBuildFile; fileRef = 951222A62EAFF02B00421313 /* PingOath.framework */; settings = {ATTRIBUTES = (CodeSignOnCopy, RemoveHeadersOnCopy, ); }; };
		956BEF7C2EFB1C5D00650FA0 /* PingReCaptchaEnterprise.framework in Frameworks */ = {isa = PBXBuildFile; fileRef = 956BEF7B2EFB1C5D00650FA0 /* PingReCaptchaEnterprise.framework */; };
		956BEF7D2EFB1C5D00650FA0 /* PingReCaptchaEnterprise.framework in Embed Frameworks */ = {isa = PBXBuildFile; fileRef = 956BEF7B2EFB1C5D00650FA0 /* PingReCaptchaEnterprise.framework */; settings = {ATTRIBUTES = (CodeSignOnCopy, RemoveHeadersOnCopy, ); }; };
		95DD7DFB2EF5EF7F00ED05D7 /* PingPush.framework in Frameworks */ = {isa = PBXBuildFile; fileRef = 95DD7DFA2EF5EF7F00ED05D7 /* PingPush.framework */; };
		95DD7DFC2EF5EF7F00ED05D7 /* PingPush.framework in Embed Frameworks */ = {isa = PBXBuildFile; fileRef = 95DD7DFA2EF5EF7F00ED05D7 /* PingPush.framework */; settings = {ATTRIBUTES = (CodeSignOnCopy, RemoveHeadersOnCopy, ); }; };
		95DD7E682EF9F78000ED05D7 /* PingFido.framework in Frameworks */ = {isa = PBXBuildFile; fileRef = 95DD7E672EF9F78000ED05D7 /* PingFido.framework */; };
		95DD7E692EF9F78000ED05D7 /* PingFido.framework in Embed Frameworks */ = {isa = PBXBuildFile; fileRef = 95DD7E672EF9F78000ED05D7 /* PingFido.framework */; settings = {ATTRIBUTES = (CodeSignOnCopy, RemoveHeadersOnCopy, ); }; };
		95DD7E6B2EF9F78700ED05D7 /* PingBinding.framework in Frameworks */ = {isa = PBXBuildFile; fileRef = 95DD7E6A2EF9F78700ED05D7 /* PingBinding.framework */; };
		95DD7E6C2EF9F78700ED05D7 /* PingBinding.framework in Embed Frameworks */ = {isa = PBXBuildFile; fileRef = 95DD7E6A2EF9F78700ED05D7 /* PingBinding.framework */; settings = {ATTRIBUTES = (CodeSignOnCopy, RemoveHeadersOnCopy, ); }; };
		95DD7E6E2EF9F7AF00ED05D7 /* PingDeviceClient.framework in Frameworks */ = {isa = PBXBuildFile; fileRef = 95DD7E6D2EF9F7AF00ED05D7 /* PingDeviceClient.framework */; };
		95DD7E6F2EF9F7AF00ED05D7 /* PingDeviceClient.framework in Embed Frameworks */ = {isa = PBXBuildFile; fileRef = 95DD7E6D2EF9F7AF00ED05D7 /* PingDeviceClient.framework */; settings = {ATTRIBUTES = (CodeSignOnCopy, RemoveHeadersOnCopy, ); }; };
		95DD7E712EF9F7C700ED05D7 /* PingNetwork.framework in Frameworks */ = {isa = PBXBuildFile; fileRef = 95DD7E702EF9F7C700ED05D7 /* PingNetwork.framework */; };
		95DD7E722EF9F7C700ED05D7 /* PingNetwork.framework in Embed Frameworks */ = {isa = PBXBuildFile; fileRef = 95DD7E702EF9F7C700ED05D7 /* PingNetwork.framework */; settings = {ATTRIBUTES = (CodeSignOnCopy, RemoveHeadersOnCopy, ); }; };
		95E7555F2EA6A80F008DBFD6 /* PingDeviceProfile.framework in Frameworks */ = {isa = PBXBuildFile; fileRef = 95E7555E2EA6A80F008DBFD6 /* PingDeviceProfile.framework */; };
		95E755602EA6A80F008DBFD6 /* PingDeviceProfile.framework in Embed Frameworks */ = {isa = PBXBuildFile; fileRef = 95E7555E2EA6A80F008DBFD6 /* PingDeviceProfile.framework */; settings = {ATTRIBUTES = (CodeSignOnCopy, RemoveHeadersOnCopy, ); }; };
		A507A2672CEBED9F007F5C16 /* PingDavinci.framework in Frameworks */ = {isa = PBXBuildFile; fileRef = A507A2622CEBED9F007F5C16 /* PingDavinci.framework */; };
		A507A2682CEBED9F007F5C16 /* PingDavinci.framework in Embed Frameworks */ = {isa = PBXBuildFile; fileRef = A507A2622CEBED9F007F5C16 /* PingDavinci.framework */; settings = {ATTRIBUTES = (CodeSignOnCopy, RemoveHeadersOnCopy, ); }; };
		A507A2692CEBED9F007F5C16 /* PingLogger.framework in Frameworks */ = {isa = PBXBuildFile; fileRef = A507A2632CEBED9F007F5C16 /* PingLogger.framework */; };
		A507A26A2CEBED9F007F5C16 /* PingLogger.framework in Embed Frameworks */ = {isa = PBXBuildFile; fileRef = A507A2632CEBED9F007F5C16 /* PingLogger.framework */; settings = {ATTRIBUTES = (CodeSignOnCopy, RemoveHeadersOnCopy, ); }; };
		A507A26B2CEBED9F007F5C16 /* PingOidc.framework in Frameworks */ = {isa = PBXBuildFile; fileRef = A507A2642CEBED9F007F5C16 /* PingOidc.framework */; };
		A507A26C2CEBED9F007F5C16 /* PingOidc.framework in Embed Frameworks */ = {isa = PBXBuildFile; fileRef = A507A2642CEBED9F007F5C16 /* PingOidc.framework */; settings = {ATTRIBUTES = (CodeSignOnCopy, RemoveHeadersOnCopy, ); }; };
		A507A26D2CEBED9F007F5C16 /* PingOrchestrate.framework in Frameworks */ = {isa = PBXBuildFile; fileRef = A507A2652CEBED9F007F5C16 /* PingOrchestrate.framework */; };
		A507A26E2CEBED9F007F5C16 /* PingOrchestrate.framework in Embed Frameworks */ = {isa = PBXBuildFile; fileRef = A507A2652CEBED9F007F5C16 /* PingOrchestrate.framework */; settings = {ATTRIBUTES = (CodeSignOnCopy, RemoveHeadersOnCopy, ); }; };
		A507A26F2CEBED9F007F5C16 /* PingStorage.framework in Frameworks */ = {isa = PBXBuildFile; fileRef = A507A2662CEBED9F007F5C16 /* PingStorage.framework */; };
		A507A2702CEBED9F007F5C16 /* PingStorage.framework in Embed Frameworks */ = {isa = PBXBuildFile; fileRef = A507A2662CEBED9F007F5C16 /* PingStorage.framework */; settings = {ATTRIBUTES = (CodeSignOnCopy, RemoveHeadersOnCopy, ); }; };
		A54BF4692BF2E33C00CD24D4 /* AppDelegate.swift in Sources */ = {isa = PBXBuildFile; fileRef = A54BF4682BF2E33C00CD24D4 /* AppDelegate.swift */; };
		A54BF46B2BF2E33C00CD24D4 /* SceneDelegate.swift in Sources */ = {isa = PBXBuildFile; fileRef = A54BF46A2BF2E33C00CD24D4 /* SceneDelegate.swift */; };
		A54BF46D2BF2E33C00CD24D4 /* ViewController.swift in Sources */ = {isa = PBXBuildFile; fileRef = A54BF46C2BF2E33C00CD24D4 /* ViewController.swift */; };
		A54BF4702BF2E33C00CD24D4 /* Base in Resources */ = {isa = PBXBuildFile; fileRef = A54BF46F2BF2E33C00CD24D4 /* Base */; };
		A54BF4722BF2E34000CD24D4 /* Assets.xcassets in Resources */ = {isa = PBXBuildFile; fileRef = A54BF4712BF2E34000CD24D4 /* Assets.xcassets */; };
		A54BF4752BF2E34000CD24D4 /* Base in Resources */ = {isa = PBXBuildFile; fileRef = A54BF4742BF2E34000CD24D4 /* Base */; };
		A567428A2EE34EE6009D29B9 /* PingCommons.framework in Frameworks */ = {isa = PBXBuildFile; fileRef = A56742892EE34EE6009D29B9 /* PingCommons.framework */; };
		A567428B2EE34EE6009D29B9 /* PingCommons.framework in Embed Frameworks */ = {isa = PBXBuildFile; fileRef = A56742892EE34EE6009D29B9 /* PingCommons.framework */; settings = {ATTRIBUTES = (CodeSignOnCopy, RemoveHeadersOnCopy, ); }; };
		EC2E0D8F2DE60C42000CC0E2 /* PingExternalIdPApple.framework in Frameworks */ = {isa = PBXBuildFile; fileRef = EC2E0D8E2DE60C42000CC0E2 /* PingExternalIdPApple.framework */; };
		EC2E0D902DE60C42000CC0E2 /* PingExternalIdPApple.framework in Embed Frameworks */ = {isa = PBXBuildFile; fileRef = EC2E0D8E2DE60C42000CC0E2 /* PingExternalIdPApple.framework */; settings = {ATTRIBUTES = (CodeSignOnCopy, RemoveHeadersOnCopy, ); }; };
		EC2E0D922DE60C49000CC0E2 /* PingExternalIdP.framework in Frameworks */ = {isa = PBXBuildFile; fileRef = EC2E0D912DE60C49000CC0E2 /* PingExternalIdP.framework */; };
		EC2E0D932DE60C49000CC0E2 /* PingExternalIdP.framework in Embed Frameworks */ = {isa = PBXBuildFile; fileRef = EC2E0D912DE60C49000CC0E2 /* PingExternalIdP.framework */; settings = {ATTRIBUTES = (CodeSignOnCopy, RemoveHeadersOnCopy, ); }; };
		EC2E0D952DE60C50000CC0E2 /* PingExternalIdPFacebook.framework in Frameworks */ = {isa = PBXBuildFile; fileRef = EC2E0D942DE60C50000CC0E2 /* PingExternalIdPFacebook.framework */; };
		EC2E0D962DE60C50000CC0E2 /* PingExternalIdPFacebook.framework in Embed Frameworks */ = {isa = PBXBuildFile; fileRef = EC2E0D942DE60C50000CC0E2 /* PingExternalIdPFacebook.framework */; settings = {ATTRIBUTES = (CodeSignOnCopy, RemoveHeadersOnCopy, ); }; };
		EC2E0D982DE60C55000CC0E2 /* PingExternalIdPGoogle.framework in Frameworks */ = {isa = PBXBuildFile; fileRef = EC2E0D972DE60C55000CC0E2 /* PingExternalIdPGoogle.framework */; };
		EC2E0D992DE60C55000CC0E2 /* PingExternalIdPGoogle.framework in Embed Frameworks */ = {isa = PBXBuildFile; fileRef = EC2E0D972DE60C55000CC0E2 /* PingExternalIdPGoogle.framework */; settings = {ATTRIBUTES = (CodeSignOnCopy, RemoveHeadersOnCopy, ); }; };
		EC59E3702E7D8BFC00A91E66 /* PingTamperDetector.framework in Frameworks */ = {isa = PBXBuildFile; fileRef = EC59E36F2E7D8BFC00A91E66 /* PingTamperDetector.framework */; };
		EC59E3712E7D8BFC00A91E66 /* PingTamperDetector.framework in Embed Frameworks */ = {isa = PBXBuildFile; fileRef = EC59E36F2E7D8BFC00A91E66 /* PingTamperDetector.framework */; settings = {ATTRIBUTES = (CodeSignOnCopy, RemoveHeadersOnCopy, ); }; };
		EC93DEC72EBA08BB0014726E /* PingTestHost.xctestplan in Resources */ = {isa = PBXBuildFile; fileRef = EC93DEC62EBA08BB0014726E /* PingTestHost.xctestplan */; };
		EC9591062DC116EF005633A1 /* GoogleSignIn in Frameworks */ = {isa = PBXBuildFile; productRef = EC9591052DC116EF005633A1 /* GoogleSignIn */; };
		ECA2E7E12ED8729000C32766 /* PingDeviceProfile.framework in Frameworks */ = {isa = PBXBuildFile; fileRef = ECA2E7E02ED8729000C32766 /* PingDeviceProfile.framework */; };
		ECA2E7E22ED8729000C32766 /* PingDeviceProfile.framework in Embed Frameworks */ = {isa = PBXBuildFile; fileRef = ECA2E7E02ED8729000C32766 /* PingDeviceProfile.framework */; settings = {ATTRIBUTES = (CodeSignOnCopy, RemoveHeadersOnCopy, ); }; };
		ECB7C6922D5A27840006F1C8 /* PingBrowser.framework in Frameworks */ = {isa = PBXBuildFile; fileRef = ECB7C6912D5A27840006F1C8 /* PingBrowser.framework */; };
		ECB7C6932D5A27840006F1C8 /* PingBrowser.framework in Embed Frameworks */ = {isa = PBXBuildFile; fileRef = ECB7C6912D5A27840006F1C8 /* PingBrowser.framework */; settings = {ATTRIBUTES = (CodeSignOnCopy, RemoveHeadersOnCopy, ); }; };
		ECED512C2DC1111800FA39A7 /* FacebookCore in Frameworks */ = {isa = PBXBuildFile; productRef = ECED512B2DC1111800FA39A7 /* FacebookCore */; };
		ECED512E2DC1111800FA39A7 /* FacebookLogin in Frameworks */ = {isa = PBXBuildFile; productRef = ECED512D2DC1111800FA39A7 /* FacebookLogin */; };
/* End PBXBuildFile section */

/* Begin PBXCopyFilesBuildPhase section */
		A507A2712CEBED9F007F5C16 /* Embed Frameworks */ = {
			isa = PBXCopyFilesBuildPhase;
			buildActionMask = 2147483647;
			dstPath = "";
			dstSubfolderSpec = 10;
			files = (
				ECB7C6932D5A27840006F1C8 /* PingBrowser.framework in Embed Frameworks */,
				EC59E3712E7D8BFC00A91E66 /* PingTamperDetector.framework in Embed Frameworks */,
				95DD7E6C2EF9F78700ED05D7 /* PingBinding.framework in Embed Frameworks */,
				95DD7E722EF9F7C700ED05D7 /* PingNetwork.framework in Embed Frameworks */,
				95E755602EA6A80F008DBFD6 /* PingDeviceProfile.framework in Embed Frameworks */,
				A507A26A2CEBED9F007F5C16 /* PingLogger.framework in Embed Frameworks */,
				EC2E0D902DE60C42000CC0E2 /* PingExternalIdPApple.framework in Embed Frameworks */,
				EC2E0D932DE60C49000CC0E2 /* PingExternalIdP.framework in Embed Frameworks */,
				A567428B2EE34EE6009D29B9 /* PingCommons.framework in Embed Frameworks */,
				951222A22EAFEE6E00421313 /* PingProtect.framework in Embed Frameworks */,
				A507A26C2CEBED9F007F5C16 /* PingOidc.framework in Embed Frameworks */,
				956BEF7D2EFB1C5D00650FA0 /* PingReCaptchaEnterprise.framework in Embed Frameworks */,
				95DD7E6F2EF9F7AF00ED05D7 /* PingDeviceClient.framework in Embed Frameworks */,
				ECA2E7E22ED8729000C32766 /* PingDeviceProfile.framework in Embed Frameworks */,
				951222A82EAFF02B00421313 /* PingOath.framework in Embed Frameworks */,
				A507A2682CEBED9F007F5C16 /* PingDavinci.framework in Embed Frameworks */,
				95DD7DFC2EF5EF7F00ED05D7 /* PingPush.framework in Embed Frameworks */,
				A507A2702CEBED9F007F5C16 /* PingStorage.framework in Embed Frameworks */,
				EC2E0D962DE60C50000CC0E2 /* PingExternalIdPFacebook.framework in Embed Frameworks */,
				EC2E0D992DE60C55000CC0E2 /* PingExternalIdPGoogle.framework in Embed Frameworks */,
				95DD7E692EF9F78000ED05D7 /* PingFido.framework in Embed Frameworks */,
				9512229F2EAFEB6400421313 /* PingJourney.framework in Embed Frameworks */,
				A507A26E2CEBED9F007F5C16 /* PingOrchestrate.framework in Embed Frameworks */,
			);
			name = "Embed Frameworks";
			runOnlyForDeploymentPostprocessing = 0;
		};
/* End PBXCopyFilesBuildPhase section */

/* Begin PBXFileReference section */
		9512229D2EAFEB6400421313 /* PingJourney.framework */ = {isa = PBXFileReference; explicitFileType = wrapper.framework; path = PingJourney.framework; sourceTree = BUILT_PRODUCTS_DIR; };
		951222A02EAFEE6E00421313 /* PingProtect.framework */ = {isa = PBXFileReference; explicitFileType = wrapper.framework; path = PingProtect.framework; sourceTree = BUILT_PRODUCTS_DIR; };
		951222A32EAFEEC300421313 /* PingMfaCommons.framework */ = {isa = PBXFileReference; explicitFileType = wrapper.framework; path = PingMfaCommons.framework; sourceTree = BUILT_PRODUCTS_DIR; };
		951222A62EAFF02B00421313 /* PingOath.framework */ = {isa = PBXFileReference; explicitFileType = wrapper.framework; path = PingOath.framework; sourceTree = BUILT_PRODUCTS_DIR; };
		956BEF7B2EFB1C5D00650FA0 /* PingReCaptchaEnterprise.framework */ = {isa = PBXFileReference; explicitFileType = wrapper.framework; path = PingReCaptchaEnterprise.framework; sourceTree = BUILT_PRODUCTS_DIR; };
		95DD7DFA2EF5EF7F00ED05D7 /* PingPush.framework */ = {isa = PBXFileReference; explicitFileType = wrapper.framework; path = PingPush.framework; sourceTree = BUILT_PRODUCTS_DIR; };
		95DD7E672EF9F78000ED05D7 /* PingFido.framework */ = {isa = PBXFileReference; explicitFileType = wrapper.framework; path = PingFido.framework; sourceTree = BUILT_PRODUCTS_DIR; };
		95DD7E6A2EF9F78700ED05D7 /* PingBinding.framework */ = {isa = PBXFileReference; explicitFileType = wrapper.framework; path = PingBinding.framework; sourceTree = BUILT_PRODUCTS_DIR; };
		95DD7E6D2EF9F7AF00ED05D7 /* PingDeviceClient.framework */ = {isa = PBXFileReference; explicitFileType = wrapper.framework; path = PingDeviceClient.framework; sourceTree = BUILT_PRODUCTS_DIR; };
		95DD7E702EF9F7C700ED05D7 /* PingNetwork.framework */ = {isa = PBXFileReference; explicitFileType = wrapper.framework; path = PingNetwork.framework; sourceTree = BUILT_PRODUCTS_DIR; };
		95E7555E2EA6A80F008DBFD6 /* PingDeviceProfile.framework */ = {isa = PBXFileReference; explicitFileType = wrapper.framework; path = PingDeviceProfile.framework; sourceTree = BUILT_PRODUCTS_DIR; };
		A507A2622CEBED9F007F5C16 /* PingDavinci.framework */ = {isa = PBXFileReference; explicitFileType = wrapper.framework; path = PingDavinci.framework; sourceTree = BUILT_PRODUCTS_DIR; };
		A507A2632CEBED9F007F5C16 /* PingLogger.framework */ = {isa = PBXFileReference; explicitFileType = wrapper.framework; path = PingLogger.framework; sourceTree = BUILT_PRODUCTS_DIR; };
		A507A2642CEBED9F007F5C16 /* PingOidc.framework */ = {isa = PBXFileReference; explicitFileType = wrapper.framework; path = PingOidc.framework; sourceTree = BUILT_PRODUCTS_DIR; };
		A507A2652CEBED9F007F5C16 /* PingOrchestrate.framework */ = {isa = PBXFileReference; explicitFileType = wrapper.framework; path = PingOrchestrate.framework; sourceTree = BUILT_PRODUCTS_DIR; };
		A507A2662CEBED9F007F5C16 /* PingStorage.framework */ = {isa = PBXFileReference; explicitFileType = wrapper.framework; path = PingStorage.framework; sourceTree = BUILT_PRODUCTS_DIR; };
		A50966F02C50522300A4E5B5 /* PingOidc.framework */ = {isa = PBXFileReference; explicitFileType = wrapper.framework; path = PingOidc.framework; sourceTree = BUILT_PRODUCTS_DIR; };
		A51313C82D9C6AC50086F846 /* PingExternal_idp.framework */ = {isa = PBXFileReference; explicitFileType = wrapper.framework; path = PingExternal_idp.framework; sourceTree = BUILT_PRODUCTS_DIR; };
		A51D4CE62C656D7D00FE09E0 /* PingOrchestrate.framework */ = {isa = PBXFileReference; explicitFileType = wrapper.framework; path = PingOrchestrate.framework; sourceTree = BUILT_PRODUCTS_DIR; };
		A51D4CE82C656D7D00FE09E0 /* PingStorage.framework */ = {isa = PBXFileReference; explicitFileType = wrapper.framework; path = PingStorage.framework; sourceTree = BUILT_PRODUCTS_DIR; };
		A51D4CEA2C656D8E00FE09E0 /* PingDavinci.framework */ = {isa = PBXFileReference; explicitFileType = wrapper.framework; path = PingDavinci.framework; sourceTree = BUILT_PRODUCTS_DIR; };
		A54BF4652BF2E33C00CD24D4 /* PingTestHost.app */ = {isa = PBXFileReference; explicitFileType = wrapper.application; includeInIndex = 0; path = PingTestHost.app; sourceTree = BUILT_PRODUCTS_DIR; };
		A54BF4682BF2E33C00CD24D4 /* AppDelegate.swift */ = {isa = PBXFileReference; lastKnownFileType = sourcecode.swift; path = AppDelegate.swift; sourceTree = "<group>"; };
		A54BF46A2BF2E33C00CD24D4 /* SceneDelegate.swift */ = {isa = PBXFileReference; lastKnownFileType = sourcecode.swift; path = SceneDelegate.swift; sourceTree = "<group>"; };
		A54BF46C2BF2E33C00CD24D4 /* ViewController.swift */ = {isa = PBXFileReference; lastKnownFileType = sourcecode.swift; path = ViewController.swift; sourceTree = "<group>"; };
		A54BF46F2BF2E33C00CD24D4 /* Base */ = {isa = PBXFileReference; lastKnownFileType = file.storyboard; name = Base; path = Base.lproj/Main.storyboard; sourceTree = "<group>"; };
		A54BF4712BF2E34000CD24D4 /* Assets.xcassets */ = {isa = PBXFileReference; lastKnownFileType = folder.assetcatalog; path = Assets.xcassets; sourceTree = "<group>"; };
		A54BF4742BF2E34000CD24D4 /* Base */ = {isa = PBXFileReference; lastKnownFileType = file.storyboard; name = Base; path = Base.lproj/LaunchScreen.storyboard; sourceTree = "<group>"; };
		A54BF4762BF2E34000CD24D4 /* Info.plist */ = {isa = PBXFileReference; lastKnownFileType = text.plist.xml; path = Info.plist; sourceTree = "<group>"; };
		A54BF4832BF2E5B800CD24D4 /* PingLogger.framework */ = {isa = PBXFileReference; explicitFileType = wrapper.framework; path = PingLogger.framework; sourceTree = BUILT_PRODUCTS_DIR; };
		A56742892EE34EE6009D29B9 /* PingCommons.framework */ = {isa = PBXFileReference; explicitFileType = wrapper.framework; path = PingCommons.framework; sourceTree = BUILT_PRODUCTS_DIR; };
		A57A08972CE40FDE006F0CBB /* Storage.framework */ = {isa = PBXFileReference; explicitFileType = wrapper.framework; path = Storage.framework; sourceTree = BUILT_PRODUCTS_DIR; };
		A57A089D2CE412E8006F0CBB /* Logger.framework */ = {isa = PBXFileReference; explicitFileType = wrapper.framework; path = Logger.framework; sourceTree = BUILT_PRODUCTS_DIR; };
		A57A08BB2CE4FD96006F0CBB /* Orchestrate.framework */ = {isa = PBXFileReference; explicitFileType = wrapper.framework; path = Orchestrate.framework; sourceTree = BUILT_PRODUCTS_DIR; };
		A57A08C22CE50537006F0CBB /* Oidc.framework */ = {isa = PBXFileReference; explicitFileType = wrapper.framework; path = Oidc.framework; sourceTree = BUILT_PRODUCTS_DIR; };
		A57A08DE2CE50937006F0CBB /* Davinci.framework */ = {isa = PBXFileReference; explicitFileType = wrapper.framework; path = Davinci.framework; sourceTree = BUILT_PRODUCTS_DIR; };
		A5D1CD5E2BF504E400D1C83E /* PingStorage.framework */ = {isa = PBXFileReference; explicitFileType = wrapper.framework; path = PingStorage.framework; sourceTree = BUILT_PRODUCTS_DIR; };
		EC2E0D8E2DE60C42000CC0E2 /* PingExternalIdPApple.framework */ = {isa = PBXFileReference; explicitFileType = wrapper.framework; path = PingExternalIdPApple.framework; sourceTree = BUILT_PRODUCTS_DIR; };
		EC2E0D912DE60C49000CC0E2 /* PingExternalIdP.framework */ = {isa = PBXFileReference; explicitFileType = wrapper.framework; path = PingExternalIdP.framework; sourceTree = BUILT_PRODUCTS_DIR; };
		EC2E0D942DE60C50000CC0E2 /* PingExternalIdPFacebook.framework */ = {isa = PBXFileReference; explicitFileType = wrapper.framework; path = PingExternalIdPFacebook.framework; sourceTree = BUILT_PRODUCTS_DIR; };
		EC2E0D972DE60C55000CC0E2 /* PingExternalIdPGoogle.framework */ = {isa = PBXFileReference; explicitFileType = wrapper.framework; path = PingExternalIdPGoogle.framework; sourceTree = BUILT_PRODUCTS_DIR; };
		EC59E36F2E7D8BFC00A91E66 /* PingTamperDetector.framework */ = {isa = PBXFileReference; explicitFileType = wrapper.framework; path = PingTamperDetector.framework; sourceTree = BUILT_PRODUCTS_DIR; };
		EC93DEC62EBA08BB0014726E /* PingTestHost.xctestplan */ = {isa = PBXFileReference; lastKnownFileType = text; path = PingTestHost.xctestplan; sourceTree = "<group>"; };
		ECA2E7E02ED8729000C32766 /* PingDeviceProfile.framework */ = {isa = PBXFileReference; explicitFileType = wrapper.framework; path = PingDeviceProfile.framework; sourceTree = BUILT_PRODUCTS_DIR; };
		ECA7A3212DC258700011E59C /* PingExternal_idp_Apple.framework */ = {isa = PBXFileReference; explicitFileType = wrapper.framework; path = PingExternal_idp_Apple.framework; sourceTree = BUILT_PRODUCTS_DIR; };
		ECA7A3242DC258770011E59C /* PingExternal_idp_Google.framework */ = {isa = PBXFileReference; explicitFileType = wrapper.framework; path = PingExternal_idp_Google.framework; sourceTree = BUILT_PRODUCTS_DIR; };
		ECA7A3272DC2587E0011E59C /* PingExternal_idp_Facebook.framework */ = {isa = PBXFileReference; explicitFileType = wrapper.framework; path = PingExternal_idp_Facebook.framework; sourceTree = BUILT_PRODUCTS_DIR; };
		ECB7C67F2D5A24780006F1C8 /* External_idp.framework */ = {isa = PBXFileReference; explicitFileType = wrapper.framework; path = External_idp.framework; sourceTree = BUILT_PRODUCTS_DIR; };
		ECB7C6912D5A27840006F1C8 /* PingBrowser.framework */ = {isa = PBXFileReference; explicitFileType = wrapper.framework; path = PingBrowser.framework; sourceTree = BUILT_PRODUCTS_DIR; };
		ECED51132DBFD8BF00FA39A7 /* PingExternal_idp_native_handlers.framework */ = {isa = PBXFileReference; explicitFileType = wrapper.framework; path = PingExternal_idp_native_handlers.framework; sourceTree = BUILT_PRODUCTS_DIR; };
/* End PBXFileReference section */

/* Begin PBXFrameworksBuildPhase section */
		A54BF4622BF2E33C00CD24D4 /* Frameworks */ = {
			isa = PBXFrameworksBuildPhase;
			buildActionMask = 2147483647;
			files = (
				95DD7DFB2EF5EF7F00ED05D7 /* PingPush.framework in Frameworks */,
				ECED512E2DC1111800FA39A7 /* FacebookLogin in Frameworks */,
				EC59E3702E7D8BFC00A91E66 /* PingTamperDetector.framework in Frameworks */,
				951222A72EAFF02B00421313 /* PingOath.framework in Frameworks */,
				EC2E0D982DE60C55000CC0E2 /* PingExternalIdPGoogle.framework in Frameworks */,
				ECB7C6922D5A27840006F1C8 /* PingBrowser.framework in Frameworks */,
				95DD7E682EF9F78000ED05D7 /* PingFido.framework in Frameworks */,
				EC2E0D8F2DE60C42000CC0E2 /* PingExternalIdPApple.framework in Frameworks */,
				95E7555F2EA6A80F008DBFD6 /* PingDeviceProfile.framework in Frameworks */,
				EC9591062DC116EF005633A1 /* GoogleSignIn in Frameworks */,
				95DD7E6B2EF9F78700ED05D7 /* PingBinding.framework in Frameworks */,
				A507A2692CEBED9F007F5C16 /* PingLogger.framework in Frameworks */,
				ECA2E7E12ED8729000C32766 /* PingDeviceProfile.framework in Frameworks */,
				EC2E0D922DE60C49000CC0E2 /* PingExternalIdP.framework in Frameworks */,
				95DD7E712EF9F7C700ED05D7 /* PingNetwork.framework in Frameworks */,
				A507A26B2CEBED9F007F5C16 /* PingOidc.framework in Frameworks */,
				EC2E0D952DE60C50000CC0E2 /* PingExternalIdPFacebook.framework in Frameworks */,
				951222A12EAFEE6E00421313 /* PingProtect.framework in Frameworks */,
				9512229E2EAFEB6400421313 /* PingJourney.framework in Frameworks */,
				A567428A2EE34EE6009D29B9 /* PingCommons.framework in Frameworks */,
				95DD7E6E2EF9F7AF00ED05D7 /* PingDeviceClient.framework in Frameworks */,
				956BEF7C2EFB1C5D00650FA0 /* PingReCaptchaEnterprise.framework in Frameworks */,
				A507A2672CEBED9F007F5C16 /* PingDavinci.framework in Frameworks */,
				A507A26F2CEBED9F007F5C16 /* PingStorage.framework in Frameworks */,
				ECED512C2DC1111800FA39A7 /* FacebookCore in Frameworks */,
				A507A26D2CEBED9F007F5C16 /* PingOrchestrate.framework in Frameworks */,
			);
			runOnlyForDeploymentPostprocessing = 0;
		};
/* End PBXFrameworksBuildPhase section */

/* Begin PBXGroup section */
		A54BF45C2BF2E33C00CD24D4 = {
			isa = PBXGroup;
			children = (
				EC93DEC62EBA08BB0014726E /* PingTestHost.xctestplan */,
				A54BF4672BF2E33C00CD24D4 /* PingTestHost */,
				A54BF4662BF2E33C00CD24D4 /* Products */,
				A54BF4822BF2E5B800CD24D4 /* Frameworks */,
			);
			sourceTree = "<group>";
		};
		A54BF4662BF2E33C00CD24D4 /* Products */ = {
			isa = PBXGroup;
			children = (
				A54BF4652BF2E33C00CD24D4 /* PingTestHost.app */,
			);
			name = Products;
			sourceTree = "<group>";
		};
		A54BF4672BF2E33C00CD24D4 /* PingTestHost */ = {
			isa = PBXGroup;
			children = (
				A54BF4682BF2E33C00CD24D4 /* AppDelegate.swift */,
				A54BF46A2BF2E33C00CD24D4 /* SceneDelegate.swift */,
				A54BF46C2BF2E33C00CD24D4 /* ViewController.swift */,
				A54BF46E2BF2E33C00CD24D4 /* Main.storyboard */,
				A54BF4712BF2E34000CD24D4 /* Assets.xcassets */,
				A54BF4732BF2E34000CD24D4 /* LaunchScreen.storyboard */,
				A54BF4762BF2E34000CD24D4 /* Info.plist */,
			);
			path = PingTestHost;
			sourceTree = "<group>";
		};
		A54BF4822BF2E5B800CD24D4 /* Frameworks */ = {
			isa = PBXGroup;
			children = (
				956BEF7B2EFB1C5D00650FA0 /* PingReCaptchaEnterprise.framework */,
				95DD7E702EF9F7C700ED05D7 /* PingNetwork.framework */,
				95DD7E6D2EF9F7AF00ED05D7 /* PingDeviceClient.framework */,
				95DD7E6A2EF9F78700ED05D7 /* PingBinding.framework */,
				95DD7E672EF9F78000ED05D7 /* PingFido.framework */,
				95DD7DFA2EF5EF7F00ED05D7 /* PingPush.framework */,
				A56742892EE34EE6009D29B9 /* PingCommons.framework */,
				ECA2E7E02ED8729000C32766 /* PingDeviceProfile.framework */,
				951222A62EAFF02B00421313 /* PingOath.framework */,
				951222A32EAFEEC300421313 /* PingMfaCommons.framework */,
				951222A02EAFEE6E00421313 /* PingProtect.framework */,
				9512229D2EAFEB6400421313 /* PingJourney.framework */,
				95E7555E2EA6A80F008DBFD6 /* PingDeviceProfile.framework */,
				EC59E36F2E7D8BFC00A91E66 /* PingTamperDetector.framework */,
				EC2E0D972DE60C55000CC0E2 /* PingExternalIdPGoogle.framework */,
				EC2E0D942DE60C50000CC0E2 /* PingExternalIdPFacebook.framework */,
				EC2E0D912DE60C49000CC0E2 /* PingExternalIdP.framework */,
				EC2E0D8E2DE60C42000CC0E2 /* PingExternalIdPApple.framework */,
				ECA7A3272DC2587E0011E59C /* PingExternal_idp_Facebook.framework */,
				ECA7A3242DC258770011E59C /* PingExternal_idp_Google.framework */,
				ECA7A3212DC258700011E59C /* PingExternal_idp_Apple.framework */,
				ECED51132DBFD8BF00FA39A7 /* PingExternal_idp_native_handlers.framework */,
				A51313C82D9C6AC50086F846 /* PingExternal_idp.framework */,
				ECB7C6912D5A27840006F1C8 /* PingBrowser.framework */,
				ECB7C67F2D5A24780006F1C8 /* External_idp.framework */,
				A507A2622CEBED9F007F5C16 /* PingDavinci.framework */,
				A507A2632CEBED9F007F5C16 /* PingLogger.framework */,
				A507A2642CEBED9F007F5C16 /* PingOidc.framework */,
				A507A2652CEBED9F007F5C16 /* PingOrchestrate.framework */,
				A507A2662CEBED9F007F5C16 /* PingStorage.framework */,
				A57A08DE2CE50937006F0CBB /* Davinci.framework */,
				A57A08C22CE50537006F0CBB /* Oidc.framework */,
				A57A08BB2CE4FD96006F0CBB /* Orchestrate.framework */,
				A57A089D2CE412E8006F0CBB /* Logger.framework */,
				A57A08972CE40FDE006F0CBB /* Storage.framework */,
				A51D4CEA2C656D8E00FE09E0 /* PingDavinci.framework */,
				A51D4CE62C656D7D00FE09E0 /* PingOrchestrate.framework */,
				A51D4CE82C656D7D00FE09E0 /* PingStorage.framework */,
				A50966F02C50522300A4E5B5 /* PingOidc.framework */,
				A5D1CD5E2BF504E400D1C83E /* PingStorage.framework */,
				A54BF4832BF2E5B800CD24D4 /* PingLogger.framework */,
			);
			name = Frameworks;
			sourceTree = "<group>";
		};
/* End PBXGroup section */

/* Begin PBXNativeTarget section */
		A54BF4642BF2E33C00CD24D4 /* PingTestHost */ = {
			isa = PBXNativeTarget;
			buildConfigurationList = A54BF4792BF2E34000CD24D4 /* Build configuration list for PBXNativeTarget "PingTestHost" */;
			buildPhases = (
				A54BF4612BF2E33C00CD24D4 /* Sources */,
				A54BF4622BF2E33C00CD24D4 /* Frameworks */,
				A54BF4632BF2E33C00CD24D4 /* Resources */,
				A507A2712CEBED9F007F5C16 /* Embed Frameworks */,
			);
			buildRules = (
			);
			dependencies = (
			);
			name = PingTestHost;
			productName = PingTestHost;
			productReference = A54BF4652BF2E33C00CD24D4 /* PingTestHost.app */;
			productType = "com.apple.product-type.application";
		};
/* End PBXNativeTarget section */

/* Begin PBXProject section */
		A54BF45D2BF2E33C00CD24D4 /* Project object */ = {
			isa = PBXProject;
			attributes = {
				BuildIndependentTargetsInParallel = 1;
				LastSwiftUpdateCheck = 1530;
				LastUpgradeCheck = 1530;
				TargetAttributes = {
					A54BF4642BF2E33C00CD24D4 = {
						CreatedOnToolsVersion = 15.3;
					};
				};
			};
			buildConfigurationList = A54BF4602BF2E33C00CD24D4 /* Build configuration list for PBXProject "PingTestHost" */;
			compatibilityVersion = "Xcode 14.0";
			developmentRegion = en;
			hasScannedForEncodings = 0;
			knownRegions = (
				en,
				Base,
			);
			mainGroup = A54BF45C2BF2E33C00CD24D4;
			packageReferences = (
			);
			productRefGroup = A54BF4662BF2E33C00CD24D4 /* Products */;
			projectDirPath = "";
			projectRoot = "";
			targets = (
				A54BF4642BF2E33C00CD24D4 /* PingTestHost */,
			);
		};
/* End PBXProject section */

/* Begin PBXResourcesBuildPhase section */
		A54BF4632BF2E33C00CD24D4 /* Resources */ = {
			isa = PBXResourcesBuildPhase;
			buildActionMask = 2147483647;
			files = (
				A54BF4722BF2E34000CD24D4 /* Assets.xcassets in Resources */,
				A54BF4752BF2E34000CD24D4 /* Base in Resources */,
				A54BF4702BF2E33C00CD24D4 /* Base in Resources */,
				EC93DEC72EBA08BB0014726E /* PingTestHost.xctestplan in Resources */,
			);
			runOnlyForDeploymentPostprocessing = 0;
		};
/* End PBXResourcesBuildPhase section */

/* Begin PBXSourcesBuildPhase section */
		A54BF4612BF2E33C00CD24D4 /* Sources */ = {
			isa = PBXSourcesBuildPhase;
			buildActionMask = 2147483647;
			files = (
				A54BF46D2BF2E33C00CD24D4 /* ViewController.swift in Sources */,
				A54BF4692BF2E33C00CD24D4 /* AppDelegate.swift in Sources */,
				A54BF46B2BF2E33C00CD24D4 /* SceneDelegate.swift in Sources */,
			);
			runOnlyForDeploymentPostprocessing = 0;
		};
/* End PBXSourcesBuildPhase section */

/* Begin PBXVariantGroup section */
		A54BF46E2BF2E33C00CD24D4 /* Main.storyboard */ = {
			isa = PBXVariantGroup;
			children = (
				A54BF46F2BF2E33C00CD24D4 /* Base */,
			);
			name = Main.storyboard;
			sourceTree = "<group>";
		};
		A54BF4732BF2E34000CD24D4 /* LaunchScreen.storyboard */ = {
			isa = PBXVariantGroup;
			children = (
				A54BF4742BF2E34000CD24D4 /* Base */,
			);
			name = LaunchScreen.storyboard;
			sourceTree = "<group>";
		};
/* End PBXVariantGroup section */

/* Begin XCBuildConfiguration section */
		A54BF4772BF2E34000CD24D4 /* Debug */ = {
			isa = XCBuildConfiguration;
			buildSettings = {
				ALWAYS_SEARCH_USER_PATHS = NO;
				ASSETCATALOG_COMPILER_GENERATE_SWIFT_ASSET_SYMBOL_EXTENSIONS = YES;
				CLANG_ANALYZER_NONNULL = YES;
				CLANG_ANALYZER_NUMBER_OBJECT_CONVERSION = YES_AGGRESSIVE;
				CLANG_CXX_LANGUAGE_STANDARD = "gnu++20";
				CLANG_ENABLE_MODULES = YES;
				CLANG_ENABLE_OBJC_ARC = YES;
				CLANG_ENABLE_OBJC_WEAK = YES;
				CLANG_WARN_BLOCK_CAPTURE_AUTORELEASING = YES;
				CLANG_WARN_BOOL_CONVERSION = YES;
				CLANG_WARN_COMMA = YES;
				CLANG_WARN_CONSTANT_CONVERSION = YES;
				CLANG_WARN_DEPRECATED_OBJC_IMPLEMENTATIONS = YES;
				CLANG_WARN_DIRECT_OBJC_ISA_USAGE = YES_ERROR;
				CLANG_WARN_DOCUMENTATION_COMMENTS = YES;
				CLANG_WARN_EMPTY_BODY = YES;
				CLANG_WARN_ENUM_CONVERSION = YES;
				CLANG_WARN_INFINITE_RECURSION = YES;
				CLANG_WARN_INT_CONVERSION = YES;
				CLANG_WARN_NON_LITERAL_NULL_CONVERSION = YES;
				CLANG_WARN_OBJC_IMPLICIT_RETAIN_SELF = YES;
				CLANG_WARN_OBJC_LITERAL_CONVERSION = YES;
				CLANG_WARN_OBJC_ROOT_CLASS = YES_ERROR;
				CLANG_WARN_QUOTED_INCLUDE_IN_FRAMEWORK_HEADER = YES;
				CLANG_WARN_RANGE_LOOP_ANALYSIS = YES;
				CLANG_WARN_STRICT_PROTOTYPES = YES;
				CLANG_WARN_SUSPICIOUS_MOVE = YES;
				CLANG_WARN_UNGUARDED_AVAILABILITY = YES_AGGRESSIVE;
				CLANG_WARN_UNREACHABLE_CODE = YES;
				CLANG_WARN__DUPLICATE_METHOD_MATCH = YES;
				COPY_PHASE_STRIP = NO;
				DEBUG_INFORMATION_FORMAT = dwarf;
				ENABLE_STRICT_OBJC_MSGSEND = YES;
				ENABLE_TESTABILITY = YES;
				ENABLE_USER_SCRIPT_SANDBOXING = YES;
				GCC_C_LANGUAGE_STANDARD = gnu17;
				GCC_DYNAMIC_NO_PIC = NO;
				GCC_NO_COMMON_BLOCKS = YES;
				GCC_OPTIMIZATION_LEVEL = 0;
				GCC_PREPROCESSOR_DEFINITIONS = (
					"DEBUG=1",
					"$(inherited)",
				);
				GCC_WARN_64_TO_32_BIT_CONVERSION = YES;
				GCC_WARN_ABOUT_RETURN_TYPE = YES_ERROR;
				GCC_WARN_UNDECLARED_SELECTOR = YES;
				GCC_WARN_UNINITIALIZED_AUTOS = YES_AGGRESSIVE;
				GCC_WARN_UNUSED_FUNCTION = YES;
				GCC_WARN_UNUSED_VARIABLE = YES;
				IPHONEOS_DEPLOYMENT_TARGET = 13.0;
				LOCALIZATION_PREFERS_STRING_CATALOGS = YES;
				MTL_ENABLE_DEBUG_INFO = INCLUDE_SOURCE;
				MTL_FAST_MATH = YES;
				ONLY_ACTIVE_ARCH = YES;
				SDKROOT = iphoneos;
				SWIFT_ACTIVE_COMPILATION_CONDITIONS = "DEBUG $(inherited)";
				SWIFT_OPTIMIZATION_LEVEL = "-Onone";
				SWIFT_VERSION = 6.0;
			};
			name = Debug;
		};
		A54BF4782BF2E34000CD24D4 /* Release */ = {
			isa = XCBuildConfiguration;
			buildSettings = {
				ALWAYS_SEARCH_USER_PATHS = NO;
				ASSETCATALOG_COMPILER_GENERATE_SWIFT_ASSET_SYMBOL_EXTENSIONS = YES;
				CLANG_ANALYZER_NONNULL = YES;
				CLANG_ANALYZER_NUMBER_OBJECT_CONVERSION = YES_AGGRESSIVE;
				CLANG_CXX_LANGUAGE_STANDARD = "gnu++20";
				CLANG_ENABLE_MODULES = YES;
				CLANG_ENABLE_OBJC_ARC = YES;
				CLANG_ENABLE_OBJC_WEAK = YES;
				CLANG_WARN_BLOCK_CAPTURE_AUTORELEASING = YES;
				CLANG_WARN_BOOL_CONVERSION = YES;
				CLANG_WARN_COMMA = YES;
				CLANG_WARN_CONSTANT_CONVERSION = YES;
				CLANG_WARN_DEPRECATED_OBJC_IMPLEMENTATIONS = YES;
				CLANG_WARN_DIRECT_OBJC_ISA_USAGE = YES_ERROR;
				CLANG_WARN_DOCUMENTATION_COMMENTS = YES;
				CLANG_WARN_EMPTY_BODY = YES;
				CLANG_WARN_ENUM_CONVERSION = YES;
				CLANG_WARN_INFINITE_RECURSION = YES;
				CLANG_WARN_INT_CONVERSION = YES;
				CLANG_WARN_NON_LITERAL_NULL_CONVERSION = YES;
				CLANG_WARN_OBJC_IMPLICIT_RETAIN_SELF = YES;
				CLANG_WARN_OBJC_LITERAL_CONVERSION = YES;
				CLANG_WARN_OBJC_ROOT_CLASS = YES_ERROR;
				CLANG_WARN_QUOTED_INCLUDE_IN_FRAMEWORK_HEADER = YES;
				CLANG_WARN_RANGE_LOOP_ANALYSIS = YES;
				CLANG_WARN_STRICT_PROTOTYPES = YES;
				CLANG_WARN_SUSPICIOUS_MOVE = YES;
				CLANG_WARN_UNGUARDED_AVAILABILITY = YES_AGGRESSIVE;
				CLANG_WARN_UNREACHABLE_CODE = YES;
				CLANG_WARN__DUPLICATE_METHOD_MATCH = YES;
				COPY_PHASE_STRIP = NO;
				DEBUG_INFORMATION_FORMAT = "dwarf-with-dsym";
				ENABLE_NS_ASSERTIONS = NO;
				ENABLE_STRICT_OBJC_MSGSEND = YES;
				ENABLE_USER_SCRIPT_SANDBOXING = YES;
				GCC_C_LANGUAGE_STANDARD = gnu17;
				GCC_NO_COMMON_BLOCKS = YES;
				GCC_WARN_64_TO_32_BIT_CONVERSION = YES;
				GCC_WARN_ABOUT_RETURN_TYPE = YES_ERROR;
				GCC_WARN_UNDECLARED_SELECTOR = YES;
				GCC_WARN_UNINITIALIZED_AUTOS = YES_AGGRESSIVE;
				GCC_WARN_UNUSED_FUNCTION = YES;
				GCC_WARN_UNUSED_VARIABLE = YES;
				IPHONEOS_DEPLOYMENT_TARGET = 13.0;
				LOCALIZATION_PREFERS_STRING_CATALOGS = YES;
				MTL_ENABLE_DEBUG_INFO = NO;
				MTL_FAST_MATH = YES;
				SDKROOT = iphoneos;
				SWIFT_COMPILATION_MODE = wholemodule;
				SWIFT_VERSION = 6.0;
				VALIDATE_PRODUCT = YES;
			};
			name = Release;
		};
		A54BF47A2BF2E34000CD24D4 /* Debug */ = {
			isa = XCBuildConfiguration;
			buildSettings = {
				ASSETCATALOG_COMPILER_APPICON_NAME = AppIcon;
				ASSETCATALOG_COMPILER_GLOBAL_ACCENT_COLOR_NAME = AccentColor;
				CODE_SIGN_IDENTITY = "Apple Development";
				"CODE_SIGN_IDENTITY[sdk=iphoneos*]" = "iPhone Developer";
				CODE_SIGN_STYLE = Manual;
				CURRENT_PROJECT_VERSION = 1;
				DEVELOPMENT_TEAM = "";
				"DEVELOPMENT_TEAM[sdk=iphoneos*]" = 9QSE66762D;
				GENERATE_INFOPLIST_FILE = YES;
				INFOPLIST_FILE = PingTestHost/Info.plist;
				INFOPLIST_KEY_NSBluetoothAlwaysUsageDescription = "We use Bluetooth in the device profile feature";
				INFOPLIST_KEY_NSLocationWhenInUseUsageDescription = "We need your location for testing";
				INFOPLIST_KEY_UIApplicationSupportsIndirectInputEvents = YES;
				INFOPLIST_KEY_UILaunchStoryboardName = LaunchScreen;
				INFOPLIST_KEY_UIMainStoryboardFile = Main;
				INFOPLIST_KEY_UISupportedInterfaceOrientations_iPad = "UIInterfaceOrientationPortrait UIInterfaceOrientationPortraitUpsideDown UIInterfaceOrientationLandscapeLeft UIInterfaceOrientationLandscapeRight";
				INFOPLIST_KEY_UISupportedInterfaceOrientations_iPhone = "UIInterfaceOrientationPortrait UIInterfaceOrientationLandscapeLeft UIInterfaceOrientationLandscapeRight";
				IPHONEOS_DEPLOYMENT_TARGET = 16.0;
				LD_RUNPATH_SEARCH_PATHS = (
					"$(inherited)",
					"@executable_path/Frameworks",
				);
				MARKETING_VERSION = "2.0.0-alpha";
				PRODUCT_BUNDLE_IDENTIFIER = com.pingidentity.PingTestHost;
				PRODUCT_NAME = "$(TARGET_NAME)";
				PROVISIONING_PROFILE_SPECIFIER = "";
				"PROVISIONING_PROFILE_SPECIFIER[sdk=iphoneos*]" = PingTestHost;
				SWIFT_EMIT_LOC_STRINGS = YES;
				SWIFT_VERSION = 6.0;
				TARGETED_DEVICE_FAMILY = "1,2";
				TEST_HOST = "$(BUILT_PRODUCTS_DIR)/PingTestHost.app/PingTestHost";
			};
			name = Debug;
		};
		A54BF47B2BF2E34000CD24D4 /* Release */ = {
			isa = XCBuildConfiguration;
			buildSettings = {
				ASSETCATALOG_COMPILER_APPICON_NAME = AppIcon;
				ASSETCATALOG_COMPILER_GLOBAL_ACCENT_COLOR_NAME = AccentColor;
				CODE_SIGN_IDENTITY = "Apple Development";
				"CODE_SIGN_IDENTITY[sdk=iphoneos*]" = "iPhone Developer";
				CODE_SIGN_STYLE = Manual;
				CURRENT_PROJECT_VERSION = 1;
				DEVELOPMENT_TEAM = "";
				"DEVELOPMENT_TEAM[sdk=iphoneos*]" = 9QSE66762D;
				GENERATE_INFOPLIST_FILE = YES;
				INFOPLIST_FILE = PingTestHost/Info.plist;
				INFOPLIST_KEY_NSBluetoothAlwaysUsageDescription = "We use Bluetooth in the device profile feature";
				INFOPLIST_KEY_NSLocationWhenInUseUsageDescription = "We need your location for testing";
				INFOPLIST_KEY_UIApplicationSupportsIndirectInputEvents = YES;
				INFOPLIST_KEY_UILaunchStoryboardName = LaunchScreen;
				INFOPLIST_KEY_UIMainStoryboardFile = Main;
				INFOPLIST_KEY_UISupportedInterfaceOrientations_iPad = "UIInterfaceOrientationPortrait UIInterfaceOrientationPortraitUpsideDown UIInterfaceOrientationLandscapeLeft UIInterfaceOrientationLandscapeRight";
				INFOPLIST_KEY_UISupportedInterfaceOrientations_iPhone = "UIInterfaceOrientationPortrait UIInterfaceOrientationLandscapeLeft UIInterfaceOrientationLandscapeRight";
				IPHONEOS_DEPLOYMENT_TARGET = 16.0;
				LD_RUNPATH_SEARCH_PATHS = (
					"$(inherited)",
					"@executable_path/Frameworks",
				);
				MARKETING_VERSION = "2.0.0-alpha";
				PRODUCT_BUNDLE_IDENTIFIER = com.pingidentity.PingTestHost;
				PRODUCT_NAME = "$(TARGET_NAME)";
				PROVISIONING_PROFILE_SPECIFIER = "";
				"PROVISIONING_PROFILE_SPECIFIER[sdk=iphoneos*]" = PingTestHost;
				SWIFT_EMIT_LOC_STRINGS = YES;
				SWIFT_VERSION = 6.0;
				TARGETED_DEVICE_FAMILY = "1,2";
				TEST_HOST = "$(BUILT_PRODUCTS_DIR)/PingTestHost.app/PingTestHost";
			};
			name = Release;
		};
/* End XCBuildConfiguration section */

/* Begin XCConfigurationList section */
		A54BF4602BF2E33C00CD24D4 /* Build configuration list for PBXProject "PingTestHost" */ = {
			isa = XCConfigurationList;
			buildConfigurations = (
				A54BF4772BF2E34000CD24D4 /* Debug */,
				A54BF4782BF2E34000CD24D4 /* Release */,
			);
			defaultConfigurationIsVisible = 0;
			defaultConfigurationName = Release;
		};
		A54BF4792BF2E34000CD24D4 /* Build configuration list for PBXNativeTarget "PingTestHost" */ = {
			isa = XCConfigurationList;
			buildConfigurations = (
				A54BF47A2BF2E34000CD24D4 /* Debug */,
				A54BF47B2BF2E34000CD24D4 /* Release */,
			);
			defaultConfigurationIsVisible = 0;
			defaultConfigurationName = Release;
		};
/* End XCConfigurationList section */

/* Begin XCRemoteSwiftPackageReference section */
		EC9591042DC116EF005633A1 /* XCRemoteSwiftPackageReference "GoogleSignIn-iOS" */ = {
			isa = XCRemoteSwiftPackageReference;
			repositoryURL = "https://github.com/google/GoogleSignIn-iOS";
			requirement = {
				kind = exactVersion;
				version = "8.1.0-vwg-eap-1.0.0";
			};
		};
		ECED512A2DC1111800FA39A7 /* XCRemoteSwiftPackageReference "facebook-ios-sdk" */ = {
			isa = XCRemoteSwiftPackageReference;
			repositoryURL = "https://github.com/facebook/facebook-ios-sdk";
			requirement = {
				kind = exactVersion;
				version = 18.0.0;
			};
		};
/* End XCRemoteSwiftPackageReference section */

/* Begin XCSwiftPackageProductDependency section */
		EC9591052DC116EF005633A1 /* GoogleSignIn */ = {
			isa = XCSwiftPackageProductDependency;
			package = EC9591042DC116EF005633A1 /* XCRemoteSwiftPackageReference "GoogleSignIn-iOS" */;
			productName = GoogleSignIn;
		};
		ECED512B2DC1111800FA39A7 /* FacebookCore */ = {
			isa = XCSwiftPackageProductDependency;
			package = ECED512A2DC1111800FA39A7 /* XCRemoteSwiftPackageReference "facebook-ios-sdk" */;
			productName = FacebookCore;
		};
		ECED512D2DC1111800FA39A7 /* FacebookLogin */ = {
			isa = XCSwiftPackageProductDependency;
			package = ECED512A2DC1111800FA39A7 /* XCRemoteSwiftPackageReference "facebook-ios-sdk" */;
			productName = FacebookLogin;
		};
/* End XCSwiftPackageProductDependency section */
	};
	rootObject = A54BF45D2BF2E33C00CD24D4 /* Project object */;
}
