// !$*UTF8*$!
{
	archiveVersion = 1;
	classes = {
	};
	objectVersion = 77;
	objects = {

/* Begin PBXBuildFile section */
		951773A62EA931A20081AEDE /* DeviceProfileCallbackE2ETest.swift in Sources */ = {isa = PBXBuildFile; fileRef = 951773A52EA931A20081AEDE /* DeviceProfileCallbackE2ETest.swift */; };
		951773AB2EA934910081AEDE /* PingDeviceProfile.framework in Frameworks */ = {isa = PBXBuildFile; fileRef = 951773AA2EA934910081AEDE /* PingDeviceProfile.framework */; };
		95DA7BFC2E4E7DCC00168E1A /* JourneyE2EBaseTest.swift in Sources */ = {isa = PBXBuildFile; fileRef = 95DA7BED2E4E7DCC00168E1A /* JourneyE2EBaseTest.swift */; };
		95DA7BFD2E4E7DCC00168E1A /* StringAttributeInputCallbackE2ETest.swift in Sources */ = {isa = PBXBuildFile; fileRef = 95DA7BF42E4E7DCC00168E1A /* StringAttributeInputCallbackE2ETest.swift */; };
		95DA7BFE2E4E7DCC00168E1A /* ValidatePasswordCallbackE2ETest.swift in Sources */ = {isa = PBXBuildFile; fileRef = 95DA7BFA2E4E7DCC00168E1A /* ValidatePasswordCallbackE2ETest.swift */; };
		95DA7BFF2E4E7DCC00168E1A /* ConsentMappingCallbackE2ETest.swift in Sources */ = {isa = PBXBuildFile; fileRef = 95DA7BEB2E4E7DCC00168E1A /* ConsentMappingCallbackE2ETest.swift */; };
		95DA7C002E4E7DCC00168E1A /* MetadataCallbackE2ETest.swift in Sources */ = {isa = PBXBuildFile; fileRef = 95DA7BF02E4E7DCC00168E1A /* MetadataCallbackE2ETest.swift */; };
		95DA7C012E4E7DCC00168E1A /* TextOutputCallbackE2ETest.swift in Sources */ = {isa = PBXBuildFile; fileRef = 95DA7BF82E4E7DCC00168E1A /* TextOutputCallbackE2ETest.swift */; };
		95DA7C022E4E7DCC00168E1A /* KbaCreateCallbackE2ETest.swift in Sources */ = {isa = PBXBuildFile; fileRef = 95DA7BEF2E4E7DCC00168E1A /* KbaCreateCallbackE2ETest.swift */; };
		95DA7C032E4E7DCC00168E1A /* NamePasswordCallbackE2ETest.swift in Sources */ = {isa = PBXBuildFile; fileRef = 95DA7BF12E4E7DCC00168E1A /* NamePasswordCallbackE2ETest.swift */; };
		95DA7C042E4E7DCC00168E1A /* JourneyE2ETests.swift in Sources */ = {isa = PBXBuildFile; fileRef = 95DA7BEE2E4E7DCC00168E1A /* JourneyE2ETests.swift */; };
		95DA7C052E4E7DCC00168E1A /* ConfirmationCallbackE2ETest.swift in Sources */ = {isa = PBXBuildFile; fileRef = 95DA7BEA2E4E7DCC00168E1A /* ConfirmationCallbackE2ETest.swift */; };
		95DA7C062E4E7DCC00168E1A /* BooleanAttributeInputCallbackE2ETest.swift in Sources */ = {isa = PBXBuildFile; fileRef = 95DA7BE82E4E7DCC00168E1A /* BooleanAttributeInputCallbackE2ETest.swift */; };
		95DA7C072E4E7DCC00168E1A /* NumberAttributeInputCallbackE2ETest.swift in Sources */ = {isa = PBXBuildFile; fileRef = 95DA7BF22E4E7DCC00168E1A /* NumberAttributeInputCallbackE2ETest.swift */; };
		95DA7C082E4E7DCC00168E1A /* TextInputCallbackE2ETest.swift in Sources */ = {isa = PBXBuildFile; fileRef = 95DA7BF72E4E7DCC00168E1A /* TextInputCallbackE2ETest.swift */; };
		95DA7C092E4E7DCC00168E1A /* TermsAndConditionsCallbackE2ETest.swift in Sources */ = {isa = PBXBuildFile; fileRef = 95DA7BF62E4E7DCC00168E1A /* TermsAndConditionsCallbackE2ETest.swift */; };
		95DA7C0A2E4E7DCC00168E1A /* SuspendedTextCallbackE2ETest.swift in Sources */ = {isa = PBXBuildFile; fileRef = 95DA7BF52E4E7DCC00168E1A /* SuspendedTextCallbackE2ETest.swift */; };
		95DA7C0B2E4E7DCC00168E1A /* ValidatedUsernameCallbackE2ETest.swift in Sources */ = {isa = PBXBuildFile; fileRef = 95DA7BF92E4E7DCC00168E1A /* ValidatedUsernameCallbackE2ETest.swift */; };
		95DA7C0C2E4E7DCC00168E1A /* HiddenValueCallbackE2ETest.swift in Sources */ = {isa = PBXBuildFile; fileRef = 95DA7BEC2E4E7DCC00168E1A /* HiddenValueCallbackE2ETest.swift */; };
		95DA7C0D2E4E7DCC00168E1A /* ChoiceCallbackE2ETest.swift in Sources */ = {isa = PBXBuildFile; fileRef = 95DA7BE92E4E7DCC00168E1A /* ChoiceCallbackE2ETest.swift */; };
		95DA7C0E2E4E7DCC00168E1A /* PollingWaitCallbackE2ETest.swift in Sources */ = {isa = PBXBuildFile; fileRef = 95DA7BF32E4E7DCC00168E1A /* PollingWaitCallbackE2ETest.swift */; };
		A50585152E3D05FC004813B5 /* ConfirmationCallbackTests.swift in Sources */ = {isa = PBXBuildFile; fileRef = A50585142E3D05FA004813B5 /* ConfirmationCallbackTests.swift */; };
		A50585172E3D13B6004813B5 /* KbaCreateCallbackTests.swift in Sources */ = {isa = PBXBuildFile; fileRef = A50585162E3D13B2004813B5 /* KbaCreateCallbackTests.swift */; };
		A5768D1E2E29B37D000290EE /* ConsentMappingCallback.swift in Sources */ = {isa = PBXBuildFile; fileRef = A5768D1D2E29B37A000290EE /* ConsentMappingCallback.swift */; };
		A5AB90402E26954C000E1089 /* TermsAndConditionsCallback.swift in Sources */ = {isa = PBXBuildFile; fileRef = A5AB903F2E26954A000E1089 /* TermsAndConditionsCallback.swift */; };
		A5AB90422E2695B8000E1089 /* TextOutputCallback.swift in Sources */ = {isa = PBXBuildFile; fileRef = A5AB90412E2695B7000E1089 /* TextOutputCallback.swift */; };
		A5AB90442E2695D0000E1089 /* SuspendedTextOutputCallback.swift in Sources */ = {isa = PBXBuildFile; fileRef = A5AB90432E2695CA000E1089 /* SuspendedTextOutputCallback.swift */; };
		A5AB90462E2695F2000E1089 /* PollingWaitCallback.swift in Sources */ = {isa = PBXBuildFile; fileRef = A5AB90452E2695ED000E1089 /* PollingWaitCallback.swift */; };
		A5AB90482E269B80000E1089 /* ConfirmationCallback.swift in Sources */ = {isa = PBXBuildFile; fileRef = A5AB90472E269B7E000E1089 /* ConfirmationCallback.swift */; };
		A5AB904A2E269BB0000E1089 /* KbaCreateCallback.swift in Sources */ = {isa = PBXBuildFile; fileRef = A5AB90492E269BA7000E1089 /* KbaCreateCallback.swift */; };
		A5AB904C2E269BC7000E1089 /* ChoiceCallback.swift in Sources */ = {isa = PBXBuildFile; fileRef = A5AB904B2E269BC4000E1089 /* ChoiceCallback.swift */; };
		A5AB904E2E269BE2000E1089 /* HiddenValueCallback.swift in Sources */ = {isa = PBXBuildFile; fileRef = A5AB904D2E269BE0000E1089 /* HiddenValueCallback.swift */; };
		A5AB90502E269BFD000E1089 /* TextInputCallback.swift in Sources */ = {isa = PBXBuildFile; fileRef = A5AB904F2E269BFB000E1089 /* TextInputCallback.swift */; };
		A5AB90522E26A6A3000E1089 /* AttributeInputCallback.swift in Sources */ = {isa = PBXBuildFile; fileRef = A5AB90512E26A6A1000E1089 /* AttributeInputCallback.swift */; };
		A5AB90542E26A90F000E1089 /* AbstractValidatedCallback.swift in Sources */ = {isa = PBXBuildFile; fileRef = A5AB90532E26A90D000E1089 /* AbstractValidatedCallback.swift */; };
		A5AB90562E26A93E000E1089 /* NumberAttributeInputCallback.swift in Sources */ = {isa = PBXBuildFile; fileRef = A5AB90552E26A93C000E1089 /* NumberAttributeInputCallback.swift */; };
		A5AB90582E26A958000E1089 /* BooleanAttributeInputCallback.swift in Sources */ = {isa = PBXBuildFile; fileRef = A5AB90572E26A953000E1089 /* BooleanAttributeInputCallback.swift */; };
		A5AB905A2E26A97A000E1089 /* StringAttributeInputCallback.swift in Sources */ = {isa = PBXBuildFile; fileRef = A5AB90592E26A974000E1089 /* StringAttributeInputCallback.swift */; };
		A5AB905C2E26AA1E000E1089 /* ValidatedUsernameCallback.swift in Sources */ = {isa = PBXBuildFile; fileRef = A5AB905B2E26AA03000E1089 /* ValidatedUsernameCallback.swift */; };
		A5AB905E2E26AA55000E1089 /* ValidatedPasswordCallback.swift in Sources */ = {isa = PBXBuildFile; fileRef = A5AB905D2E26AA4D000E1089 /* ValidatedPasswordCallback.swift */; };
		A5AB90602E26B158000E1089 /* MetadataCallback.swift in Sources */ = {isa = PBXBuildFile; fileRef = A5AB905F2E26B154000E1089 /* MetadataCallback.swift */; };
		A5CFC86C2E4292E900CBFC3B /* AbstractValidatedCallbackTests.swift in Sources */ = {isa = PBXBuildFile; fileRef = A5CFC86B2E4292E500CBFC3B /* AbstractValidatedCallbackTests.swift */; };
		A5CFC86E2E4299CB00CBFC3B /* AttributeInputCallbackTests.swift in Sources */ = {isa = PBXBuildFile; fileRef = A5CFC86D2E4299C900CBFC3B /* AttributeInputCallbackTests.swift */; };
		A5CFC8702E429A6100CBFC3B /* BooleanAttributeInputCallbackTests.swift in Sources */ = {isa = PBXBuildFile; fileRef = A5CFC86F2E429A5F00CBFC3B /* BooleanAttributeInputCallbackTests.swift */; };
		A5CFC8722E43913A00CBFC3B /* ChoiceCallbackTests.swift in Sources */ = {isa = PBXBuildFile; fileRef = A5CFC8712E43913800CBFC3B /* ChoiceCallbackTests.swift */; };
		A5CFC8742E4392D900CBFC3B /* ConsentMappingCallbackTests.swift in Sources */ = {isa = PBXBuildFile; fileRef = A5CFC8732E4392D400CBFC3B /* ConsentMappingCallbackTests.swift */; };
		A5CFC8762E43938100CBFC3B /* HiddenValueCallbackTests.swift in Sources */ = {isa = PBXBuildFile; fileRef = A5CFC8752E43937F00CBFC3B /* HiddenValueCallbackTests.swift */; };
		A5CFC8782E43954D00CBFC3B /* MetadataCallbackTests.swift in Sources */ = {isa = PBXBuildFile; fileRef = A5CFC8772E43954A00CBFC3B /* MetadataCallbackTests.swift */; };
		A5CFC87A2E43973D00CBFC3B /* NumberAttributeInputCallbackTests.swift in Sources */ = {isa = PBXBuildFile; fileRef = A5CFC8792E43973A00CBFC3B /* NumberAttributeInputCallbackTests.swift */; };
		A5CFC87C2E439A9B00CBFC3B /* PollingWaitCallbackTests.swift in Sources */ = {isa = PBXBuildFile; fileRef = A5CFC87B2E439A9900CBFC3B /* PollingWaitCallbackTests.swift */; };
		A5CFC87E2E439D3800CBFC3B /* StringAttributeInputCallbackTests.swift in Sources */ = {isa = PBXBuildFile; fileRef = A5CFC87D2E439D3600CBFC3B /* StringAttributeInputCallbackTests.swift */; };
		A5CFC8802E439DF300CBFC3B /* SuspendedTextOutputCallbackTests.swift in Sources */ = {isa = PBXBuildFile; fileRef = A5CFC87F2E439DF200CBFC3B /* SuspendedTextOutputCallbackTests.swift */; };
		A5CFC89C2E43A02900CBFC3B /* TermsAndConditionsCallbackTests.swift in Sources */ = {isa = PBXBuildFile; fileRef = A5CFC89B2E43A02700CBFC3B /* TermsAndConditionsCallbackTests.swift */; };
		A5CFC89E2E43A0E600CBFC3B /* TextInputCallbackTests.swift in Sources */ = {isa = PBXBuildFile; fileRef = A5CFC89D2E43A0E400CBFC3B /* TextInputCallbackTests.swift */; };
		A5CFC8A02E43A1DA00CBFC3B /* TextOutputCallbackTests.swift in Sources */ = {isa = PBXBuildFile; fileRef = A5CFC89F2E43A1CB00CBFC3B /* TextOutputCallbackTests.swift */; };
		A5CFC8A22E43A2B300CBFC3B /* ValidatedPasswordCallbackTests.swift in Sources */ = {isa = PBXBuildFile; fileRef = A5CFC8A12E43A2AF00CBFC3B /* ValidatedPasswordCallbackTests.swift */; };
		A5CFC8A42E43A35300CBFC3B /* ValidatedUsernameCallbackTests.swift in Sources */ = {isa = PBXBuildFile; fileRef = A5CFC8A32E43A34E00CBFC3B /* ValidatedUsernameCallbackTests.swift */; };
		EC23269E2E0D5E4E00634A50 /* CallbackRegistryTests.swift in Sources */ = {isa = PBXBuildFile; fileRef = EC23269D2E0D5E4700634A50 /* CallbackRegistryTests.swift */; };
		EC2326A02E0D62ED00634A50 /* NameCallbackTests.swift in Sources */ = {isa = PBXBuildFile; fileRef = EC23269F2E0D62E600634A50 /* NameCallbackTests.swift */; };
		EC2326A22E0D65A800634A50 /* PasswordCallbackTests.swift in Sources */ = {isa = PBXBuildFile; fileRef = EC2326A12E0D65A300634A50 /* PasswordCallbackTests.swift */; };
		EC2326A42E0D671700634A50 /* JourneyContinueNodeTests.swift in Sources */ = {isa = PBXBuildFile; fileRef = EC2326A32E0D670D00634A50 /* JourneyContinueNodeTests.swift */; };
		EC2326A62E0D744F00634A50 /* JourneyUserTests.swift in Sources */ = {isa = PBXBuildFile; fileRef = EC2326A52E0D744A00634A50 /* JourneyUserTests.swift */; };
		EC2326A82E0D7C7900634A50 /* AgentTests.swift in Sources */ = {isa = PBXBuildFile; fileRef = EC2326A72E0D7C7800634A50 /* AgentTests.swift */; };
		EC4FF9132EE0569600A35D3A /* PingOidc.framework in Frameworks */ = {isa = PBXBuildFile; fileRef = EC4FF9122EE0569600A35D3A /* PingOidc.framework */; };
		EC4FF9142EE0569600A35D3A /* PingOidc.framework in Embed Frameworks */ = {isa = PBXBuildFile; fileRef = EC4FF9122EE0569600A35D3A /* PingOidc.framework */; settings = {ATTRIBUTES = (CodeSignOnCopy, RemoveHeadersOnCopy, ); }; };
		EC5C81E22ED0824200C91570 /* PingJourneyPlugin.framework in Frameworks */ = {isa = PBXBuildFile; fileRef = EC5C81E12ED0824200C91570 /* PingJourneyPlugin.framework */; };
		EC5C81E32ED0824200C91570 /* PingJourneyPlugin.framework in Embed Frameworks */ = {isa = PBXBuildFile; fileRef = EC5C81E12ED0824200C91570 /* PingJourneyPlugin.framework */; settings = {ATTRIBUTES = (CodeSignOnCopy, RemoveHeadersOnCopy, ); }; };
		EC727A2E2E019243005D9E28 /* PingJourney.framework in Frameworks */ = {isa = PBXBuildFile; fileRef = EC727A242E019243005D9E28 /* PingJourney.framework */; };
		EC727A5D2E019254005D9E28 /* Journey.swift in Sources */ = {isa = PBXBuildFile; fileRef = EC727A5B2E019254005D9E28 /* Journey.swift */; };
		EC727A602E019258005D9E28 /* JourneyTests.swift in Sources */ = {isa = PBXBuildFile; fileRef = EC727A5E2E019258005D9E28 /* JourneyTests.swift */; };
		EC727A652E0192FA005D9E28 /* Journey.h in Headers */ = {isa = PBXBuildFile; fileRef = EC727A642E0192FA005D9E28 /* Journey.h */; };
		EC727A662E0192FA005D9E28 /* PrivacyInfo.xcprivacy in Resources */ = {isa = PBXBuildFile; fileRef = EC727A632E0192FA005D9E28 /* PrivacyInfo.xcprivacy */; };
		EC727A922E02DCA9005D9E28 /* PingOidc.framework in Frameworks */ = {isa = PBXBuildFile; fileRef = EC727A912E02DCA9005D9E28 /* PingOidc.framework */; };
		EC727A932E02DCA9005D9E28 /* PingOidc.framework in Embed Frameworks */ = {isa = PBXBuildFile; fileRef = EC727A912E02DCA9005D9E28 /* PingOidc.framework */; settings = {ATTRIBUTES = (CodeSignOnCopy, RemoveHeadersOnCopy, ); }; };
		EC727A9A2E02DD04005D9E28 /* Oidc.swift in Sources */ = {isa = PBXBuildFile; fileRef = EC727A992E02DCFF005D9E28 /* Oidc.swift */; };
		EC727AC92E031C8A005D9E28 /* Request.swift in Sources */ = {isa = PBXBuildFile; fileRef = EC727AC82E031C86005D9E28 /* Request.swift */; };
		EC727ACB2E042A49005D9E28 /* Session.swift in Sources */ = {isa = PBXBuildFile; fileRef = EC727ACA2E042A22005D9E28 /* Session.swift */; };
		EC727ACD2E042B13005D9E28 /* SessionConfig.swift in Sources */ = {isa = PBXBuildFile; fileRef = EC727ACC2E042B0E005D9E28 /* SessionConfig.swift */; };
		EC727ACF2E042DC0005D9E28 /* SSOToken.swift in Sources */ = {isa = PBXBuildFile; fileRef = EC727ACE2E042DBB005D9E28 /* SSOToken.swift */; };
		EC727AD12E044AA2005D9E28 /* Transform.swift in Sources */ = {isa = PBXBuildFile; fileRef = EC727AD02E044A9F005D9E28 /* Transform.swift */; };
		EC727B052E047079005D9E28 /* NameCallback.swift in Sources */ = {isa = PBXBuildFile; fileRef = EC727B042E047076005D9E28 /* NameCallback.swift */; };
		EC727B072E04713A005D9E28 /* PasswordCallback.swift in Sources */ = {isa = PBXBuildFile; fileRef = EC727B062E047133005D9E28 /* PasswordCallback.swift */; };
		EC727B092E059BB9005D9E28 /* User.swift in Sources */ = {isa = PBXBuildFile; fileRef = EC727B082E059BB5005D9E28 /* User.swift */; };
		EC727B0B2E05A20D005D9E28 /* Agent.swift in Sources */ = {isa = PBXBuildFile; fileRef = EC727B0A2E05A20B005D9E28 /* Agent.swift */; };
		ECA2E7EA2ED8824A00C32766 /* JourneyContinueNode.swift in Sources */ = {isa = PBXBuildFile; fileRef = ECA2E7E92ED8824500C32766 /* JourneyContinueNode.swift */; };
		ECD562A42E0C45E300F0B5A9 /* Config.swift in Sources */ = {isa = PBXBuildFile; fileRef = ECD562A32E0C45E300F0B5A9 /* Config.swift */; };
		ECD562A52E0C45E300F0B5A9 /* Config.json in Resources */ = {isa = PBXBuildFile; fileRef = ECD562A22E0C45E300F0B5A9 /* Config.json */; };
		ECD562A82E0C48A700F0B5A9 /* MockURLProtocol.swift in Sources */ = {isa = PBXBuildFile; fileRef = ECD562A72E0C489E00F0B5A9 /* MockURLProtocol.swift */; };
		ECD562AB2E0C494200F0B5A9 /* MockAPIEndpoint.swift in Sources */ = {isa = PBXBuildFile; fileRef = ECD562AA2E0C494200F0B5A9 /* MockAPIEndpoint.swift */; };
		ECD562AC2E0C494200F0B5A9 /* MockResponse.swift in Sources */ = {isa = PBXBuildFile; fileRef = ECD562A92E0C494200F0B5A9 /* MockResponse.swift */; };
		ECEFDC282ED4B0AC00B56E87 /* MetadataCallbackSpecializationTests.swift in Sources */ = {isa = PBXBuildFile; fileRef = ECEFDC242ED4AF3C00B56E87 /* MetadataCallbackSpecializationTests.swift */; };
		ECEFDC292ED4B10E00B56E87 /* MetadataCallbackInjectionTests.swift in Sources */ = {isa = PBXBuildFile; fileRef = ECEFDC262ED4AF8500B56E87 /* MetadataCallbackInjectionTests.swift */; };
		AA4785041F0000000000AA04 /* OidcDeviceApprovalTests.swift in Sources */ = {isa = PBXBuildFile; fileRef = AA4785051F0000000000AA05 /* OidcDeviceApprovalTests.swift */; };
/* End PBXBuildFile section */

/* Begin PBXContainerItemProxy section */
		EC727A2F2E019243005D9E28 /* PBXContainerItemProxy */ = {
			isa = PBXContainerItemProxy;
			containerPortal = EC727A1B2E019243005D9E28 /* Project object */;
			proxyType = 1;
			remoteGlobalIDString = EC727A232E019243005D9E28;
			remoteInfo = Journey;
		};
/* End PBXContainerItemProxy section */

/* Begin PBXCopyFilesBuildPhase section */
		EC4FF9112EE0568F00A35D3A /* Embed Frameworks */ = {
			isa = PBXCopyFilesBuildPhase;
			buildActionMask = 2147483647;
			dstPath = "";
			dstSubfolderSpec = 10;
			files = (
				EC4FF9142EE0569600A35D3A /* PingOidc.framework in Embed Frameworks */,
			);
			name = "Embed Frameworks";
			runOnlyForDeploymentPostprocessing = 0;
		};
		EC727A942E02DCA9005D9E28 /* Embed Frameworks */ = {
			isa = PBXCopyFilesBuildPhase;
			buildActionMask = 2147483647;
			dstPath = "";
			dstSubfolderSpec = 10;
			files = (
				EC727A932E02DCA9005D9E28 /* PingOidc.framework in Embed Frameworks */,
				EC5C81E32ED0824200C91570 /* PingJourneyPlugin.framework in Embed Frameworks */,
			);
			name = "Embed Frameworks";
			runOnlyForDeploymentPostprocessing = 0;
		};
/* End PBXCopyFilesBuildPhase section */

/* Begin PBXFileReference section */
		951773A52EA931A20081AEDE /* DeviceProfileCallbackE2ETest.swift */ = {isa = PBXFileReference; lastKnownFileType = sourcecode.swift; path = DeviceProfileCallbackE2ETest.swift; sourceTree = "<group>"; };
		951773AA2EA934910081AEDE /* PingDeviceProfile.framework */ = {isa = PBXFileReference; explicitFileType = wrapper.framework; path = PingDeviceProfile.framework; sourceTree = BUILT_PRODUCTS_DIR; };
		95DA7BE82E4E7DCC00168E1A /* BooleanAttributeInputCallbackE2ETest.swift */ = {isa = PBXFileReference; lastKnownFileType = sourcecode.swift; path = BooleanAttributeInputCallbackE2ETest.swift; sourceTree = "<group>"; };
		95DA7BE92E4E7DCC00168E1A /* ChoiceCallbackE2ETest.swift */ = {isa = PBXFileReference; lastKnownFileType = sourcecode.swift; path = ChoiceCallbackE2ETest.swift; sourceTree = "<group>"; };
		95DA7BEA2E4E7DCC00168E1A /* ConfirmationCallbackE2ETest.swift */ = {isa = PBXFileReference; lastKnownFileType = sourcecode.swift; path = ConfirmationCallbackE2ETest.swift; sourceTree = "<group>"; };
		95DA7BEB2E4E7DCC00168E1A /* ConsentMappingCallbackE2ETest.swift */ = {isa = PBXFileReference; lastKnownFileType = sourcecode.swift; path = ConsentMappingCallbackE2ETest.swift; sourceTree = "<group>"; };
		95DA7BEC2E4E7DCC00168E1A /* HiddenValueCallbackE2ETest.swift */ = {isa = PBXFileReference; lastKnownFileType = sourcecode.swift; path = HiddenValueCallbackE2ETest.swift; sourceTree = "<group>"; };
		95DA7BED2E4E7DCC00168E1A /* JourneyE2EBaseTest.swift */ = {isa = PBXFileReference; lastKnownFileType = sourcecode.swift; path = JourneyE2EBaseTest.swift; sourceTree = "<group>"; };
		95DA7BEE2E4E7DCC00168E1A /* JourneyE2ETests.swift */ = {isa = PBXFileReference; lastKnownFileType = sourcecode.swift; path = JourneyE2ETests.swift; sourceTree = "<group>"; };
		95DA7BEF2E4E7DCC00168E1A /* KbaCreateCallbackE2ETest.swift */ = {isa = PBXFileReference; lastKnownFileType = sourcecode.swift; path = KbaCreateCallbackE2ETest.swift; sourceTree = "<group>"; };
		95DA7BF02E4E7DCC00168E1A /* MetadataCallbackE2ETest.swift */ = {isa = PBXFileReference; lastKnownFileType = sourcecode.swift; path = MetadataCallbackE2ETest.swift; sourceTree = "<group>"; };
		95DA7BF12E4E7DCC00168E1A /* NamePasswordCallbackE2ETest.swift */ = {isa = PBXFileReference; lastKnownFileType = sourcecode.swift; path = NamePasswordCallbackE2ETest.swift; sourceTree = "<group>"; };
		95DA7BF22E4E7DCC00168E1A /* NumberAttributeInputCallbackE2ETest.swift */ = {isa = PBXFileReference; lastKnownFileType = sourcecode.swift; path = NumberAttributeInputCallbackE2ETest.swift; sourceTree = "<group>"; };
		95DA7BF32E4E7DCC00168E1A /* PollingWaitCallbackE2ETest.swift */ = {isa = PBXFileReference; lastKnownFileType = sourcecode.swift; path = PollingWaitCallbackE2ETest.swift; sourceTree = "<group>"; };
		95DA7BF42E4E7DCC00168E1A /* StringAttributeInputCallbackE2ETest.swift */ = {isa = PBXFileReference; lastKnownFileType = sourcecode.swift; path = StringAttributeInputCallbackE2ETest.swift; sourceTree = "<group>"; };
		95DA7BF52E4E7DCC00168E1A /* SuspendedTextCallbackE2ETest.swift */ = {isa = PBXFileReference; lastKnownFileType = sourcecode.swift; path = SuspendedTextCallbackE2ETest.swift; sourceTree = "<group>"; };
		95DA7BF62E4E7DCC00168E1A /* TermsAndConditionsCallbackE2ETest.swift */ = {isa = PBXFileReference; lastKnownFileType = sourcecode.swift; path = TermsAndConditionsCallbackE2ETest.swift; sourceTree = "<group>"; };
		95DA7BF72E4E7DCC00168E1A /* TextInputCallbackE2ETest.swift */ = {isa = PBXFileReference; lastKnownFileType = sourcecode.swift; path = TextInputCallbackE2ETest.swift; sourceTree = "<group>"; };
		95DA7BF82E4E7DCC00168E1A /* TextOutputCallbackE2ETest.swift */ = {isa = PBXFileReference; lastKnownFileType = sourcecode.swift; path = TextOutputCallbackE2ETest.swift; sourceTree = "<group>"; };
		95DA7BF92E4E7DCC00168E1A /* ValidatedUsernameCallbackE2ETest.swift */ = {isa = PBXFileReference; lastKnownFileType = sourcecode.swift; path = ValidatedUsernameCallbackE2ETest.swift; sourceTree = "<group>"; };
		95DA7BFA2E4E7DCC00168E1A /* ValidatePasswordCallbackE2ETest.swift */ = {isa = PBXFileReference; lastKnownFileType = sourcecode.swift; path = ValidatePasswordCallbackE2ETest.swift; sourceTree = "<group>"; };
		A50585142E3D05FA004813B5 /* ConfirmationCallbackTests.swift */ = {isa = PBXFileReference; lastKnownFileType = sourcecode.swift; path = ConfirmationCallbackTests.swift; sourceTree = "<group>"; };
		A50585162E3D13B2004813B5 /* KbaCreateCallbackTests.swift */ = {isa = PBXFileReference; lastKnownFileType = sourcecode.swift; path = KbaCreateCallbackTests.swift; sourceTree = "<group>"; };
		A53A9B492F1983D6000E2F2C /* README.md */ = {isa = PBXFileReference; lastKnownFileType = net.daringfireball.markdown; path = README.md; sourceTree = "<group>"; };
		A5768D1D2E29B37A000290EE /* ConsentMappingCallback.swift */ = {isa = PBXFileReference; lastKnownFileType = sourcecode.swift; path = ConsentMappingCallback.swift; sourceTree = "<group>"; };
		A5AB903F2E26954A000E1089 /* TermsAndConditionsCallback.swift */ = {isa = PBXFileReference; lastKnownFileType = sourcecode.swift; path = TermsAndConditionsCallback.swift; sourceTree = "<group>"; };
		A5AB90412E2695B7000E1089 /* TextOutputCallback.swift */ = {isa = PBXFileReference; lastKnownFileType = sourcecode.swift; path = TextOutputCallback.swift; sourceTree = "<group>"; };
		A5AB90432E2695CA000E1089 /* SuspendedTextOutputCallback.swift */ = {isa = PBXFileReference; lastKnownFileType = sourcecode.swift; path = SuspendedTextOutputCallback.swift; sourceTree = "<group>"; };
		A5AB90452E2695ED000E1089 /* PollingWaitCallback.swift */ = {isa = PBXFileReference; lastKnownFileType = sourcecode.swift; path = PollingWaitCallback.swift; sourceTree = "<group>"; };
		A5AB90472E269B7E000E1089 /* ConfirmationCallback.swift */ = {isa = PBXFileReference; lastKnownFileType = sourcecode.swift; path = ConfirmationCallback.swift; sourceTree = "<group>"; };
		A5AB90492E269BA7000E1089 /* KbaCreateCallback.swift */ = {isa = PBXFileReference; lastKnownFileType = sourcecode.swift; path = KbaCreateCallback.swift; sourceTree = "<group>"; };
		A5AB904B2E269BC4000E1089 /* ChoiceCallback.swift */ = {isa = PBXFileReference; lastKnownFileType = sourcecode.swift; path = ChoiceCallback.swift; sourceTree = "<group>"; };
		A5AB904D2E269BE0000E1089 /* HiddenValueCallback.swift */ = {isa = PBXFileReference; lastKnownFileType = sourcecode.swift; path = HiddenValueCallback.swift; sourceTree = "<group>"; };
		A5AB904F2E269BFB000E1089 /* TextInputCallback.swift */ = {isa = PBXFileReference; lastKnownFileType = sourcecode.swift; path = TextInputCallback.swift; sourceTree = "<group>"; };
		A5AB90512E26A6A1000E1089 /* AttributeInputCallback.swift */ = {isa = PBXFileReference; lastKnownFileType = sourcecode.swift; path = AttributeInputCallback.swift; sourceTree = "<group>"; };
		A5AB90532E26A90D000E1089 /* AbstractValidatedCallback.swift */ = {isa = PBXFileReference; lastKnownFileType = sourcecode.swift; path = AbstractValidatedCallback.swift; sourceTree = "<group>"; };
		A5AB90552E26A93C000E1089 /* NumberAttributeInputCallback.swift */ = {isa = PBXFileReference; lastKnownFileType = sourcecode.swift; path = NumberAttributeInputCallback.swift; sourceTree = "<group>"; };
		A5AB90572E26A953000E1089 /* BooleanAttributeInputCallback.swift */ = {isa = PBXFileReference; lastKnownFileType = sourcecode.swift; path = BooleanAttributeInputCallback.swift; sourceTree = "<group>"; };
		A5AB90592E26A974000E1089 /* StringAttributeInputCallback.swift */ = {isa = PBXFileReference; lastKnownFileType = sourcecode.swift; path = StringAttributeInputCallback.swift; sourceTree = "<group>"; };
		A5AB905B2E26AA03000E1089 /* ValidatedUsernameCallback.swift */ = {isa = PBXFileReference; lastKnownFileType = sourcecode.swift; path = ValidatedUsernameCallback.swift; sourceTree = "<group>"; };
		A5AB905D2E26AA4D000E1089 /* ValidatedPasswordCallback.swift */ = {isa = PBXFileReference; lastKnownFileType = sourcecode.swift; path = ValidatedPasswordCallback.swift; sourceTree = "<group>"; };
		A5AB905F2E26B154000E1089 /* MetadataCallback.swift */ = {isa = PBXFileReference; lastKnownFileType = sourcecode.swift; path = MetadataCallback.swift; sourceTree = "<group>"; };
		A5CFC86B2E4292E500CBFC3B /* AbstractValidatedCallbackTests.swift */ = {isa = PBXFileReference; lastKnownFileType = sourcecode.swift; path = AbstractValidatedCallbackTests.swift; sourceTree = "<group>"; };
		A5CFC86D2E4299C900CBFC3B /* AttributeInputCallbackTests.swift */ = {isa = PBXFileReference; lastKnownFileType = sourcecode.swift; path = AttributeInputCallbackTests.swift; sourceTree = "<group>"; };
		A5CFC86F2E429A5F00CBFC3B /* BooleanAttributeInputCallbackTests.swift */ = {isa = PBXFileReference; lastKnownFileType = sourcecode.swift; path = BooleanAttributeInputCallbackTests.swift; sourceTree = "<group>"; };
		A5CFC8712E43913800CBFC3B /* ChoiceCallbackTests.swift */ = {isa = PBXFileReference; lastKnownFileType = sourcecode.swift; path = ChoiceCallbackTests.swift; sourceTree = "<group>"; };
		A5CFC8732E4392D400CBFC3B /* ConsentMappingCallbackTests.swift */ = {isa = PBXFileReference; lastKnownFileType = sourcecode.swift; path = ConsentMappingCallbackTests.swift; sourceTree = "<group>"; };
		A5CFC8752E43937F00CBFC3B /* HiddenValueCallbackTests.swift */ = {isa = PBXFileReference; lastKnownFileType = sourcecode.swift; path = HiddenValueCallbackTests.swift; sourceTree = "<group>"; };
		A5CFC8772E43954A00CBFC3B /* MetadataCallbackTests.swift */ = {isa = PBXFileReference; lastKnownFileType = sourcecode.swift; path = MetadataCallbackTests.swift; sourceTree = "<group>"; };
		A5CFC8792E43973A00CBFC3B /* NumberAttributeInputCallbackTests.swift */ = {isa = PBXFileReference; lastKnownFileType = sourcecode.swift; path = NumberAttributeInputCallbackTests.swift; sourceTree = "<group>"; };
		A5CFC87B2E439A9900CBFC3B /* PollingWaitCallbackTests.swift */ = {isa = PBXFileReference; lastKnownFileType = sourcecode.swift; path = PollingWaitCallbackTests.swift; sourceTree = "<group>"; };
		A5CFC87D2E439D3600CBFC3B /* StringAttributeInputCallbackTests.swift */ = {isa = PBXFileReference; lastKnownFileType = sourcecode.swift; path = StringAttributeInputCallbackTests.swift; sourceTree = "<group>"; };
		A5CFC87F2E439DF200CBFC3B /* SuspendedTextOutputCallbackTests.swift */ = {isa = PBXFileReference; lastKnownFileType = sourcecode.swift; path = SuspendedTextOutputCallbackTests.swift; sourceTree = "<group>"; };
		A5CFC89B2E43A02700CBFC3B /* TermsAndConditionsCallbackTests.swift */ = {isa = PBXFileReference; lastKnownFileType = sourcecode.swift; path = TermsAndConditionsCallbackTests.swift; sourceTree = "<group>"; };
		A5CFC89D2E43A0E400CBFC3B /* TextInputCallbackTests.swift */ = {isa = PBXFileReference; lastKnownFileType = sourcecode.swift; path = TextInputCallbackTests.swift; sourceTree = "<group>"; };
		A5CFC89F2E43A1CB00CBFC3B /* TextOutputCallbackTests.swift */ = {isa = PBXFileReference; lastKnownFileType = sourcecode.swift; path = TextOutputCallbackTests.swift; sourceTree = "<group>"; };
		A5CFC8A12E43A2AF00CBFC3B /* ValidatedPasswordCallbackTests.swift */ = {isa = PBXFileReference; lastKnownFileType = sourcecode.swift; path = ValidatedPasswordCallbackTests.swift; sourceTree = "<group>"; };
		A5CFC8A32E43A34E00CBFC3B /* ValidatedUsernameCallbackTests.swift */ = {isa = PBXFileReference; lastKnownFileType = sourcecode.swift; path = ValidatedUsernameCallbackTests.swift; sourceTree = "<group>"; };
		EC23269D2E0D5E4700634A50 /* CallbackRegistryTests.swift */ = {isa = PBXFileReference; lastKnownFileType = sourcecode.swift; path = CallbackRegistryTests.swift; sourceTree = "<group>"; };
		EC23269F2E0D62E600634A50 /* NameCallbackTests.swift */ = {isa = PBXFileReference; lastKnownFileType = sourcecode.swift; path = NameCallbackTests.swift; sourceTree = "<group>"; };
		EC2326A12E0D65A300634A50 /* PasswordCallbackTests.swift */ = {isa = PBXFileReference; lastKnownFileType = sourcecode.swift; path = PasswordCallbackTests.swift; sourceTree = "<group>"; };
		EC2326A32E0D670D00634A50 /* JourneyContinueNodeTests.swift */ = {isa = PBXFileReference; lastKnownFileType = sourcecode.swift; path = JourneyContinueNodeTests.swift; sourceTree = "<group>"; };
		EC2326A52E0D744A00634A50 /* JourneyUserTests.swift */ = {isa = PBXFileReference; lastKnownFileType = sourcecode.swift; path = JourneyUserTests.swift; sourceTree = "<group>"; };
		EC2326A72E0D7C7800634A50 /* AgentTests.swift */ = {isa = PBXFileReference; lastKnownFileType = sourcecode.swift; path = AgentTests.swift; sourceTree = "<group>"; };
		EC4FF9122EE0569600A35D3A /* PingOidc.framework */ = {isa = PBXFileReference; explicitFileType = wrapper.framework; path = PingOidc.framework; sourceTree = BUILT_PRODUCTS_DIR; };
		EC5C81E12ED0824200C91570 /* PingJourneyPlugin.framework */ = {isa = PBXFileReference; explicitFileType = wrapper.framework; path = PingJourneyPlugin.framework; sourceTree = BUILT_PRODUCTS_DIR; };
		EC727A242E019243005D9E28 /* PingJourney.framework */ = {isa = PBXFileReference; explicitFileType = wrapper.framework; includeInIndex = 0; path = PingJourney.framework; sourceTree = BUILT_PRODUCTS_DIR; };
		EC727A2D2E019243005D9E28 /* JourneyTests.xctest */ = {isa = PBXFileReference; explicitFileType = wrapper.cfbundle; includeInIndex = 0; path = JourneyTests.xctest; sourceTree = BUILT_PRODUCTS_DIR; };
		EC727A5B2E019254005D9E28 /* Journey.swift */ = {isa = PBXFileReference; lastKnownFileType = sourcecode.swift; path = Journey.swift; sourceTree = "<group>"; };
		EC727A5E2E019258005D9E28 /* JourneyTests.swift */ = {isa = PBXFileReference; lastKnownFileType = sourcecode.swift; path = JourneyTests.swift; sourceTree = "<group>"; };
		EC727A632E0192FA005D9E28 /* PrivacyInfo.xcprivacy */ = {isa = PBXFileReference; lastKnownFileType = text.xml; path = PrivacyInfo.xcprivacy; sourceTree = "<group>"; };
		EC727A642E0192FA005D9E28 /* Journey.h */ = {isa = PBXFileReference; lastKnownFileType = sourcecode.c.h; path = Journey.h; sourceTree = "<group>"; };
		EC727A912E02DCA9005D9E28 /* PingOidc.framework */ = {isa = PBXFileReference; explicitFileType = wrapper.framework; path = PingOidc.framework; sourceTree = BUILT_PRODUCTS_DIR; };
		EC727A992E02DCFF005D9E28 /* Oidc.swift */ = {isa = PBXFileReference; lastKnownFileType = sourcecode.swift; path = Oidc.swift; sourceTree = "<group>"; };
		EC727AC82E031C86005D9E28 /* Request.swift */ = {isa = PBXFileReference; lastKnownFileType = sourcecode.swift; path = Request.swift; sourceTree = "<group>"; };
		EC727ACA2E042A22005D9E28 /* Session.swift */ = {isa = PBXFileReference; lastKnownFileType = sourcecode.swift; path = Session.swift; sourceTree = "<group>"; };
		EC727ACC2E042B0E005D9E28 /* SessionConfig.swift */ = {isa = PBXFileReference; lastKnownFileType = sourcecode.swift; path = SessionConfig.swift; sourceTree = "<group>"; };
		EC727ACE2E042DBB005D9E28 /* SSOToken.swift */ = {isa = PBXFileReference; lastKnownFileType = sourcecode.swift; path = SSOToken.swift; sourceTree = "<group>"; };
		EC727AD02E044A9F005D9E28 /* Transform.swift */ = {isa = PBXFileReference; lastKnownFileType = sourcecode.swift; path = Transform.swift; sourceTree = "<group>"; };
		EC727B042E047076005D9E28 /* NameCallback.swift */ = {isa = PBXFileReference; lastKnownFileType = sourcecode.swift; path = NameCallback.swift; sourceTree = "<group>"; };
		EC727B062E047133005D9E28 /* PasswordCallback.swift */ = {isa = PBXFileReference; lastKnownFileType = sourcecode.swift; path = PasswordCallback.swift; sourceTree = "<group>"; };
		EC727B082E059BB5005D9E28 /* User.swift */ = {isa = PBXFileReference; lastKnownFileType = sourcecode.swift; path = User.swift; sourceTree = "<group>"; };
		EC727B0A2E05A20B005D9E28 /* Agent.swift */ = {isa = PBXFileReference; lastKnownFileType = sourcecode.swift; path = Agent.swift; sourceTree = "<group>"; };
		ECA2E7E92ED8824500C32766 /* JourneyContinueNode.swift */ = {isa = PBXFileReference; lastKnownFileType = sourcecode.swift; path = JourneyContinueNode.swift; sourceTree = "<group>"; };
		ECD562A22E0C45E300F0B5A9 /* Config.json */ = {isa = PBXFileReference; lastKnownFileType = text.json; path = Config.json; sourceTree = "<group>"; };
		ECD562A32E0C45E300F0B5A9 /* Config.swift */ = {isa = PBXFileReference; lastKnownFileType = sourcecode.swift; path = Config.swift; sourceTree = "<group>"; };
		ECD562A72E0C489E00F0B5A9 /* MockURLProtocol.swift */ = {isa = PBXFileReference; lastKnownFileType = sourcecode.swift; path = MockURLProtocol.swift; sourceTree = "<group>"; };
		ECD562A92E0C494200F0B5A9 /* MockResponse.swift */ = {isa = PBXFileReference; lastKnownFileType = sourcecode.swift; path = MockResponse.swift; sourceTree = "<group>"; };
		ECD562AA2E0C494200F0B5A9 /* MockAPIEndpoint.swift */ = {isa = PBXFileReference; lastKnownFileType = sourcecode.swift; path = MockAPIEndpoint.swift; sourceTree = "<group>"; };
		ECEFDC242ED4AF3C00B56E87 /* MetadataCallbackSpecializationTests.swift */ = {isa = PBXFileReference; lastKnownFileType = sourcecode.swift; path = MetadataCallbackSpecializationTests.swift; sourceTree = "<group>"; };
		ECEFDC262ED4AF8500B56E87 /* MetadataCallbackInjectionTests.swift */ = {isa = PBXFileReference; lastKnownFileType = sourcecode.swift; path = MetadataCallbackInjectionTests.swift; sourceTree = "<group>"; };
		AA4785051F0000000000AA05 /* OidcDeviceApprovalTests.swift */ = {isa = PBXFileReference; lastKnownFileType = sourcecode.swift; path = OidcDeviceApprovalTests.swift; sourceTree = "<group>"; };
/* End PBXFileReference section */

/* Begin PBXFrameworksBuildPhase section */
		EC727A212E019243005D9E28 /* Frameworks */ = {
			isa = PBXFrameworksBuildPhase;
			buildActionMask = 2147483647;
			files = (
				EC727A922E02DCA9005D9E28 /* PingOidc.framework in Frameworks */,
				EC5C81E22ED0824200C91570 /* PingJourneyPlugin.framework in Frameworks */,
			);
			runOnlyForDeploymentPostprocessing = 0;
		};
		EC727A2A2E019243005D9E28 /* Frameworks */ = {
			isa = PBXFrameworksBuildPhase;
			buildActionMask = 2147483647;
			files = (
				951773AB2EA934910081AEDE /* PingDeviceProfile.framework in Frameworks */,
				EC727A2E2E019243005D9E28 /* PingJourney.framework in Frameworks */,
				EC4FF9132EE0569600A35D3A /* PingOidc.framework in Frameworks */,
			);
			runOnlyForDeploymentPostprocessing = 0;
		};
/* End PBXFrameworksBuildPhase section */

/* Begin PBXGroup section */
		95DA7BFB2E4E7DCC00168E1A /* Integration Tests */ = {
			isa = PBXGroup;
			children = (
				95DA7BE82E4E7DCC00168E1A /* BooleanAttributeInputCallbackE2ETest.swift */,
				95DA7BE92E4E7DCC00168E1A /* ChoiceCallbackE2ETest.swift */,
				95DA7BEA2E4E7DCC00168E1A /* ConfirmationCallbackE2ETest.swift */,
				95DA7BEB2E4E7DCC00168E1A /* ConsentMappingCallbackE2ETest.swift */,
				951773A52EA931A20081AEDE /* DeviceProfileCallbackE2ETest.swift */,
				95DA7BEC2E4E7DCC00168E1A /* HiddenValueCallbackE2ETest.swift */,
				95DA7BED2E4E7DCC00168E1A /* JourneyE2EBaseTest.swift */,
				95DA7BEE2E4E7DCC00168E1A /* JourneyE2ETests.swift */,
				95DA7BEF2E4E7DCC00168E1A /* KbaCreateCallbackE2ETest.swift */,
				95DA7BF02E4E7DCC00168E1A /* MetadataCallbackE2ETest.swift */,
				95DA7BF12E4E7DCC00168E1A /* NamePasswordCallbackE2ETest.swift */,
				95DA7BF22E4E7DCC00168E1A /* NumberAttributeInputCallbackE2ETest.swift */,
				95DA7BF32E4E7DCC00168E1A /* PollingWaitCallbackE2ETest.swift */,
				95DA7BF42E4E7DCC00168E1A /* StringAttributeInputCallbackE2ETest.swift */,
				95DA7BF52E4E7DCC00168E1A /* SuspendedTextCallbackE2ETest.swift */,
				95DA7BF62E4E7DCC00168E1A /* TermsAndConditionsCallbackE2ETest.swift */,
				95DA7BF72E4E7DCC00168E1A /* TextInputCallbackE2ETest.swift */,
				95DA7BF82E4E7DCC00168E1A /* TextOutputCallbackE2ETest.swift */,
				95DA7BF92E4E7DCC00168E1A /* ValidatedUsernameCallbackE2ETest.swift */,
				95DA7BFA2E4E7DCC00168E1A /* ValidatePasswordCallbackE2ETest.swift */,
			);
			path = "Integration Tests";
			sourceTree = "<group>";
		};
		A5CFC86A2E42920A00CBFC3B /* Callbacks */ = {
			isa = PBXGroup;
			children = (
				A5CFC86B2E4292E500CBFC3B /* AbstractValidatedCallbackTests.swift */,
				A5CFC86D2E4299C900CBFC3B /* AttributeInputCallbackTests.swift */,
				A5CFC86F2E429A5F00CBFC3B /* BooleanAttributeInputCallbackTests.swift */,
				A5CFC8712E43913800CBFC3B /* ChoiceCallbackTests.swift */,
				A50585142E3D05FA004813B5 /* ConfirmationCallbackTests.swift */,
				A5CFC8732E4392D400CBFC3B /* ConsentMappingCallbackTests.swift */,
				A5CFC8752E43937F00CBFC3B /* HiddenValueCallbackTests.swift */,
				A50585162E3D13B2004813B5 /* KbaCreateCallbackTests.swift */,
				A5CFC8772E43954A00CBFC3B /* MetadataCallbackTests.swift */,
				EC23269F2E0D62E600634A50 /* NameCallbackTests.swift */,
				A5CFC8792E43973A00CBFC3B /* NumberAttributeInputCallbackTests.swift */,
				EC2326A12E0D65A300634A50 /* PasswordCallbackTests.swift */,
				A5CFC87B2E439A9900CBFC3B /* PollingWaitCallbackTests.swift */,
				A5CFC87D2E439D3600CBFC3B /* StringAttributeInputCallbackTests.swift */,
				A5CFC87F2E439DF200CBFC3B /* SuspendedTextOutputCallbackTests.swift */,
				A5CFC89B2E43A02700CBFC3B /* TermsAndConditionsCallbackTests.swift */,
				A5CFC89D2E43A0E400CBFC3B /* TextInputCallbackTests.swift */,
				A5CFC89F2E43A1CB00CBFC3B /* TextOutputCallbackTests.swift */,
				A5CFC8A12E43A2AF00CBFC3B /* ValidatedPasswordCallbackTests.swift */,
				A5CFC8A32E43A34E00CBFC3B /* ValidatedUsernameCallbackTests.swift */,
			);
			path = Callbacks;
			sourceTree = "<group>";
		};
		EC727A1A2E019243005D9E28 = {
			isa = PBXGroup;
			children = (
				A53A9B492F1983D6000E2F2C /* README.md */,
				EC727A5C2E019254005D9E28 /* Journey */,
				EC727A5F2E019258005D9E28 /* JourneyTests */,
				EC727A902E02DCA9005D9E28 /* Frameworks */,
				EC727A252E019243005D9E28 /* Products */,
			);
			sourceTree = "<group>";
		};
		EC727A252E019243005D9E28 /* Products */ = {
			isa = PBXGroup;
			children = (
				EC727A242E019243005D9E28 /* PingJourney.framework */,
				EC727A2D2E019243005D9E28 /* JourneyTests.xctest */,
			);
			name = Products;
			sourceTree = "<group>";
		};
		EC727A5C2E019254005D9E28 /* Journey */ = {
			isa = PBXGroup;
			children = (
				EC727A632E0192FA005D9E28 /* PrivacyInfo.xcprivacy */,
				EC727A642E0192FA005D9E28 /* Journey.h */,
				EC727AD42E04525C005D9E28 /* Callbacks */,
				EC727A982E02DCF6005D9E28 /* Module */,
				EC727A5B2E019254005D9E28 /* Journey.swift */,
				ECA2E7E92ED8824500C32766 /* JourneyContinueNode.swift */,
				EC727ACE2E042DBB005D9E28 /* SSOToken.swift */,
				EC727B082E059BB5005D9E28 /* User.swift */,
			);
			path = Journey;
			sourceTree = "<group>";
		};
		EC727A5F2E019258005D9E28 /* JourneyTests */ = {
			isa = PBXGroup;
			children = (
				95DA7BFB2E4E7DCC00168E1A /* Integration Tests */,
				ECD562A62E0C45F900F0B5A9 /* Config */,
				EC2326A72E0D7C7800634A50 /* AgentTests.swift */,
				EC23269D2E0D5E4700634A50 /* CallbackRegistryTests.swift */,
				ECEFDC262ED4AF8500B56E87 /* MetadataCallbackInjectionTests.swift */,
				EC2326A32E0D670D00634A50 /* JourneyContinueNodeTests.swift */,
				ECEFDC242ED4AF3C00B56E87 /* MetadataCallbackSpecializationTests.swift */,
				EC727A5E2E019258005D9E28 /* JourneyTests.swift */,
				EC2326A52E0D744A00634A50 /* JourneyUserTests.swift */,
				AA4785051F0000000000AA05 /* OidcDeviceApprovalTests.swift */,
				A5CFC86A2E42920A00CBFC3B /* Callbacks */,
				ECD562AD2E0C494B00F0B5A9 /* Mock */,
			);
			path = JourneyTests;
			sourceTree = "<group>";
		};
		EC727A902E02DCA9005D9E28 /* Frameworks */ = {
			isa = PBXGroup;
			children = (
				EC4FF9122EE0569600A35D3A /* PingOidc.framework */,
				EC5C81E12ED0824200C91570 /* PingJourneyPlugin.framework */,
				951773AA2EA934910081AEDE /* PingDeviceProfile.framework */,
				EC727A912E02DCA9005D9E28 /* PingOidc.framework */,
			);
			name = Frameworks;
			sourceTree = "<group>";
		};
		EC727A982E02DCF6005D9E28 /* Module */ = {
			isa = PBXGroup;
			children = (
				EC727B0A2E05A20B005D9E28 /* Agent.swift */,
				EC727AD02E044A9F005D9E28 /* Transform.swift */,
				EC727ACC2E042B0E005D9E28 /* SessionConfig.swift */,
				EC727ACA2E042A22005D9E28 /* Session.swift */,
				EC727AC82E031C86005D9E28 /* Request.swift */,
				EC727A992E02DCFF005D9E28 /* Oidc.swift */,
			);
			path = Module;
			sourceTree = "<group>";
		};
		EC727AD42E04525C005D9E28 /* Callbacks */ = {
			isa = PBXGroup;
			children = (
				A5AB90532E26A90D000E1089 /* AbstractValidatedCallback.swift */,
				A5AB90512E26A6A1000E1089 /* AttributeInputCallback.swift */,
				A5AB90572E26A953000E1089 /* BooleanAttributeInputCallback.swift */,
				A5AB904B2E269BC4000E1089 /* ChoiceCallback.swift */,
				A5AB90472E269B7E000E1089 /* ConfirmationCallback.swift */,
				A5768D1D2E29B37A000290EE /* ConsentMappingCallback.swift */,
				A5AB904D2E269BE0000E1089 /* HiddenValueCallback.swift */,
				A5AB90492E269BA7000E1089 /* KbaCreateCallback.swift */,
				A5AB905F2E26B154000E1089 /* MetadataCallback.swift */,
				EC727B042E047076005D9E28 /* NameCallback.swift */,
				A5AB90552E26A93C000E1089 /* NumberAttributeInputCallback.swift */,
				EC727B062E047133005D9E28 /* PasswordCallback.swift */,
				A5AB90452E2695ED000E1089 /* PollingWaitCallback.swift */,
				A5AB90592E26A974000E1089 /* StringAttributeInputCallback.swift */,
				A5AB90432E2695CA000E1089 /* SuspendedTextOutputCallback.swift */,
				A5AB903F2E26954A000E1089 /* TermsAndConditionsCallback.swift */,
				A5AB904F2E269BFB000E1089 /* TextInputCallback.swift */,
				A5AB90412E2695B7000E1089 /* TextOutputCallback.swift */,
				A5AB905D2E26AA4D000E1089 /* ValidatedPasswordCallback.swift */,
				A5AB905B2E26AA03000E1089 /* ValidatedUsernameCallback.swift */,
			);
			path = Callbacks;
			sourceTree = "<group>";
		};
		ECD562A62E0C45F900F0B5A9 /* Config */ = {
			isa = PBXGroup;
			children = (
				ECD562A22E0C45E300F0B5A9 /* Config.json */,
				ECD562A32E0C45E300F0B5A9 /* Config.swift */,
			);
			path = Config;
			sourceTree = "<group>";
		};
		ECD562AD2E0C494B00F0B5A9 /* Mock */ = {
			isa = PBXGroup;
			children = (
				ECD562A72E0C489E00F0B5A9 /* MockURLProtocol.swift */,
				ECD562A92E0C494200F0B5A9 /* MockResponse.swift */,
				ECD562AA2E0C494200F0B5A9 /* MockAPIEndpoint.swift */,
			);
			path = Mock;
			sourceTree = "<group>";
		};
/* End PBXGroup section */

/* Begin PBXHeadersBuildPhase section */
		EC727A1F2E019243005D9E28 /* Headers */ = {
			isa = PBXHeadersBuildPhase;
			buildActionMask = 2147483647;
			files = (
				EC727A652E0192FA005D9E28 /* Journey.h in Headers */,
			);
			runOnlyForDeploymentPostprocessing = 0;
		};
/* End PBXHeadersBuildPhase section */

/* Begin PBXNativeTarget section */
		EC727A232E019243005D9E28 /* PingJourney */ = {
			isa = PBXNativeTarget;
			buildConfigurationList = EC727A362E019243005D9E28 /* Build configuration list for PBXNativeTarget "PingJourney" */;
			buildPhases = (
				EC727A1F2E019243005D9E28 /* Headers */,
				EC727A202E019243005D9E28 /* Sources */,
				EC727A212E019243005D9E28 /* Frameworks */,
				EC727A222E019243005D9E28 /* Resources */,
				EC727A942E02DCA9005D9E28 /* Embed Frameworks */,
			);
			buildRules = (
			);
			dependencies = (
			);
			name = PingJourney;
			packageProductDependencies = (
			);
			productName = Journey;
			productReference = EC727A242E019243005D9E28 /* PingJourney.framework */;
			productType = "com.apple.product-type.framework";
		};
		EC727A2C2E019243005D9E28 /* JourneyTests */ = {
			isa = PBXNativeTarget;
			buildConfigurationList = EC727A392E019243005D9E28 /* Build configuration list for PBXNativeTarget "JourneyTests" */;
			buildPhases = (
				EC727A292E019243005D9E28 /* Sources */,
				EC727A2A2E019243005D9E28 /* Frameworks */,
				EC727A2B2E019243005D9E28 /* Resources */,
				EC4FF9112EE0568F00A35D3A /* Embed Frameworks */,
			);
			buildRules = (
			);
			dependencies = (
				EC727A302E019243005D9E28 /* PBXTargetDependency */,
			);
			name = JourneyTests;
			packageProductDependencies = (
			);
			productName = JourneyTests;
			productReference = EC727A2D2E019243005D9E28 /* JourneyTests.xctest */;
			productType = "com.apple.product-type.bundle.unit-test";
		};
/* End PBXNativeTarget section */

/* Begin PBXProject section */
		EC727A1B2E019243005D9E28 /* Project object */ = {
			isa = PBXProject;
			attributes = {
				BuildIndependentTargetsInParallel = 1;
				LastSwiftUpdateCheck = 1630;
				LastUpgradeCheck = 1630;
				TargetAttributes = {
					EC727A232E019243005D9E28 = {
						CreatedOnToolsVersion = 16.3;
					};
					EC727A2C2E019243005D9E28 = {
						CreatedOnToolsVersion = 16.3;
					};
				};
			};
			buildConfigurationList = EC727A1E2E019243005D9E28 /* Build configuration list for PBXProject "Journey" */;
			developmentRegion = en;
			hasScannedForEncodings = 0;
			knownRegions = (
				en,
				Base,
			);
			mainGroup = EC727A1A2E019243005D9E28;
			minimizedProjectReferenceProxies = 1;
			preferredProjectObjectVersion = 77;
			productRefGroup = EC727A252E019243005D9E28 /* Products */;
			projectDirPath = "";
			projectRoot = "";
			targets = (
				EC727A232E019243005D9E28 /* PingJourney */,
				EC727A2C2E019243005D9E28 /* JourneyTests */,
			);
		};
/* End PBXProject section */

/* Begin PBXResourcesBuildPhase section */
		EC727A222E019243005D9E28 /* Resources */ = {
			isa = PBXResourcesBuildPhase;
			buildActionMask = 2147483647;
			files = (
				EC727A662E0192FA005D9E28 /* PrivacyInfo.xcprivacy in Resources */,
			);
			runOnlyForDeploymentPostprocessing = 0;
		};
		EC727A2B2E019243005D9E28 /* Resources */ = {
			isa = PBXResourcesBuildPhase;
			buildActionMask = 2147483647;
			files = (
				ECD562A52E0C45E300F0B5A9 /* Config.json in Resources */,
			);
			runOnlyForDeploymentPostprocessing = 0;
		};
/* End PBXResourcesBuildPhase section */

/* Begin PBXSourcesBuildPhase section */
		EC727A202E019243005D9E28 /* Sources */ = {
			isa = PBXSourcesBuildPhase;
			buildActionMask = 2147483647;
			files = (
				A5AB90402E26954C000E1089 /* TermsAndConditionsCallback.swift in Sources */,
				A5AB90442E2695D0000E1089 /* SuspendedTextOutputCallback.swift in Sources */,
				A5AB905A2E26A97A000E1089 /* StringAttributeInputCallback.swift in Sources */,
				A5AB90562E26A93E000E1089 /* NumberAttributeInputCallback.swift in Sources */,
				EC727ACD2E042B13005D9E28 /* SessionConfig.swift in Sources */,
				A5AB90502E269BFD000E1089 /* TextInputCallback.swift in Sources */,
				A5AB90542E26A90F000E1089 /* AbstractValidatedCallback.swift in Sources */,
				EC727B072E04713A005D9E28 /* PasswordCallback.swift in Sources */,
				EC727B092E059BB9005D9E28 /* User.swift in Sources */,
				EC727ACF2E042DC0005D9E28 /* SSOToken.swift in Sources */,
				A5AB904E2E269BE2000E1089 /* HiddenValueCallback.swift in Sources */,
				EC727A9A2E02DD04005D9E28 /* Oidc.swift in Sources */,
				EC727B0B2E05A20D005D9E28 /* Agent.swift in Sources */,
				ECA2E7EA2ED8824A00C32766 /* JourneyContinueNode.swift in Sources */,
				A5768D1E2E29B37D000290EE /* ConsentMappingCallback.swift in Sources */,
				A5AB905E2E26AA55000E1089 /* ValidatedPasswordCallback.swift in Sources */,
				A5AB90422E2695B8000E1089 /* TextOutputCallback.swift in Sources */,
				A5AB90582E26A958000E1089 /* BooleanAttributeInputCallback.swift in Sources */,
				EC727AD12E044AA2005D9E28 /* Transform.swift in Sources */,
				EC727B052E047079005D9E28 /* NameCallback.swift in Sources */,
				EC727AC92E031C8A005D9E28 /* Request.swift in Sources */,
				A5AB904A2E269BB0000E1089 /* KbaCreateCallback.swift in Sources */,
				A5AB90482E269B80000E1089 /* ConfirmationCallback.swift in Sources */,
				A5AB905C2E26AA1E000E1089 /* ValidatedUsernameCallback.swift in Sources */,
				EC727ACB2E042A49005D9E28 /* Session.swift in Sources */,
				A5AB904C2E269BC7000E1089 /* ChoiceCallback.swift in Sources */,
				A5AB90462E2695F2000E1089 /* PollingWaitCallback.swift in Sources */,
				A5AB90522E26A6A3000E1089 /* AttributeInputCallback.swift in Sources */,
				EC727A5D2E019254005D9E28 /* Journey.swift in Sources */,
				A5AB90602E26B158000E1089 /* MetadataCallback.swift in Sources */,
			);
			runOnlyForDeploymentPostprocessing = 0;
		};
		EC727A292E019243005D9E28 /* Sources */ = {
			isa = PBXSourcesBuildPhase;
			buildActionMask = 2147483647;
			files = (
				ECEFDC282ED4B0AC00B56E87 /* MetadataCallbackSpecializationTests.swift in Sources */,
				95DA7BFC2E4E7DCC00168E1A /* JourneyE2EBaseTest.swift in Sources */,
				95DA7BFD2E4E7DCC00168E1A /* StringAttributeInputCallbackE2ETest.swift in Sources */,
				95DA7BFE2E4E7DCC00168E1A /* ValidatePasswordCallbackE2ETest.swift in Sources */,
				95DA7BFF2E4E7DCC00168E1A /* ConsentMappingCallbackE2ETest.swift in Sources */,
				95DA7C002E4E7DCC00168E1A /* MetadataCallbackE2ETest.swift in Sources */,
				95DA7C012E4E7DCC00168E1A /* TextOutputCallbackE2ETest.swift in Sources */,
				95DA7C022E4E7DCC00168E1A /* KbaCreateCallbackE2ETest.swift in Sources */,
				95DA7C032E4E7DCC00168E1A /* NamePasswordCallbackE2ETest.swift in Sources */,
				95DA7C042E4E7DCC00168E1A /* JourneyE2ETests.swift in Sources */,
				95DA7C052E4E7DCC00168E1A /* ConfirmationCallbackE2ETest.swift in Sources */,
				95DA7C062E4E7DCC00168E1A /* BooleanAttributeInputCallbackE2ETest.swift in Sources */,
				95DA7C072E4E7DCC00168E1A /* NumberAttributeInputCallbackE2ETest.swift in Sources */,
				95DA7C082E4E7DCC00168E1A /* TextInputCallbackE2ETest.swift in Sources */,
				95DA7C092E4E7DCC00168E1A /* TermsAndConditionsCallbackE2ETest.swift in Sources */,
				95DA7C0A2E4E7DCC00168E1A /* SuspendedTextCallbackE2ETest.swift in Sources */,
				95DA7C0B2E4E7DCC00168E1A /* ValidatedUsernameCallbackE2ETest.swift in Sources */,
				95DA7C0C2E4E7DCC00168E1A /* HiddenValueCallbackE2ETest.swift in Sources */,
				95DA7C0D2E4E7DCC00168E1A /* ChoiceCallbackE2ETest.swift in Sources */,
				95DA7C0E2E4E7DCC00168E1A /* PollingWaitCallbackE2ETest.swift in Sources */,
				A5CFC8762E43938100CBFC3B /* HiddenValueCallbackTests.swift in Sources */,
				ECD562A82E0C48A700F0B5A9 /* MockURLProtocol.swift in Sources */,
				A5CFC8802E439DF300CBFC3B /* SuspendedTextOutputCallbackTests.swift in Sources */,
				951773A62EA931A20081AEDE /* DeviceProfileCallbackE2ETest.swift in Sources */,
				A5CFC86C2E4292E900CBFC3B /* AbstractValidatedCallbackTests.swift in Sources */,
				A5CFC8A02E43A1DA00CBFC3B /* TextOutputCallbackTests.swift in Sources */,
				A5CFC8A42E43A35300CBFC3B /* ValidatedUsernameCallbackTests.swift in Sources */,
				EC2326A22E0D65A800634A50 /* PasswordCallbackTests.swift in Sources */,
				EC727A602E019258005D9E28 /* JourneyTests.swift in Sources */,
				A5CFC89E2E43A0E600CBFC3B /* TextInputCallbackTests.swift in Sources */,
				A50585152E3D05FC004813B5 /* ConfirmationCallbackTests.swift in Sources */,
				A5CFC87E2E439D3800CBFC3B /* StringAttributeInputCallbackTests.swift in Sources */,
				EC2326A02E0D62ED00634A50 /* NameCallbackTests.swift in Sources */,
				A5CFC89C2E43A02900CBFC3B /* TermsAndConditionsCallbackTests.swift in Sources */,
				A5CFC87A2E43973D00CBFC3B /* NumberAttributeInputCallbackTests.swift in Sources */,
				A5CFC86E2E4299CB00CBFC3B /* AttributeInputCallbackTests.swift in Sources */,
				A5CFC8702E429A6100CBFC3B /* BooleanAttributeInputCallbackTests.swift in Sources */,
				ECD562A42E0C45E300F0B5A9 /* Config.swift in Sources */,
				A5CFC8A22E43A2B300CBFC3B /* ValidatedPasswordCallbackTests.swift in Sources */,
				A5CFC8722E43913A00CBFC3B /* ChoiceCallbackTests.swift in Sources */,
				A50585172E3D13B6004813B5 /* KbaCreateCallbackTests.swift in Sources */,
				EC23269E2E0D5E4E00634A50 /* CallbackRegistryTests.swift in Sources */,
				EC2326A62E0D744F00634A50 /* JourneyUserTests.swift in Sources */,
				EC2326A82E0D7C7900634A50 /* AgentTests.swift in Sources */,
				A5CFC8742E4392D900CBFC3B /* ConsentMappingCallbackTests.swift in Sources */,
				ECEFDC292ED4B10E00B56E87 /* MetadataCallbackInjectionTests.swift in Sources */,
				AA4785041F0000000000AA04 /* OidcDeviceApprovalTests.swift in Sources */,
				ECD562AB2E0C494200F0B5A9 /* MockAPIEndpoint.swift in Sources */,
				A5CFC87C2E439A9B00CBFC3B /* PollingWaitCallbackTests.swift in Sources */,
				EC2326A42E0D671700634A50 /* JourneyContinueNodeTests.swift in Sources */,
				ECD562AC2E0C494200F0B5A9 /* MockResponse.swift in Sources */,
				A5CFC8782E43954D00CBFC3B /* MetadataCallbackTests.swift in Sources */,
			);
			runOnlyForDeploymentPostprocessing = 0;
		};
/* End PBXSourcesBuildPhase section */

/* Begin PBXTargetDependency section */
		EC727A302E019243005D9E28 /* PBXTargetDependency */ = {
			isa = PBXTargetDependency;
			target = EC727A232E019243005D9E28 /* PingJourney */;
			targetProxy = EC727A2F2E019243005D9E28 /* PBXContainerItemProxy */;
		};
/* End PBXTargetDependency section */

/* Begin XCBuildConfiguration section */
		EC727A342E019243005D9E28 /* Debug */ = {
			isa = XCBuildConfiguration;
			buildSettings = {
				ALWAYS_SEARCH_USER_PATHS = NO;
				ASSETCATALOG_COMPILER_GENERATE_SWIFT_ASSET_SYMBOL_EXTENSIONS = YES;
				CLANG_ANALYZER_NONNULL = YES;
				CLANG_ANALYZER_NUMBER_OBJECT_CONVERSION = YES_AGGRESSIVE;
				CLANG_CXX_LANGUAGE_STANDARD = "gnu++20";
				CLANG_ENABLE_MODULES = YES;
				CLANG_ENABLE_OBJC_ARC = YES;
				CLANG_ENABLE_OBJC_WEAK = YES;
				CLANG_WARN_BLOCK_CAPTURE_AUTORELEASING = YES;
				CLANG_WARN_BOOL_CONVERSION = YES;
				CLANG_WARN_COMMA = YES;
				CLANG_WARN_CONSTANT_CONVERSION = YES;
				CLANG_WARN_DEPRECATED_OBJC_IMPLEMENTATIONS = YES;
				CLANG_WARN_DIRECT_OBJC_ISA_USAGE = YES_ERROR;
				CLANG_WARN_DOCUMENTATION_COMMENTS = YES;
				CLANG_WARN_EMPTY_BODY = YES;
				CLANG_WARN_ENUM_CONVERSION = YES;
				CLANG_WARN_INFINITE_RECURSION = YES;
				CLANG_WARN_INT_CONVERSION = YES;
				CLANG_WARN_NON_LITERAL_NULL_CONVERSION = YES;
				CLANG_WARN_OBJC_IMPLICIT_RETAIN_SELF = YES;
				CLANG_WARN_OBJC_LITERAL_CONVERSION = YES;
				CLANG_WARN_OBJC_ROOT_CLASS = YES_ERROR;
				CLANG_WARN_QUOTED_INCLUDE_IN_FRAMEWORK_HEADER = YES;
				CLANG_WARN_RANGE_LOOP_ANALYSIS = YES;
				CLANG_WARN_STRICT_PROTOTYPES = YES;
				CLANG_WARN_SUSPICIOUS_MOVE = YES;
				CLANG_WARN_UNGUARDED_AVAILABILITY = YES_AGGRESSIVE;
				CLANG_WARN_UNREACHABLE_CODE = YES;
				CLANG_WARN__DUPLICATE_METHOD_MATCH = YES;
				COPY_PHASE_STRIP = NO;
				CURRENT_PROJECT_VERSION = 1;
				DEBUG_INFORMATION_FORMAT = dwarf;
				DEVELOPMENT_TEAM = 24J8Y2KTAV;
				ENABLE_STRICT_OBJC_MSGSEND = YES;
				ENABLE_TESTABILITY = YES;
				ENABLE_USER_SCRIPT_SANDBOXING = YES;
				GCC_C_LANGUAGE_STANDARD = gnu17;
				GCC_DYNAMIC_NO_PIC = NO;
				GCC_NO_COMMON_BLOCKS = YES;
				GCC_OPTIMIZATION_LEVEL = 0;
				GCC_PREPROCESSOR_DEFINITIONS = (
					"DEBUG=1",
					"$(inherited)",
				);
				GCC_WARN_64_TO_32_BIT_CONVERSION = YES;
				GCC_WARN_ABOUT_RETURN_TYPE = YES_ERROR;
				GCC_WARN_UNDECLARED_SELECTOR = YES;
				GCC_WARN_UNINITIALIZED_AUTOS = YES_AGGRESSIVE;
				GCC_WARN_UNUSED_FUNCTION = YES;
				GCC_WARN_UNUSED_VARIABLE = YES;
				IPHONEOS_DEPLOYMENT_TARGET = 18.4;
				LOCALIZATION_PREFERS_STRING_CATALOGS = YES;
				MTL_ENABLE_DEBUG_INFO = INCLUDE_SOURCE;
				MTL_FAST_MATH = YES;
				ONLY_ACTIVE_ARCH = YES;
				SDKROOT = iphoneos;
				SWIFT_ACTIVE_COMPILATION_CONDITIONS = "DEBUG $(inherited)";
				SWIFT_OPTIMIZATION_LEVEL = "-Onone";
				VERSIONING_SYSTEM = "apple-generic";
				VERSION_INFO_PREFIX = "";
			};
			name = Debug;
		};
		EC727A352E019243005D9E28 /* Release */ = {
			isa = XCBuildConfiguration;
			buildSettings = {
				ALWAYS_SEARCH_USER_PATHS = NO;
				ASSETCATALOG_COMPILER_GENERATE_SWIFT_ASSET_SYMBOL_EXTENSIONS = YES;
				CLANG_ANALYZER_NONNULL = YES;
				CLANG_ANALYZER_NUMBER_OBJECT_CONVERSION = YES_AGGRESSIVE;
				CLANG_CXX_LANGUAGE_STANDARD = "gnu++20";
				CLANG_ENABLE_MODULES = YES;
				CLANG_ENABLE_OBJC_ARC = YES;
				CLANG_ENABLE_OBJC_WEAK = YES;
				CLANG_WARN_BLOCK_CAPTURE_AUTORELEASING = YES;
				CLANG_WARN_BOOL_CONVERSION = YES;
				CLANG_WARN_COMMA = YES;
				CLANG_WARN_CONSTANT_CONVERSION = YES;
				CLANG_WARN_DEPRECATED_OBJC_IMPLEMENTATIONS = YES;
				CLANG_WARN_DIRECT_OBJC_ISA_USAGE = YES_ERROR;
				CLANG_WARN_DOCUMENTATION_COMMENTS = YES;
				CLANG_WARN_EMPTY_BODY = YES;
				CLANG_WARN_ENUM_CONVERSION = YES;
				CLANG_WARN_INFINITE_RECURSION = YES;
				CLANG_WARN_INT_CONVERSION = YES;
				CLANG_WARN_NON_LITERAL_NULL_CONVERSION = YES;
				CLANG_WARN_OBJC_IMPLICIT_RETAIN_SELF = YES;
				CLANG_WARN_OBJC_LITERAL_CONVERSION = YES;
				CLANG_WARN_OBJC_ROOT_CLASS = YES_ERROR;
				CLANG_WARN_QUOTED_INCLUDE_IN_FRAMEWORK_HEADER = YES;
				CLANG_WARN_RANGE_LOOP_ANALYSIS = YES;
				CLANG_WARN_STRICT_PROTOTYPES = YES;
				CLANG_WARN_SUSPICIOUS_MOVE = YES;
				CLANG_WARN_UNGUARDED_AVAILABILITY = YES_AGGRESSIVE;
				CLANG_WARN_UNREACHABLE_CODE = YES;
				CLANG_WARN__DUPLICATE_METHOD_MATCH = YES;
				COPY_PHASE_STRIP = NO;
				CURRENT_PROJECT_VERSION = 1;
				DEBUG_INFORMATION_FORMAT = "dwarf-with-dsym";
				DEVELOPMENT_TEAM = 24J8Y2KTAV;
				ENABLE_NS_ASSERTIONS = NO;
				ENABLE_STRICT_OBJC_MSGSEND = YES;
				ENABLE_USER_SCRIPT_SANDBOXING = YES;
				GCC_C_LANGUAGE_STANDARD = gnu17;
				GCC_NO_COMMON_BLOCKS = YES;
				GCC_WARN_64_TO_32_BIT_CONVERSION = YES;
				GCC_WARN_ABOUT_RETURN_TYPE = YES_ERROR;
				GCC_WARN_UNDECLARED_SELECTOR = YES;
				GCC_WARN_UNINITIALIZED_AUTOS = YES_AGGRESSIVE;
				GCC_WARN_UNUSED_FUNCTION = YES;
				GCC_WARN_UNUSED_VARIABLE = YES;
				IPHONEOS_DEPLOYMENT_TARGET = 18.4;
				LOCALIZATION_PREFERS_STRING_CATALOGS = YES;
				MTL_ENABLE_DEBUG_INFO = NO;
				MTL_FAST_MATH = YES;
				SDKROOT = iphoneos;
				SWIFT_COMPILATION_MODE = wholemodule;
				VALIDATE_PRODUCT = YES;
				VERSIONING_SYSTEM = "apple-generic";
				VERSION_INFO_PREFIX = "";
			};
			name = Release;
		};
		EC727A372E019243005D9E28 /* Debug */ = {
			isa = XCBuildConfiguration;
			buildSettings = {
				BUILD_LIBRARY_FOR_DISTRIBUTION = NO;
				CODE_SIGN_STYLE = Automatic;
				CURRENT_PROJECT_VERSION = 1;
				DEFINES_MODULE = YES;
				DEVELOPMENT_TEAM = 9QSE66762D;
				DYLIB_COMPATIBILITY_VERSION = 1;
				DYLIB_CURRENT_VERSION = 1;
				DYLIB_INSTALL_NAME_BASE = "@rpath";
				ENABLE_MODULE_VERIFIER = YES;
				GENERATE_INFOPLIST_FILE = YES;
				INFOPLIST_KEY_NSHumanReadableCopyright = "";
				INSTALL_PATH = "$(LOCAL_LIBRARY_DIR)/Frameworks";
				IPHONEOS_DEPLOYMENT_TARGET = 16.0;
				LD_RUNPATH_SEARCH_PATHS = (
					"$(inherited)",
					"@executable_path/Frameworks",
					"@loader_path/Frameworks",
				);
				MARKETING_VERSION = "2.0.0";
				MODULE_VERIFIER_SUPPORTED_LANGUAGES = "objective-c objective-c++";
				MODULE_VERIFIER_SUPPORTED_LANGUAGE_STANDARDS = "gnu17 gnu++20";
				PRODUCT_BUNDLE_IDENTIFIER = com.pingidentity.Journey;
				PRODUCT_NAME = "$(TARGET_NAME:c99extidentifier)";
				SKIP_INSTALL = YES;
				SWIFT_EMIT_LOC_STRINGS = YES;
				SWIFT_INSTALL_MODULE = YES;
				SWIFT_INSTALL_OBJC_HEADER = YES;
				SWIFT_UPCOMING_FEATURE_MEMBER_IMPORT_VISIBILITY = YES;
				SWIFT_VERSION = 6.0;
				TARGETED_DEVICE_FAMILY = "1,2";
			};
			name = Debug;
		};
		EC727A382E019243005D9E28 /* Release */ = {
			isa = XCBuildConfiguration;
			buildSettings = {
				BUILD_LIBRARY_FOR_DISTRIBUTION = NO;
				CODE_SIGN_STYLE = Automatic;
				CURRENT_PROJECT_VERSION = 1;
				DEFINES_MODULE = YES;
				DEVELOPMENT_TEAM = 9QSE66762D;
				DYLIB_COMPATIBILITY_VERSION = 1;
				DYLIB_CURRENT_VERSION = 1;
				DYLIB_INSTALL_NAME_BASE = "@rpath";
				ENABLE_MODULE_VERIFIER = YES;
				GENERATE_INFOPLIST_FILE = YES;
				INFOPLIST_KEY_NSHumanReadableCopyright = "";
				INSTALL_PATH = "$(LOCAL_LIBRARY_DIR)/Frameworks";
				IPHONEOS_DEPLOYMENT_TARGET = 16.0;
				LD_RUNPATH_SEARCH_PATHS = (
					"$(inherited)",
					"@executable_path/Frameworks",
					"@loader_path/Frameworks",
				);
				MARKETING_VERSION = "2.0.0";
				MODULE_VERIFIER_SUPPORTED_LANGUAGES = "objective-c objective-c++";
				MODULE_VERIFIER_SUPPORTED_LANGUAGE_STANDARDS = "gnu17 gnu++20";
				PRODUCT_BUNDLE_IDENTIFIER = com.pingidentity.Journey;
				PRODUCT_NAME = "$(TARGET_NAME:c99extidentifier)";
				SKIP_INSTALL = YES;
				SWIFT_EMIT_LOC_STRINGS = YES;
				SWIFT_INSTALL_MODULE = YES;
				SWIFT_INSTALL_OBJC_HEADER = YES;
				SWIFT_UPCOMING_FEATURE_MEMBER_IMPORT_VISIBILITY = YES;
				SWIFT_VERSION = 6.0;
				TARGETED_DEVICE_FAMILY = "1,2";
			};
			name = Release;
		};
		EC727A3A2E019243005D9E28 /* Debug */ = {
			isa = XCBuildConfiguration;
			buildSettings = {
				CODE_SIGN_STYLE = Automatic;
				CURRENT_PROJECT_VERSION = 1;
				DEVELOPMENT_TEAM = 9QSE66762D;
				GENERATE_INFOPLIST_FILE = YES;
				IPHONEOS_DEPLOYMENT_TARGET = 16.0;
				MARKETING_VERSION = "2.0.0";
				PRODUCT_BUNDLE_IDENTIFIER = com.pingidentity.JourneyTests;
				PRODUCT_NAME = "$(TARGET_NAME)";
				SWIFT_EMIT_LOC_STRINGS = NO;
				SWIFT_VERSION = 6.0;
				TARGETED_DEVICE_FAMILY = "1,2";
				TEST_HOST = "$(BUILT_PRODUCTS_DIR)/PingTestHost.app/PingTestHost";
			};
			name = Debug;
		};
		EC727A3B2E019243005D9E28 /* Release */ = {
			isa = XCBuildConfiguration;
			buildSettings = {
				CODE_SIGN_STYLE = Automatic;
				CURRENT_PROJECT_VERSION = 1;
				DEVELOPMENT_TEAM = 9QSE66762D;
				GENERATE_INFOPLIST_FILE = YES;
				IPHONEOS_DEPLOYMENT_TARGET = 16.0;
				MARKETING_VERSION = "2.0.0";
				PRODUCT_BUNDLE_IDENTIFIER = com.pingidentity.JourneyTests;
				PRODUCT_NAME = "$(TARGET_NAME)";
				SWIFT_EMIT_LOC_STRINGS = NO;
				SWIFT_VERSION = 6.0;
				TARGETED_DEVICE_FAMILY = "1,2";
				TEST_HOST = "$(BUILT_PRODUCTS_DIR)/PingTestHost.app/PingTestHost";
			};
			name = Release;
		};
/* End XCBuildConfiguration section */

/* Begin XCConfigurationList section */
		EC727A1E2E019243005D9E28 /* Build configuration list for PBXProject "Journey" */ = {
			isa = XCConfigurationList;
			buildConfigurations = (
				EC727A342E019243005D9E28 /* Debug */,
				EC727A352E019243005D9E28 /* Release */,
			);
			defaultConfigurationIsVisible = 0;
			defaultConfigurationName = Release;
		};
		EC727A362E019243005D9E28 /* Build configuration list for PBXNativeTarget "PingJourney" */ = {
			isa = XCConfigurationList;
			buildConfigurations = (
				EC727A372E019243005D9E28 /* Debug */,
				EC727A382E019243005D9E28 /* Release */,
			);
			defaultConfigurationIsVisible = 0;
			defaultConfigurationName = Release;
		};
		EC727A392E019243005D9E28 /* Build configuration list for PBXNativeTarget "JourneyTests" */ = {
			isa = XCConfigurationList;
			buildConfigurations = (
				EC727A3A2E019243005D9E28 /* Debug */,
				EC727A3B2E019243005D9E28 /* Release */,
			);
			defaultConfigurationIsVisible = 0;
			defaultConfigurationName = Release;
		};
/* End XCConfigurationList section */
	};
	rootObject = EC727A1B2E019243005D9E28 /* Project object */;
}
