// !$*UTF8*$!
{
	archiveVersion = 1;
	classes = {
	};
	objectVersion = 77;
	objects = {

/* Begin PBXBuildFile section */
		A525E7A82DD7640400B02C17 /* PingExternalIdP.framework in Frameworks */ = {isa = PBXBuildFile; fileRef = A525E7A72DD7640400B02C17 /* PingExternalIdP.framework */; };
		A525E7A92DD7640400B02C17 /* PingExternalIdP.framework in Embed Frameworks */ = {isa = PBXBuildFile; fileRef = A525E7A72DD7640400B02C17 /* PingExternalIdP.framework */; settings = {ATTRIBUTES = (CodeSignOnCopy, RemoveHeadersOnCopy, ); }; };
		EC5016422E43A735006D8C3A /* AppleHandler.swift in Sources */ = {isa = PBXBuildFile; fileRef = EC5016412E43A731006D8C3A /* AppleHandler.swift */; };
		EC5016452E43A853006D8C3A /* SIWAHelpers.swift in Sources */ = {isa = PBXBuildFile; fileRef = EC5016442E43A847006D8C3A /* SIWAHelpers.swift */; };
		ECA7A2AD2DC24BC60011E59C /* PingExternalIdPApple.framework in Frameworks */ = {isa = PBXBuildFile; fileRef = ECA7A2A32DC24BC60011E59C /* PingExternalIdPApple.framework */; };
		ECA7A2CB2DC24C580011E59C /* ExternalIdPAppleTests.swift in Sources */ = {isa = PBXBuildFile; fileRef = ECA7A2C92DC24C580011E59C /* ExternalIdPAppleTests.swift */; };
		ECA7A2D22DC24C7D0011E59C /* ExternalIdPApple.h in Headers */ = {isa = PBXBuildFile; fileRef = ECA7A2D12DC24C7D0011E59C /* ExternalIdPApple.h */; };
		ECA7A2D42DC24CA00011E59C /* AppleRequestHandler.swift in Sources */ = {isa = PBXBuildFile; fileRef = ECA7A2D32DC24CA00011E59C /* AppleRequestHandler.swift */; };
		ECA7A2D72DC24CB80011E59C /* PrivacyInfo.xcprivacy in Resources */ = {isa = PBXBuildFile; fileRef = ECA7A2D62DC24CB80011E59C /* PrivacyInfo.xcprivacy */; };
/* End PBXBuildFile section */

/* Begin PBXContainerItemProxy section */
		ECA7A2AE2DC24BC60011E59C /* PBXContainerItemProxy */ = {
			isa = PBXContainerItemProxy;
			containerPortal = ECA7A29A2DC24BC60011E59C /* Project object */;
			proxyType = 1;
			remoteGlobalIDString = ECA7A2A22DC24BC60011E59C;
			remoteInfo = "External-idp-Apple";
		};
/* End PBXContainerItemProxy section */

/* Begin PBXCopyFilesBuildPhase section */
		A525E7AA2DD7640400B02C17 /* Embed Frameworks */ = {
			isa = PBXCopyFilesBuildPhase;
			buildActionMask = 2147483647;
			dstPath = "";
			dstSubfolderSpec = 10;
			files = (
				A525E7A92DD7640400B02C17 /* PingExternalIdP.framework in Embed Frameworks */,
			);
			name = "Embed Frameworks";
			runOnlyForDeploymentPostprocessing = 0;
		};
/* End PBXCopyFilesBuildPhase section */

/* Begin PBXFileReference section */
		A525E7A72DD7640400B02C17 /* PingExternalIdP.framework */ = {isa = PBXFileReference; explicitFileType = wrapper.framework; path = PingExternalIdP.framework; sourceTree = BUILT_PRODUCTS_DIR; };
		A53A9B512F198448000E2F2C /* README.md */ = {isa = PBXFileReference; lastKnownFileType = net.daringfireball.markdown; path = README.md; sourceTree = "<group>"; };
		EC5016412E43A731006D8C3A /* AppleHandler.swift */ = {isa = PBXFileReference; lastKnownFileType = sourcecode.swift; path = AppleHandler.swift; sourceTree = "<group>"; };
		EC5016442E43A847006D8C3A /* SIWAHelpers.swift */ = {isa = PBXFileReference; lastKnownFileType = sourcecode.swift; path = SIWAHelpers.swift; sourceTree = "<group>"; };
		ECA7A2A32DC24BC60011E59C /* PingExternalIdPApple.framework */ = {isa = PBXFileReference; explicitFileType = wrapper.framework; includeInIndex = 0; path = PingExternalIdPApple.framework; sourceTree = BUILT_PRODUCTS_DIR; };
		ECA7A2AC2DC24BC60011E59C /* ExternalIdPAppleTests.xctest */ = {isa = PBXFileReference; explicitFileType = wrapper.cfbundle; includeInIndex = 0; path = ExternalIdPAppleTests.xctest; sourceTree = BUILT_PRODUCTS_DIR; };
		ECA7A2C92DC24C580011E59C /* ExternalIdPAppleTests.swift */ = {isa = PBXFileReference; lastKnownFileType = sourcecode.swift; path = ExternalIdPAppleTests.swift; sourceTree = "<group>"; };
		ECA7A2D12DC24C7D0011E59C /* ExternalIdPApple.h */ = {isa = PBXFileReference; lastKnownFileType = sourcecode.c.h; path = ExternalIdPApple.h; sourceTree = "<group>"; };
		ECA7A2D32DC24CA00011E59C /* AppleRequestHandler.swift */ = {isa = PBXFileReference; lastKnownFileType = sourcecode.swift; path = AppleRequestHandler.swift; sourceTree = "<group>"; };
		ECA7A2D62DC24CB80011E59C /* PrivacyInfo.xcprivacy */ = {isa = PBXFileReference; lastKnownFileType = text.xml; path = PrivacyInfo.xcprivacy; sourceTree = "<group>"; };
/* End PBXFileReference section */

/* Begin PBXFrameworksBuildPhase section */
		ECA7A2A02DC24BC60011E59C /* Frameworks */ = {
			isa = PBXFrameworksBuildPhase;
			buildActionMask = 2147483647;
			files = (
				A525E7A82DD7640400B02C17 /* PingExternalIdP.framework in Frameworks */,
			);
			runOnlyForDeploymentPostprocessing = 0;
		};
		ECA7A2A92DC24BC60011E59C /* Frameworks */ = {
			isa = PBXFrameworksBuildPhase;
			buildActionMask = 2147483647;
			files = (
				ECA7A2AD2DC24BC60011E59C /* PingExternalIdPApple.framework in Frameworks */,
			);
			runOnlyForDeploymentPostprocessing = 0;
		};
/* End PBXFrameworksBuildPhase section */

/* Begin PBXGroup section */
		EC5016432E43A82C006D8C3A /* Helpers */ = {
			isa = PBXGroup;
			children = (
				EC5016442E43A847006D8C3A /* SIWAHelpers.swift */,
			);
			path = Helpers;
			sourceTree = "<group>";
		};
		ECA7A2992DC24BC60011E59C = {
			isa = PBXGroup;
			children = (
				A53A9B512F198448000E2F2C /* README.md */,
				ECA7A2C72DC24C540011E59C /* ExternalIdPApple */,
				ECA7A2CA2DC24C580011E59C /* ExternalIdPAppleTests */,
				ECA7A2CC2DC24C5F0011E59C /* Frameworks */,
				ECA7A2A42DC24BC60011E59C /* Products */,
			);
			sourceTree = "<group>";
		};
		ECA7A2A42DC24BC60011E59C /* Products */ = {
			isa = PBXGroup;
			children = (
				ECA7A2A32DC24BC60011E59C /* PingExternalIdPApple.framework */,
				ECA7A2AC2DC24BC60011E59C /* ExternalIdPAppleTests.xctest */,
			);
			name = Products;
			sourceTree = "<group>";
		};
		ECA7A2C72DC24C540011E59C /* ExternalIdPApple */ = {
			isa = PBXGroup;
			children = (
				ECA7A2D62DC24CB80011E59C /* PrivacyInfo.xcprivacy */,
				ECA7A2D12DC24C7D0011E59C /* ExternalIdPApple.h */,
				EC5016432E43A82C006D8C3A /* Helpers */,
				ECA7A2D52DC24CA50011E59C /* Handlers */,
			);
			path = ExternalIdPApple;
			sourceTree = "<group>";
		};
		ECA7A2CA2DC24C580011E59C /* ExternalIdPAppleTests */ = {
			isa = PBXGroup;
			children = (
				ECA7A2C92DC24C580011E59C /* ExternalIdPAppleTests.swift */,
			);
			path = ExternalIdPAppleTests;
			sourceTree = "<group>";
		};
		ECA7A2CC2DC24C5F0011E59C /* Frameworks */ = {
			isa = PBXGroup;
			children = (
				A525E7A72DD7640400B02C17 /* PingExternalIdP.framework */,
			);
			name = Frameworks;
			sourceTree = "<group>";
		};
		ECA7A2D52DC24CA50011E59C /* Handlers */ = {
			isa = PBXGroup;
			children = (
				ECA7A2D32DC24CA00011E59C /* AppleRequestHandler.swift */,
				EC5016412E43A731006D8C3A /* AppleHandler.swift */,
			);
			path = Handlers;
			sourceTree = "<group>";
		};
/* End PBXGroup section */

/* Begin PBXHeadersBuildPhase section */
		ECA7A29E2DC24BC60011E59C /* Headers */ = {
			isa = PBXHeadersBuildPhase;
			buildActionMask = 2147483647;
			files = (
				ECA7A2D22DC24C7D0011E59C /* ExternalIdPApple.h in Headers */,
			);
			runOnlyForDeploymentPostprocessing = 0;
		};
/* End PBXHeadersBuildPhase section */

/* Begin PBXNativeTarget section */
		ECA7A2A22DC24BC60011E59C /* PingExternalIdPApple */ = {
			isa = PBXNativeTarget;
			buildConfigurationList = ECA7A2B52DC24BC60011E59C /* Build configuration list for PBXNativeTarget "PingExternalIdPApple" */;
			buildPhases = (
				ECA7A29E2DC24BC60011E59C /* Headers */,
				ECA7A29F2DC24BC60011E59C /* Sources */,
				ECA7A2A02DC24BC60011E59C /* Frameworks */,
				ECA7A2A12DC24BC60011E59C /* Resources */,
				A525E7AA2DD7640400B02C17 /* Embed Frameworks */,
			);
			buildRules = (
			);
			dependencies = (
			);
			name = PingExternalIdPApple;
			packageProductDependencies = (
			);
			productName = "External-idp-Apple";
			productReference = ECA7A2A32DC24BC60011E59C /* PingExternalIdPApple.framework */;
			productType = "com.apple.product-type.framework";
		};
		ECA7A2AB2DC24BC60011E59C /* ExternalIdPAppleTests */ = {
			isa = PBXNativeTarget;
			buildConfigurationList = ECA7A2B82DC24BC60011E59C /* Build configuration list for PBXNativeTarget "ExternalIdPAppleTests" */;
			buildPhases = (
				ECA7A2A82DC24BC60011E59C /* Sources */,
				ECA7A2A92DC24BC60011E59C /* Frameworks */,
				ECA7A2AA2DC24BC60011E59C /* Resources */,
			);
			buildRules = (
			);
			dependencies = (
				ECA7A2AF2DC24BC60011E59C /* PBXTargetDependency */,
			);
			name = ExternalIdPAppleTests;
			packageProductDependencies = (
			);
			productName = "External-idp-AppleTests";
			productReference = ECA7A2AC2DC24BC60011E59C /* ExternalIdPAppleTests.xctest */;
			productType = "com.apple.product-type.bundle.unit-test";
		};
/* End PBXNativeTarget section */

/* Begin PBXProject section */
		ECA7A29A2DC24BC60011E59C /* Project object */ = {
			isa = PBXProject;
			attributes = {
				BuildIndependentTargetsInParallel = 1;
				LastSwiftUpdateCheck = 1630;
				LastUpgradeCheck = 1630;
				TargetAttributes = {
					ECA7A2A22DC24BC60011E59C = {
						CreatedOnToolsVersion = 16.3;
					};
					ECA7A2AB2DC24BC60011E59C = {
						CreatedOnToolsVersion = 16.3;
					};
				};
			};
			buildConfigurationList = ECA7A29D2DC24BC60011E59C /* Build configuration list for PBXProject "ExternalIdPApple" */;
			developmentRegion = en;
			hasScannedForEncodings = 0;
			knownRegions = (
				en,
				Base,
			);
			mainGroup = ECA7A2992DC24BC60011E59C;
			minimizedProjectReferenceProxies = 1;
			preferredProjectObjectVersion = 77;
			productRefGroup = ECA7A2A42DC24BC60011E59C /* Products */;
			projectDirPath = "";
			projectRoot = "";
			targets = (
				ECA7A2A22DC24BC60011E59C /* PingExternalIdPApple */,
				ECA7A2AB2DC24BC60011E59C /* ExternalIdPAppleTests */,
			);
		};
/* End PBXProject section */

/* Begin PBXResourcesBuildPhase section */
		ECA7A2A12DC24BC60011E59C /* Resources */ = {
			isa = PBXResourcesBuildPhase;
			buildActionMask = 2147483647;
			files = (
				ECA7A2D72DC24CB80011E59C /* PrivacyInfo.xcprivacy in Resources */,
			);
			runOnlyForDeploymentPostprocessing = 0;
		};
		ECA7A2AA2DC24BC60011E59C /* Resources */ = {
			isa = PBXResourcesBuildPhase;
			buildActionMask = 2147483647;
			files = (
			);
			runOnlyForDeploymentPostprocessing = 0;
		};
/* End PBXResourcesBuildPhase section */

/* Begin PBXSourcesBuildPhase section */
		ECA7A29F2DC24BC60011E59C /* Sources */ = {
			isa = PBXSourcesBuildPhase;
			buildActionMask = 2147483647;
			files = (
				EC5016452E43A853006D8C3A /* SIWAHelpers.swift in Sources */,
				ECA7A2D42DC24CA00011E59C /* AppleRequestHandler.swift in Sources */,
				EC5016422E43A735006D8C3A /* AppleHandler.swift in Sources */,
			);
			runOnlyForDeploymentPostprocessing = 0;
		};
		ECA7A2A82DC24BC60011E59C /* Sources */ = {
			isa = PBXSourcesBuildPhase;
			buildActionMask = 2147483647;
			files = (
				ECA7A2CB2DC24C580011E59C /* ExternalIdPAppleTests.swift in Sources */,
			);
			runOnlyForDeploymentPostprocessing = 0;
		};
/* End PBXSourcesBuildPhase section */

/* Begin PBXTargetDependency section */
		ECA7A2AF2DC24BC60011E59C /* PBXTargetDependency */ = {
			isa = PBXTargetDependency;
			target = ECA7A2A22DC24BC60011E59C /* PingExternalIdPApple */;
			targetProxy = ECA7A2AE2DC24BC60011E59C /* PBXContainerItemProxy */;
		};
/* End PBXTargetDependency section */

/* Begin XCBuildConfiguration section */
		ECA7A2B32DC24BC60011E59C /* Debug */ = {
			isa = XCBuildConfiguration;
			buildSettings = {
				ALWAYS_SEARCH_USER_PATHS = NO;
				ASSETCATALOG_COMPILER_GENERATE_SWIFT_ASSET_SYMBOL_EXTENSIONS = YES;
				CLANG_ANALYZER_NONNULL = YES;
				CLANG_ANALYZER_NUMBER_OBJECT_CONVERSION = YES_AGGRESSIVE;
				CLANG_CXX_LANGUAGE_STANDARD = "gnu++20";
				CLANG_ENABLE_MODULES = YES;
				CLANG_ENABLE_OBJC_ARC = YES;
				CLANG_ENABLE_OBJC_WEAK = YES;
				CLANG_WARN_BLOCK_CAPTURE_AUTORELEASING = YES;
				CLANG_WARN_BOOL_CONVERSION = YES;
				CLANG_WARN_COMMA = YES;
				CLANG_WARN_CONSTANT_CONVERSION = YES;
				CLANG_WARN_DEPRECATED_OBJC_IMPLEMENTATIONS = YES;
				CLANG_WARN_DIRECT_OBJC_ISA_USAGE = YES_ERROR;
				CLANG_WARN_DOCUMENTATION_COMMENTS = YES;
				CLANG_WARN_EMPTY_BODY = YES;
				CLANG_WARN_ENUM_CONVERSION = YES;
				CLANG_WARN_INFINITE_RECURSION = YES;
				CLANG_WARN_INT_CONVERSION = YES;
				CLANG_WARN_NON_LITERAL_NULL_CONVERSION = YES;
				CLANG_WARN_OBJC_IMPLICIT_RETAIN_SELF = YES;
				CLANG_WARN_OBJC_LITERAL_CONVERSION = YES;
				CLANG_WARN_OBJC_ROOT_CLASS = YES_ERROR;
				CLANG_WARN_QUOTED_INCLUDE_IN_FRAMEWORK_HEADER = YES;
				CLANG_WARN_RANGE_LOOP_ANALYSIS = YES;
				CLANG_WARN_STRICT_PROTOTYPES = YES;
				CLANG_WARN_SUSPICIOUS_MOVE = YES;
				CLANG_WARN_UNGUARDED_AVAILABILITY = YES_AGGRESSIVE;
				CLANG_WARN_UNREACHABLE_CODE = YES;
				CLANG_WARN__DUPLICATE_METHOD_MATCH = YES;
				COPY_PHASE_STRIP = NO;
				CURRENT_PROJECT_VERSION = 1;
				DEBUG_INFORMATION_FORMAT = dwarf;
				DEVELOPMENT_TEAM = 24J8Y2KTAV;
				ENABLE_STRICT_OBJC_MSGSEND = YES;
				ENABLE_TESTABILITY = YES;
				ENABLE_USER_SCRIPT_SANDBOXING = YES;
				GCC_C_LANGUAGE_STANDARD = gnu17;
				GCC_DYNAMIC_NO_PIC = NO;
				GCC_NO_COMMON_BLOCKS = YES;
				GCC_OPTIMIZATION_LEVEL = 0;
				GCC_PREPROCESSOR_DEFINITIONS = (
					"DEBUG=1",
					"$(inherited)",
				);
				GCC_WARN_64_TO_32_BIT_CONVERSION = YES;
				GCC_WARN_ABOUT_RETURN_TYPE = YES_ERROR;
				GCC_WARN_UNDECLARED_SELECTOR = YES;
				GCC_WARN_UNINITIALIZED_AUTOS = YES_AGGRESSIVE;
				GCC_WARN_UNUSED_FUNCTION = YES;
				GCC_WARN_UNUSED_VARIABLE = YES;
				IPHONEOS_DEPLOYMENT_TARGET = 18.4;
				LOCALIZATION_PREFERS_STRING_CATALOGS = YES;
				MTL_ENABLE_DEBUG_INFO = INCLUDE_SOURCE;
				MTL_FAST_MATH = YES;
				ONLY_ACTIVE_ARCH = YES;
				SDKROOT = iphoneos;
				SWIFT_ACTIVE_COMPILATION_CONDITIONS = "DEBUG $(inherited)";
				SWIFT_OPTIMIZATION_LEVEL = "-Onone";
				VERSIONING_SYSTEM = "apple-generic";
				VERSION_INFO_PREFIX = "";
			};
			name = Debug;
		};
		ECA7A2B42DC24BC60011E59C /* Release */ = {
			isa = XCBuildConfiguration;
			buildSettings = {
				ALWAYS_SEARCH_USER_PATHS = NO;
				ASSETCATALOG_COMPILER_GENERATE_SWIFT_ASSET_SYMBOL_EXTENSIONS = YES;
				CLANG_ANALYZER_NONNULL = YES;
				CLANG_ANALYZER_NUMBER_OBJECT_CONVERSION = YES_AGGRESSIVE;
				CLANG_CXX_LANGUAGE_STANDARD = "gnu++20";
				CLANG_ENABLE_MODULES = YES;
				CLANG_ENABLE_OBJC_ARC = YES;
				CLANG_ENABLE_OBJC_WEAK = YES;
				CLANG_WARN_BLOCK_CAPTURE_AUTORELEASING = YES;
				CLANG_WARN_BOOL_CONVERSION = YES;
				CLANG_WARN_COMMA = YES;
				CLANG_WARN_CONSTANT_CONVERSION = YES;
				CLANG_WARN_DEPRECATED_OBJC_IMPLEMENTATIONS = YES;
				CLANG_WARN_DIRECT_OBJC_ISA_USAGE = YES_ERROR;
				CLANG_WARN_DOCUMENTATION_COMMENTS = YES;
				CLANG_WARN_EMPTY_BODY = YES;
				CLANG_WARN_ENUM_CONVERSION = YES;
				CLANG_WARN_INFINITE_RECURSION = YES;
				CLANG_WARN_INT_CONVERSION = YES;
				CLANG_WARN_NON_LITERAL_NULL_CONVERSION = YES;
				CLANG_WARN_OBJC_IMPLICIT_RETAIN_SELF = YES;
				CLANG_WARN_OBJC_LITERAL_CONVERSION = YES;
				CLANG_WARN_OBJC_ROOT_CLASS = YES_ERROR;
				CLANG_WARN_QUOTED_INCLUDE_IN_FRAMEWORK_HEADER = YES;
				CLANG_WARN_RANGE_LOOP_ANALYSIS = YES;
				CLANG_WARN_STRICT_PROTOTYPES = YES;
				CLANG_WARN_SUSPICIOUS_MOVE = YES;
				CLANG_WARN_UNGUARDED_AVAILABILITY = YES_AGGRESSIVE;
				CLANG_WARN_UNREACHABLE_CODE = YES;
				CLANG_WARN__DUPLICATE_METHOD_MATCH = YES;
				COPY_PHASE_STRIP = NO;
				CURRENT_PROJECT_VERSION = 1;
				DEBUG_INFORMATION_FORMAT = "dwarf-with-dsym";
				DEVELOPMENT_TEAM = 24J8Y2KTAV;
				ENABLE_NS_ASSERTIONS = NO;
				ENABLE_STRICT_OBJC_MSGSEND = YES;
				ENABLE_USER_SCRIPT_SANDBOXING = YES;
				GCC_C_LANGUAGE_STANDARD = gnu17;
				GCC_NO_COMMON_BLOCKS = YES;
				GCC_WARN_64_TO_32_BIT_CONVERSION = YES;
				GCC_WARN_ABOUT_RETURN_TYPE = YES_ERROR;
				GCC_WARN_UNDECLARED_SELECTOR = YES;
				GCC_WARN_UNINITIALIZED_AUTOS = YES_AGGRESSIVE;
				GCC_WARN_UNUSED_FUNCTION = YES;
				GCC_WARN_UNUSED_VARIABLE = YES;
				IPHONEOS_DEPLOYMENT_TARGET = 18.4;
				LOCALIZATION_PREFERS_STRING_CATALOGS = YES;
				MTL_ENABLE_DEBUG_INFO = NO;
				MTL_FAST_MATH = YES;
				SDKROOT = iphoneos;
				SWIFT_COMPILATION_MODE = wholemodule;
				VALIDATE_PRODUCT = YES;
				VERSIONING_SYSTEM = "apple-generic";
				VERSION_INFO_PREFIX = "";
			};
			name = Release;
		};
		ECA7A2B62DC24BC60011E59C /* Debug */ = {
			isa = XCBuildConfiguration;
			buildSettings = {
				BUILD_LIBRARY_FOR_DISTRIBUTION = NO;
				CODE_SIGN_STYLE = Automatic;
				CURRENT_PROJECT_VERSION = 1;
				DEVELOPMENT_TEAM = 9QSE66762D;
				DYLIB_COMPATIBILITY_VERSION = 1;
				DYLIB_CURRENT_VERSION = 1;
				DYLIB_INSTALL_NAME_BASE = "@rpath";
				ENABLE_MODULE_VERIFIER = YES;
				GENERATE_INFOPLIST_FILE = YES;
				INFOPLIST_KEY_NSHumanReadableCopyright = "";
				INSTALL_PATH = "$(LOCAL_LIBRARY_DIR)/Frameworks";
				IPHONEOS_DEPLOYMENT_TARGET = 16.0;
				LD_RUNPATH_SEARCH_PATHS = (
					"$(inherited)",
					"@executable_path/Frameworks",
					"@loader_path/Frameworks",
				);
				MARKETING_VERSION = "2.0.0";
				MODULE_VERIFIER_SUPPORTED_LANGUAGES = "objective-c objective-c++";
				MODULE_VERIFIER_SUPPORTED_LANGUAGE_STANDARDS = "gnu17 gnu++20";
				PRODUCT_BUNDLE_IDENTIFIER = com.pingidentity.ExternalIdPApple;
				PRODUCT_NAME = "$(TARGET_NAME:c99extidentifier)";
				SKIP_INSTALL = YES;
				SWIFT_EMIT_LOC_STRINGS = YES;
				SWIFT_INSTALL_MODULE = YES;
				SWIFT_INSTALL_OBJC_HEADER = NO;
				SWIFT_VERSION = 6.0;
				TARGETED_DEVICE_FAMILY = "1,2";
			};
			name = Debug;
		};
		ECA7A2B72DC24BC60011E59C /* Release */ = {
			isa = XCBuildConfiguration;
			buildSettings = {
				BUILD_LIBRARY_FOR_DISTRIBUTION = NO;
				CODE_SIGN_STYLE = Automatic;
				CURRENT_PROJECT_VERSION = 1;
				DEVELOPMENT_TEAM = 9QSE66762D;
				DYLIB_COMPATIBILITY_VERSION = 1;
				DYLIB_CURRENT_VERSION = 1;
				DYLIB_INSTALL_NAME_BASE = "@rpath";
				ENABLE_MODULE_VERIFIER = YES;
				GENERATE_INFOPLIST_FILE = YES;
				INFOPLIST_KEY_NSHumanReadableCopyright = "";
				INSTALL_PATH = "$(LOCAL_LIBRARY_DIR)/Frameworks";
				IPHONEOS_DEPLOYMENT_TARGET = 16.0;
				LD_RUNPATH_SEARCH_PATHS = (
					"$(inherited)",
					"@executable_path/Frameworks",
					"@loader_path/Frameworks",
				);
				MARKETING_VERSION = "2.0.0";
				MODULE_VERIFIER_SUPPORTED_LANGUAGES = "objective-c objective-c++";
				MODULE_VERIFIER_SUPPORTED_LANGUAGE_STANDARDS = "gnu17 gnu++20";
				PRODUCT_BUNDLE_IDENTIFIER = com.pingidentity.ExternalIdPApple;
				PRODUCT_NAME = "$(TARGET_NAME:c99extidentifier)";
				SKIP_INSTALL = YES;
				SWIFT_EMIT_LOC_STRINGS = YES;
				SWIFT_INSTALL_MODULE = YES;
				SWIFT_INSTALL_OBJC_HEADER = NO;
				SWIFT_VERSION = 6.0;
				TARGETED_DEVICE_FAMILY = "1,2";
			};
			name = Release;
		};
		ECA7A2B92DC24BC60011E59C /* Debug */ = {
			isa = XCBuildConfiguration;
			buildSettings = {
				CODE_SIGN_STYLE = Automatic;
				CURRENT_PROJECT_VERSION = 1;
				DEVELOPMENT_TEAM = 9QSE66762D;
				GENERATE_INFOPLIST_FILE = YES;
				IPHONEOS_DEPLOYMENT_TARGET = 16.0;
				MARKETING_VERSION = "2.0.0";
				PRODUCT_BUNDLE_IDENTIFIER = com.pingidentity.ExternalIdPAppleTests;
				PRODUCT_NAME = "$(TARGET_NAME)";
				SWIFT_EMIT_LOC_STRINGS = NO;
				SWIFT_VERSION = 6.0;
				TARGETED_DEVICE_FAMILY = "1,2";
				TEST_HOST = "$(BUILT_PRODUCTS_DIR)/PingTestHost.app/PingTestHost";
			};
			name = Debug;
		};
		ECA7A2BA2DC24BC60011E59C /* Release */ = {
			isa = XCBuildConfiguration;
			buildSettings = {
				CODE_SIGN_STYLE = Automatic;
				CURRENT_PROJECT_VERSION = 1;
				DEVELOPMENT_TEAM = 9QSE66762D;
				GENERATE_INFOPLIST_FILE = YES;
				IPHONEOS_DEPLOYMENT_TARGET = 16.0;
				MARKETING_VERSION = "2.0.0";
				PRODUCT_BUNDLE_IDENTIFIER = com.pingidentity.ExternalIdPAppleTests;
				PRODUCT_NAME = "$(TARGET_NAME)";
				SWIFT_EMIT_LOC_STRINGS = NO;
				SWIFT_VERSION = 6.0;
				TARGETED_DEVICE_FAMILY = "1,2";
				TEST_HOST = "$(BUILT_PRODUCTS_DIR)/PingTestHost.app/PingTestHost";
			};
			name = Release;
		};
/* End XCBuildConfiguration section */

/* Begin XCConfigurationList section */
		ECA7A29D2DC24BC60011E59C /* Build configuration list for PBXProject "ExternalIdPApple" */ = {
			isa = XCConfigurationList;
			buildConfigurations = (
				ECA7A2B32DC24BC60011E59C /* Debug */,
				ECA7A2B42DC24BC60011E59C /* Release */,
			);
			defaultConfigurationIsVisible = 0;
			defaultConfigurationName = Release;
		};
		ECA7A2B52DC24BC60011E59C /* Build configuration list for PBXNativeTarget "PingExternalIdPApple" */ = {
			isa = XCConfigurationList;
			buildConfigurations = (
				ECA7A2B62DC24BC60011E59C /* Debug */,
				ECA7A2B72DC24BC60011E59C /* Release */,
			);
			defaultConfigurationIsVisible = 0;
			defaultConfigurationName = Release;
		};
		ECA7A2B82DC24BC60011E59C /* Build configuration list for PBXNativeTarget "ExternalIdPAppleTests" */ = {
			isa = XCConfigurationList;
			buildConfigurations = (
				ECA7A2B92DC24BC60011E59C /* Debug */,
				ECA7A2BA2DC24BC60011E59C /* Release */,
			);
			defaultConfigurationIsVisible = 0;
			defaultConfigurationName = Release;
		};
/* End XCConfigurationList section */
	};
	rootObject = ECA7A29A2DC24BC60011E59C /* Project object */;
}
